<?xml version="1.0" encoding="utf-8"?>
<Project ToolsVersion="4.0" xmlns="http://schemas.microsoft.com/developer/msbuild/2003">
  <ItemGroup>
    <Filter Include="resources">
      <UniqueIdentifier>{bc0d9b2a-cb49-4f38-a000-d7e6949024a5}</UniqueIdentifier>
    </Filter>
    <Filter Include="Header Files">
      <UniqueIdentifier>{a1945085-e51f-4fa2-a86a-02003ab27dce}</UniqueIdentifier>
      <Extensions>h;hpp;hxx;hm;inl</Extensions>
    </Filter>
    <Filter Include="Source Files">
      <UniqueIdentifier>{e7d613b2-bb28-451b-b643-9ef8081e6a3b}</UniqueIdentifier>
      <Extensions>cpp;c;cxx;rc;def;r;odl;idl;hpj;bat</Extensions>
    </Filter>
  </ItemGroup>
  <ItemGroup>
    <None Include="wx\msw\blank.cur">
      <Filter>resources</Filter>
    </None>
    <None Include="wx\msw\bullseye.cur">
      <Filter>resources</Filter>
    </None>
    <None Include="wx\msw\hand.cur">
      <Filter>resources</Filter>
    </None>
    <None Include="wx\msw\magnif1.cur">
      <Filter>resources</Filter>
    </None>
    <None Include="wx\msw\noentry.cur">
      <Filter>resources</Filter>
    </None>
    <None Include="wx\msw\pbrush.cur">
      <Filter>resources</Filter>
    </None>
    <None Include="wx\msw\pencil.cur">
      <Filter>resources</Filter>
    </None>
    <None Include="wx\msw\pntleft.cur">
      <Filter>resources</Filter>
    </None>
    <None Include="wx\msw\pntright.cur">
      <Filter>resources</Filter>
    </None>
    <None Include="wx\msw\query.cur">
      <Filter>resources</Filter>
    </None>
    <None Include="wx\msw\rightarr.cur">
      <Filter>resources</Filter>
    </None>
    <None Include="wx\msw\roller.cur">
      <Filter>resources</Filter>
    </None>
    <None Include="wx\msw\size.cur">
      <Filter>resources</Filter>
    </None>
    <None Include="wx\msw\watch1.cur">
      <Filter>resources</Filter>
    </None>
  </ItemGroup>
  <ItemGroup>
    <Image Include="wx\msw\cdrom.ico">
      <Filter>resources</Filter>
    </Image>
    <Image Include="wx\msw\colours.bmp">
      <Filter>resources</Filter>
    </Image>
    <Image Include="wx\msw\computer.ico">
      <Filter>resources</Filter>
    </Image>
    <Image Include="wx\msw\csquery.bmp">
      <Filter>resources</Filter>
    </Image>
    <Image Include="wx\msw\disable.bmp">
      <Filter>resources</Filter>
    </Image>
    <Image Include="wx\msw\drive.ico">
      <Filter>resources</Filter>
    </Image>
    <Image Include="wx\msw\file1.ico">
      <Filter>resources</Filter>
    </Image>
    <Image Include="wx\msw\floppy.ico">
      <Filter>resources</Filter>
    </Image>
    <Image Include="wx\msw\folder1.ico">
      <Filter>resources</Filter>
    </Image>
    <Image Include="wx\msw\folder2.ico">
      <Filter>resources</Filter>
    </Image>
    <Image Include="wx\msw\removble.ico">
      <Filter>resources</Filter>
    </Image>
  </ItemGroup>
  <ItemGroup>
    <ClInclude Include="..\..\common\actioncodes.h">
      <Filter>Header Files</Filter>
    </ClInclude>
    <ClInclude Include="..\..\common\canal.h">
      <Filter>Header Files</Filter>
    </ClInclude>
    <ClInclude Include="..\..\common\canal_macro.h">
      <Filter>Header Files</Filter>
    </ClInclude>
    <ClInclude Include="..\..\common\canal_win32_ipc.h">
      <Filter>Header Files</Filter>
    </ClInclude>
    <ClInclude Include="..\..\common\canaldlldef.h">
      <Filter>Header Files</Filter>
    </ClInclude>
    <ClInclude Include="..\..\common\clientlist.h">
      <Filter>Header Files</Filter>
    </ClInclude>
    <ClInclude Include="..\..\common\controlobject.h">
      <Filter>Header Files</Filter>
    </ClInclude>
    <ClInclude Include="..\..\..\common\crc.h">
      <Filter>Header Files</Filter>
    </ClInclude>
    <ClInclude Include="..\..\common\daemonvscp.h">
      <Filter>Header Files</Filter>
    </ClInclude>
    <ClInclude Include="..\..\common\devicelist.h">
      <Filter>Header Files</Filter>
    </ClInclude>
    <ClInclude Include="..\..\common\devicethread.h">
      <Filter>Header Files</Filter>
    </ClInclude>
    <ClInclude Include="..\..\..\common\dllist.h">
      <Filter>Header Files</Filter>
    </ClInclude>
    <ClInclude Include="..\..\common\dm.h">
      <Filter>Header Files</Filter>
    </ClInclude>
    <ClInclude Include="..\..\common\interfacelist.h">
      <Filter>Header Files</Filter>
    </ClInclude>
    <ClInclude Include="..\..\..\common\md5.h">
      <Filter>Header Files</Filter>
    </ClInclude>
    <ClInclude Include="resource.h">
      <Filter>Header Files</Filter>
    </ClInclude>
    <ClInclude Include="..\..\common\tcpipclientthread.h">
      <Filter>Header Files</Filter>
    </ClInclude>
    <ClInclude Include="..\..\common\udpthread.h">
      <Filter>Header Files</Filter>
    </ClInclude>
    <ClInclude Include="..\..\common\userlist.h">
      <Filter>Header Files</Filter>
    </ClInclude>
    <ClInclude Include="..\..\common\variablecodes.h">
      <Filter>Header Files</Filter>
    </ClInclude>
    <ClInclude Include="..\..\common\version.h">
      <Filter>Header Files</Filter>
    </ClInclude>
    <ClInclude Include="..\..\common\vscp.h">
      <Filter>Header Files</Filter>
    </ClInclude>
    <ClInclude Include="..\..\common\vscp_class.h">
      <Filter>Header Files</Filter>
    </ClInclude>
    <ClInclude Include="..\..\common\vscp_type.h">
      <Filter>Header Files</Filter>
    </ClInclude>
    <ClInclude Include="vscpd.h">
      <Filter>Header Files</Filter>
    </ClInclude>
    <ClInclude Include="..\..\common\vscphelper.h">
      <Filter>Header Files</Filter>
    </ClInclude>
    <ClInclude Include="..\..\common\vscpvariable.h">
      <Filter>Header Files</Filter>
    </ClInclude>
  </ItemGroup>
  <ItemGroup>
    <ClCompile Include="..\..\common\clientlist.cpp">
      <Filter>Source Files</Filter>
    </ClCompile>
    <ClCompile Include="..\..\common\controlobject.cpp">
      <Filter>Source Files</Filter>
    </ClCompile>
    <ClCompile Include="..\..\..\common\crc.c">
      <Filter>Source Files</Filter>
    </ClCompile>
    <ClCompile Include="..\..\common\daemonvscp.cpp">
      <Filter>Source Files</Filter>
    </ClCompile>
    <ClCompile Include="..\..\common\devicelist.cpp">
      <Filter>Source Files</Filter>
    </ClCompile>
    <ClCompile Include="..\..\common\devicethread.cpp">
      <Filter>Source Files</Filter>
    </ClCompile>
    <ClCompile Include="..\..\..\common\dllist.c">
      <Filter>Source Files</Filter>
    </ClCompile>
    <ClCompile Include="..\..\common\dm.cpp">
      <Filter>Source Files</Filter>
    </ClCompile>
    <ClCompile Include="..\..\common\interfacelist.cpp">
      <Filter>Source Files</Filter>
    </ClCompile>
    <ClCompile Include="..\..\..\common\md5.cpp">
      <Filter>Source Files</Filter>
    </ClCompile>
    <ClCompile Include="..\..\common\tcpipclientthread.cpp">
      <Filter>Source Files</Filter>
    </ClCompile>
    <ClCompile Include="..\..\common\udpthread.cpp">
      <Filter>Source Files</Filter>
    </ClCompile>
    <ClCompile Include="..\..\common\userlist.cpp">
      <Filter>Source Files</Filter>
    </ClCompile>
    <ClCompile Include="vscpd.cpp">
      <Filter>Source Files</Filter>
    </ClCompile>
    <ClCompile Include="..\..\common\vscphelper.cpp">
      <Filter>Source Files</Filter>
    </ClCompile>
    <ClCompile Include="..\..\common\vscpvariable.cpp">
      <Filter>Source Files</Filter>
    </ClCompile>
  </ItemGroup>
</Project>