<?xml version="1.0" encoding="utf-8"?>
<Project ToolsVersion="4.0" xmlns="http://schemas.microsoft.com/developer/msbuild/2003">
  <ItemGroup>
    <Filter Include="resources">
      <UniqueIdentifier>{7eb92bae-2813-4110-89d1-083bca3dce1e}</UniqueIdentifier>
    </Filter>
    <Filter Include="Header Files">
      <UniqueIdentifier>{d5237a16-9aeb-457b-947f-e41ad78ca7cd}</UniqueIdentifier>
      <Extensions>h;hpp;hxx;hm;inl</Extensions>
    </Filter>
    <Filter Include="Source Files">
      <UniqueIdentifier>{c2c9d04c-8bf4-4de3-ba10-5d7909b35fe1}</UniqueIdentifier>
      <Extensions>cpp;c;cxx;rc;def;r;odl;idl;hpj;bat</Extensions>
    </Filter>
  </ItemGroup>
  <ItemGroup>
    <ClInclude Include="..\..\common\canal.h">
      <Filter>Header Files</Filter>
    </ClInclude>
    <ClInclude Include="..\..\common\canal_macro.h">
      <Filter>Header Files</Filter>
    </ClInclude>
    <ClInclude Include="..\..\common\canal_win32_ipc.h">
      <Filter>Header Files</Filter>
    </ClInclude>
    <ClInclude Include="..\..\common\canaldlldef.h">
      <Filter>Header Files</Filter>
    </ClInclude>
    <ClInclude Include="..\..\common\clientlist.h">
      <Filter>Header Files</Filter>
    </ClInclude>
    <ClInclude Include="..\..\common\controlobject.h">
      <Filter>Header Files</Filter>
    </ClInclude>
    <ClInclude Include="..\..\..\common\crc.h">
      <Filter>Header Files</Filter>
    </ClInclude>
    <ClInclude Include="..\..\common\daemonvscp.h">
      <Filter>Header Files</Filter>
    </ClInclude>
    <ClInclude Include="..\..\common\devicelist.h">
      <Filter>Header Files</Filter>
    </ClInclude>
    <ClInclude Include="..\..\common\devicethread.h">
      <Filter>Header Files</Filter>
    </ClInclude>
    <ClInclude Include="..\..\..\common\dllist.h">
      <Filter>Header Files</Filter>
    </ClInclude>
    <ClInclude Include="..\..\common\dm.h">
      <Filter>Header Files</Filter>
    </ClInclude>
    <ClInclude Include="..\..\common\interfacelist.h">
      <Filter>Header Files</Filter>
    </ClInclude>
    <ClInclude Include="..\..\..\common\md5.h">
      <Filter>Header Files</Filter>
    </ClInclude>
    <ClInclude Include="resource.h">
      <Filter>Header Files</Filter>
    </ClInclude>
    <ClInclude Include="..\..\common\tcpipclientthread.h">
      <Filter>Header Files</Filter>
    </ClInclude>
    <ClInclude Include="..\..\common\userlist.h">
      <Filter>Header Files</Filter>
    </ClInclude>
    <ClInclude Include="..\..\common\version.h">
      <Filter>Header Files</Filter>
    </ClInclude>
    <ClInclude Include="..\..\common\vscp.h">
      <Filter>Header Files</Filter>
    </ClInclude>
    <ClInclude Include="vscpd.h">
      <Filter>Header Files</Filter>
    </ClInclude>
    <ClInclude Include="..\..\..\common\mongoose.h">
      <Filter>Header Files</Filter>
    </ClInclude>
    <ClInclude Include="..\..\..\common\net_skeleton.h">
      <Filter>Header Files</Filter>
    </ClInclude>
    <ClInclude Include="..\..\..\common\strtokenizer.h">
      <Filter>Header Files</Filter>
    </ClInclude>
    <ClInclude Include="..\..\..\common\frozen.h">
      <Filter>Header Files</Filter>
    </ClInclude>
    <ClInclude Include="..\..\..\common\slre.h">
      <Filter>Header Files</Filter>
    </ClInclude>
    <ClInclude Include="..\..\common\vscpeventhelper.h">
      <Filter>Header Files</Filter>
    </ClInclude>
    <ClInclude Include="..\..\common\vscphelper.h">
      <Filter>Header Files</Filter>
    </ClInclude>
    <ClInclude Include="..\..\common\webserver.h">
      <Filter>Header Files</Filter>
    </ClInclude>
    <ClInclude Include="..\..\common\tables.h">
      <Filter>Header Files</Filter>
    </ClInclude>
    <ClInclude Include="..\..\common\actioncodes.h">
      <Filter>Header Files</Filter>
    </ClInclude>
    <ClInclude Include="..\..\common\vscpwebserver.h">
      <Filter>Header Files</Filter>
    </ClInclude>
    <ClInclude Include="..\..\common\vscpremotetcpif.h">
      <Filter>Header Files</Filter>
    </ClInclude>
    <ClInclude Include="..\..\common\udpclientthread.h">
      <Filter>Header Files</Filter>
    </ClInclude>
    <ClInclude Include="..\..\common\vscpdlldef.h">
      <Filter>Header Files</Filter>
    </ClInclude>
    <ClInclude Include="..\..\common\vscp_class.h">
      <Filter>Header Files</Filter>
    </ClInclude>
    <ClInclude Include="..\..\common\vscp_type.h">
      <Filter>Header Files</Filter>
    </ClInclude>
    <ClInclude Include="..\..\common\vscpvariable.h">
      <Filter>Header Files</Filter>
    </ClInclude>
    <ClInclude Include="..\..\common\vscpautomation.h">
      <Filter>Header Files</Filter>
    </ClInclude>
    <ClInclude Include="..\..\common\vscpd_caps.h">
      <Filter>Header Files</Filter>
    </ClInclude>
    <ClInclude Include="..\..\..\common\crc8.h">
      <Filter>Header Files</Filter>
    </ClInclude>
    <ClInclude Include="..\..\common\guid.h">
      <Filter>Header Files</Filter>
    </ClInclude>
    <ClInclude Include="..\..\common\mdf.h">
      <Filter>Header Files</Filter>
    </ClInclude>
    <ClInclude Include="..\..\common\register.h">
      <Filter>Header Files</Filter>
    </ClInclude>
  </ItemGroup>
  <ItemGroup>
    <ClCompile Include="..\..\common\clientlist.cpp">
      <Filter>Source Files</Filter>
    </ClCompile>
    <ClCompile Include="..\..\common\controlobject.cpp">
      <Filter>Source Files</Filter>
    </ClCompile>
    <ClCompile Include="..\..\..\common\crc.c">
      <Filter>Source Files</Filter>
    </ClCompile>
    <ClCompile Include="..\..\common\daemonvscp.cpp">
      <Filter>Source Files</Filter>
    </ClCompile>
    <ClCompile Include="..\..\common\devicelist.cpp">
      <Filter>Source Files</Filter>
    </ClCompile>
    <ClCompile Include="..\..\common\devicethread.cpp">
      <Filter>Source Files</Filter>
    </ClCompile>
    <ClCompile Include="..\..\..\common\dllist.c">
      <Filter>Source Files</Filter>
    </ClCompile>
    <ClCompile Include="..\..\common\dm.cpp">
      <Filter>Source Files</Filter>
    </ClCompile>
    <ClCompile Include="..\..\common\interfacelist.cpp">
      <Filter>Source Files</Filter>
    </ClCompile>
    <ClCompile Include="..\..\..\common\md5.cpp">
      <Filter>Source Files</Filter>
    </ClCompile>
    <ClCompile Include="..\..\common\tcpipclientthread.cpp">
      <Filter>Source Files</Filter>
    </ClCompile>
    <ClCompile Include="..\..\common\userlist.cpp">
      <Filter>Source Files</Filter>
    </ClCompile>
    <ClCompile Include="vscpd.cpp">
      <Filter>Source Files</Filter>
    </ClCompile>
    <ClCompile Include="..\..\common\vscphelper.cpp">
      <Filter>Source Files</Filter>
    </ClCompile>
    <ClCompile Include="..\..\common\vscpvariable.cpp">
      <Filter>Source Files</Filter>
    </ClCompile>
    <ClCompile Include="..\..\common\guid.cpp">
      <Filter>Source Files</Filter>
    </ClCompile>
    <ClCompile Include="..\..\..\common\randpassword.cpp">
      <Filter>Source Files</Filter>
    </ClCompile>
    <ClCompile Include="..\..\common\vscpeventhelper.cpp">
      <Filter>Source Files</Filter>
    </ClCompile>
    <ClCompile Include="..\..\..\common\mongoose.c">
      <Filter>Source Files</Filter>
    </ClCompile>
    <ClCompile Include="..\..\..\common\frozen.c">
      <Filter>Source Files</Filter>
    </ClCompile>
    <ClCompile Include="..\..\..\common\slre.c">
      <Filter>Source Files</Filter>
    </ClCompile>
    <ClCompile Include="..\..\common\vscpwebserver.cpp">
      <Filter>Source Files</Filter>
    </ClCompile>
    <ClCompile Include="..\..\common\vscpremotetcpif.cpp">
      <Filter>Source Files</Filter>
    </ClCompile>
    <ClCompile Include="..\..\common\udpclientthread.cpp">
      <Filter>Source Files</Filter>
    </ClCompile>
    <ClCompile Include="..\..\common\tables.cpp">
      <Filter>Source Files</Filter>
    </ClCompile>
    <ClCompile Include="..\..\..\common\net_skeleton.c">
      <Filter>Source Files</Filter>
    </ClCompile>
    <ClCompile Include="..\..\common\vscpautomation.cpp">
      <Filter>Source Files</Filter>
    </ClCompile>
    <ClCompile Include="..\..\..\common\crc8.c">
      <Filter>Source Files</Filter>
    </ClCompile>
    <ClCompile Include="..\..\common\mdf.cpp">
      <Filter>Source Files</Filter>
    </ClCompile>
    <ClCompile Include="..\..\common\register.cpp">
      <Filter>Source Files</Filter>
    </ClCompile>
  </ItemGroup>
  <ItemGroup>
    <CustomBuild Include="wx\msw\blank.cur">
      <Filter>resources</Filter>
    </CustomBuild>
    <CustomBuild Include="wx\msw\bullseye.cur">
      <Filter>resources</Filter>
    </CustomBuild>
    <CustomBuild Include="wx\msw\cdrom.ico">
      <Filter>resources</Filter>
    </CustomBuild>
    <CustomBuild Include="wx\msw\colours.bmp">
      <Filter>resources</Filter>
    </CustomBuild>
    <CustomBuild Include="wx\msw\computer.ico">
      <Filter>resources</Filter>
    </CustomBuild>
    <CustomBuild Include="wx\msw\csquery.bmp">
      <Filter>resources</Filter>
    </CustomBuild>
    <CustomBuild Include="wx\msw\disable.bmp">
      <Filter>resources</Filter>
    </CustomBuild>
    <CustomBuild Include="wx\msw\drive.ico">
      <Filter>resources</Filter>
    </CustomBuild>
    <CustomBuild Include="wx\msw\file1.ico">
      <Filter>resources</Filter>
    </CustomBuild>
    <CustomBuild Include="wx\msw\floppy.ico">
      <Filter>resources</Filter>
    </CustomBuild>
    <CustomBuild Include="wx\msw\folder1.ico">
      <Filter>resources</Filter>
    </CustomBuild>
    <CustomBuild Include="wx\msw\folder2.ico">
      <Filter>resources</Filter>
    </CustomBuild>
    <CustomBuild Include="wx\msw\hand.cur">
      <Filter>resources</Filter>
    </CustomBuild>
    <CustomBuild Include="wx\msw\magnif1.cur">
      <Filter>resources</Filter>
    </CustomBuild>
    <CustomBuild Include="wx\msw\noentry.cur">
      <Filter>resources</Filter>
    </CustomBuild>
    <CustomBuild Include="wx\msw\pbrush.cur">
      <Filter>resources</Filter>
    </CustomBuild>
    <CustomBuild Include="wx\msw\pencil.cur">
      <Filter>resources</Filter>
    </CustomBuild>
    <CustomBuild Include="wx\msw\pntleft.cur">
      <Filter>resources</Filter>
    </CustomBuild>
    <CustomBuild Include="wx\msw\pntright.cur">
      <Filter>resources</Filter>
    </CustomBuild>
    <CustomBuild Include="wx\msw\query.cur">
      <Filter>resources</Filter>
    </CustomBuild>
    <CustomBuild Include="wx\msw\removble.ico">
      <Filter>resources</Filter>
    </CustomBuild>
    <CustomBuild Include="wx\msw\rightarr.cur">
      <Filter>resources</Filter>
    </CustomBuild>
    <CustomBuild Include="wx\msw\roller.cur">
      <Filter>resources</Filter>
    </CustomBuild>
    <CustomBuild Include="wx\msw\size.cur">
      <Filter>resources</Filter>
    </CustomBuild>
    <CustomBuild Include="wx\msw\watch1.cur">
      <Filter>resources</Filter>
    </CustomBuild>
  </ItemGroup>
</Project>