
Microsoft Visual Studio Solution File, Format Version 11.00
# Visual Studio 2010
Project("{8BC9CEB8-8B4A-11D0-8D11-00A0C91BC942}") = "udpdrv", "udpdrv.vcxproj", "{280FDFD0-E623-1113-63A6-CDB4F54ECAF8}"
EndProject
Global
	GlobalSection(SolutionConfigurationPlatforms) = preSolution
		Debug|Win32 = Debug|Win32
		Release|Win32 = Release|Win32
	EndGlobalSection
	GlobalSection(ProjectConfigurationPlatforms) = postSolution
		{280FDFD0-E623-1113-63A6-CDB4F54ECAF8}.Debug|Win32.ActiveCfg = Debug|Win32
		{280FDFD0-E623-1113-63A6-CDB4F54ECAF8}.Debug|Win32.Build.0 = Debug|Win32
		{280FDFD0-E623-1113-63A6-CDB4F54ECAF8}.Release|Win32.ActiveCfg = Release|Win32
		{280FDFD0-E623-1113-63A6-CDB4F54ECAF8}.Release|Win32.Build.0 = Release|Win32
	EndGlobalSection
	GlobalSection(SolutionProperties) = preSolution
		HideSolutionNode = FALSE
	EndGlobalSection
EndGlobal
