Microsoft Visual Studio Solution File, Format Version 8.00
Project("{8BC9CEB8-8B4A-11D0-8D11-00A0C91BC942}") = "wxMySQL", "wxMySQL.vcproj", "{77FB7920-3FFD-4BC4-AD67-FBB0636444CA}"
	ProjectSection(ProjectDependencies) = postProject
	EndProjectSection
EndProject
Project("{8BC9CEB8-8B4A-11D0-8D11-00A0C91BC942}") = "wxMySQLTest", "wxMySQLTest.vcproj", "{2BEE391F-13D5-4D82-882F-D27ED79051DB}"
	ProjectSection(ProjectDependencies) = postProject
		{77FB7920-3FFD-4BC4-AD67-FBB0636444CA} = {77FB7920-3FFD-4BC4-AD67-FBB0636444CA}
	EndProjectSection
EndProject
Project("{8BC9CEB8-8B4A-11D0-8D11-00A0C91BC942}") = "wxMySQLRecordsetTest", "wxMySQLRecordsetTest.vcproj", "{86BCB581-B4C7-48EA-B9ED-2FF160860466}"
	ProjectSection(ProjectDependencies) = postProject
		{77FB7920-3FFD-4BC4-AD67-FBB0636444CA} = {77FB7920-3FFD-4BC4-AD67-FBB0636444CA}
	EndProjectSection
EndProject
Global
	GlobalSection(SolutionConfiguration) = preSolution
		Debug = Debug
		Release = Release
	EndGlobalSection
	GlobalSection(ProjectConfiguration) = postSolution
		{77FB7920-3FFD-4BC4-AD67-FBB0636444CA}.Debug.ActiveCfg = Debug|Win32
		{77FB7920-3FFD-4BC4-AD67-FBB0636444CA}.Debug.Build.0 = Debug|Win32
		{77FB7920-3FFD-4BC4-AD67-FBB0636444CA}.Release.ActiveCfg = Release|Win32
		{77FB7920-3FFD-4BC4-AD67-FBB0636444CA}.Release.Build.0 = Release|Win32
		{2BEE391F-13D5-4D82-882F-D27ED79051DB}.Debug.ActiveCfg = Debug|Win32
		{2BEE391F-13D5-4D82-882F-D27ED79051DB}.Debug.Build.0 = Debug|Win32
		{2BEE391F-13D5-4D82-882F-D27ED79051DB}.Release.ActiveCfg = Release|Win32
		{2BEE391F-13D5-4D82-882F-D27ED79051DB}.Release.Build.0 = Release|Win32
		{86BCB581-B4C7-48EA-B9ED-2FF160860466}.Debug.ActiveCfg = Debug|Win32
		{86BCB581-B4C7-48EA-B9ED-2FF160860466}.Debug.Build.0 = Debug|Win32
		{86BCB581-B4C7-48EA-B9ED-2FF160860466}.Release.ActiveCfg = Release|Win32
		{86BCB581-B4C7-48EA-B9ED-2FF160860466}.Release.Build.0 = Release|Win32
	EndGlobalSection
	GlobalSection(ExtensibilityGlobals) = postSolution
	EndGlobalSection
	GlobalSection(ExtensibilityAddIns) = postSolution
	EndGlobalSection
EndGlobal
