
Microsoft Visual Studio Solution File, Format Version 11.00
# Visual Studio 2010
Project("{8BC9CEB8-8B4A-11D0-8D11-00A0C91BC942}") = "rawethernet", "rawethernet.vcxproj", "{D543838C-819B-96C4-4881-CCD2E0DFCCBC}"
EndProject
Global
	GlobalSection(SolutionConfigurationPlatforms) = preSolution
		Debug|Win32 = Debug|Win32
		Release|Win32 = Release|Win32
	EndGlobalSection
	GlobalSection(ProjectConfigurationPlatforms) = postSolution
		{D543838C-819B-96C4-4881-CCD2E0DFCCBC}.Debug|Win32.ActiveCfg = Debug|Win32
		{D543838C-819B-96C4-4881-CCD2E0DFCCBC}.Debug|Win32.Build.0 = Debug|Win32
		{D543838C-819B-96C4-4881-CCD2E0DFCCBC}.Release|Win32.ActiveCfg = Release|Win32
		{D543838C-819B-96C4-4881-CCD2E0DFCCBC}.Release|Win32.Build.0 = Release|Win32
	EndGlobalSection
	GlobalSection(SolutionProperties) = preSolution
		HideSolutionNode = FALSE
	EndGlobalSection
EndGlobal
