
Microsoft Visual Studio Solution File, Format Version 10.00
# Visual Studio 2008
Project("{8BC9CEB8-8B4A-11D0-8D11-00A0C91BC942}") = "testDriver", "..\testDriver\testDriver.vcproj", "{3EA3BF29-6039-454B-9ABF-91D143AA62D0}"
EndProject
Project("{8BC9CEB8-8B4A-11D0-8D11-00A0C91BC942}") = "usb2can", "usb2can.vcproj", "{31A8621E-5098-4CA3-8DF4-B86A73FB776D}"
EndProject
Project("{8BC9CEB8-8B4A-11D0-8D11-00A0C91BC942}") = "UsbCanExample", "C:\Documents and Settings\Gediminas\Desktop\apox\USB_CAN V3.0 29bit Example code\UsbCanExample.vcproj", "{F608F315-1ECA-409C-8509-179BEAC1082E}"
EndProject
Project("{8BC9CEB8-8B4A-11D0-8D11-00A0C91BC942}") = "usb2canTest", "..\usb2canTest\usb2canTest\usb2canTest.vcproj", "{7076F71A-F66D-46C7-962F-1ABBEBA8D2CD}"
EndProject
Global
	GlobalSection(SolutionConfigurationPlatforms) = preSolution
		Debug|Win32 = Debug|Win32
		Release|Win32 = Release|Win32
	EndGlobalSection
	GlobalSection(ProjectConfigurationPlatforms) = postSolution
		{3EA3BF29-6039-454B-9ABF-91D143AA62D0}.Debug|Win32.ActiveCfg = Debug|Win32
		{3EA3BF29-6039-454B-9ABF-91D143AA62D0}.Debug|Win32.Build.0 = Debug|Win32
		{3EA3BF29-6039-454B-9ABF-91D143AA62D0}.Release|Win32.ActiveCfg = Release|Win32
		{3EA3BF29-6039-454B-9ABF-91D143AA62D0}.Release|Win32.Build.0 = Release|Win32
		{31A8621E-5098-4CA3-8DF4-B86A73FB776D}.Debug|Win32.ActiveCfg = Debug|Win32
		{31A8621E-5098-4CA3-8DF4-B86A73FB776D}.Debug|Win32.Build.0 = Debug|Win32
		{31A8621E-5098-4CA3-8DF4-B86A73FB776D}.Release|Win32.ActiveCfg = Release|Win32
		{31A8621E-5098-4CA3-8DF4-B86A73FB776D}.Release|Win32.Build.0 = Release|Win32
		{F608F315-1ECA-409C-8509-179BEAC1082E}.Debug|Win32.ActiveCfg = Debug|Win32
		{F608F315-1ECA-409C-8509-179BEAC1082E}.Debug|Win32.Build.0 = Debug|Win32
		{F608F315-1ECA-409C-8509-179BEAC1082E}.Release|Win32.ActiveCfg = Release|Win32
		{F608F315-1ECA-409C-8509-179BEAC1082E}.Release|Win32.Build.0 = Release|Win32
		{7076F71A-F66D-46C7-962F-1ABBEBA8D2CD}.Debug|Win32.ActiveCfg = Debug|Win32
		{7076F71A-F66D-46C7-962F-1ABBEBA8D2CD}.Debug|Win32.Build.0 = Debug|Win32
		{7076F71A-F66D-46C7-962F-1ABBEBA8D2CD}.Release|Win32.ActiveCfg = Release|Win32
		{7076F71A-F66D-46C7-962F-1ABBEBA8D2CD}.Release|Win32.Build.0 = Release|Win32
	EndGlobalSection
	GlobalSection(SolutionProperties) = preSolution
		HideSolutionNode = FALSE
	EndGlobalSection
EndGlobal
