
Microsoft Visual Studio Solution File, Format Version 10.00
# Visual Studio 2008
Project("{8BC9CEB8-8B4A-11D0-8D11-00A0C91BC942}") = "apoxdrv", "apoxdrv.vcproj", "{AEDB506A-5048-4105-98ED-E70C710DFAA0}"
EndProject
Global
	GlobalSection(SolutionConfigurationPlatforms) = preSolution
		Debug|Win32 = Debug|Win32
		Release Unicode|Win32 = Release Unicode|Win32
		Release|Win32 = Release|Win32
	EndGlobalSection
	GlobalSection(ProjectConfigurationPlatforms) = postSolution
		{AEDB506A-5048-4105-98ED-E70C710DFAA0}.Debug|Win32.ActiveCfg = Debug|Win32
		{AEDB506A-5048-4105-98ED-E70C710DFAA0}.Debug|Win32.Build.0 = Debug|Win32
		{AEDB506A-5048-4105-98ED-E70C710DFAA0}.Release Unicode|Win32.ActiveCfg = Release Unicode|Win32
		{AEDB506A-5048-4105-98ED-E70C710DFAA0}.Release Unicode|Win32.Build.0 = Release Unicode|Win32
		{AEDB506A-5048-4105-98ED-E70C710DFAA0}.Release|Win32.ActiveCfg = Release|Win32
		{AEDB506A-5048-4105-98ED-E70C710DFAA0}.Release|Win32.Build.0 = Release|Win32
	EndGlobalSection
	GlobalSection(SolutionProperties) = preSolution
		HideSolutionNode = FALSE
	EndGlobalSection
EndGlobal
