<?xml version="1.0" encoding="utf-8"?>
<Project ToolsVersion="4.0" xmlns="http://schemas.microsoft.com/developer/msbuild/2003">
  <ItemGroup>
    <Filter Include="Source Files">
      <UniqueIdentifier>{3bc52e7d-729c-4a73-9801-b5d7550be224}</UniqueIdentifier>
      <Extensions>cpp;c;cxx;rc;def;r;odl;idl;hpj;bat</Extensions>
    </Filter>
    <Filter Include="Header Files">
      <UniqueIdentifier>{dbf0f359-388b-4b97-ab18-c348f0c3d5ce}</UniqueIdentifier>
      <Extensions>h;hpp;hxx;hm;inl</Extensions>
    </Filter>
    <Filter Include="Resource Files">
      <UniqueIdentifier>{ea846073-f6c4-480a-9128-e6f040d10235}</UniqueIdentifier>
      <Extensions>ico;cur;bmp;dlg;rc2;rct;bin;rgs;gif;jpg;jpeg;jpe</Extensions>
    </Filter>
  </ItemGroup>
  <ItemGroup>
    <ClCompile Include="..\..\common\NTService.cpp">
      <Filter>Source Files</Filter>
    </ClCompile>
    <ClCompile Include="VSCPServApp.cpp">
      <Filter>Source Files</Filter>
    </ClCompile>
    <ClCompile Include="vscpservice.cpp">
      <Filter>Source Files</Filter>
    </ClCompile>
    <ClCompile Include="..\common\controlobject.cpp">
      <Filter>Source Files</Filter>
    </ClCompile>
    <ClCompile Include="..\common\clientlist.cpp">
      <Filter>Source Files</Filter>
    </ClCompile>
    <ClCompile Include="..\common\vscpwebserver.cpp">
      <Filter>Source Files</Filter>
    </ClCompile>
    <ClCompile Include="..\..\common\crc.c">
      <Filter>Source Files</Filter>
    </ClCompile>
    <ClCompile Include="..\..\common\crc8.c">
      <Filter>Source Files</Filter>
    </ClCompile>
    <ClCompile Include="..\common\daemonvscp.cpp">
      <Filter>Source Files</Filter>
    </ClCompile>
    <ClCompile Include="..\common\devicelist.cpp">
      <Filter>Source Files</Filter>
    </ClCompile>
    <ClCompile Include="..\common\devicethread.cpp">
      <Filter>Source Files</Filter>
    </ClCompile>
    <ClCompile Include="..\..\common\dllist.c">
      <Filter>Source Files</Filter>
    </ClCompile>
    <ClCompile Include="..\common\dm.cpp">
      <Filter>Source Files</Filter>
    </ClCompile>
    <ClCompile Include="..\..\common\frozen.c">
      <Filter>Source Files</Filter>
    </ClCompile>
    <ClCompile Include="..\common\guid.cpp">
      <Filter>Source Files</Filter>
    </ClCompile>
    <ClCompile Include="..\common\interfacelist.cpp">
      <Filter>Source Files</Filter>
    </ClCompile>
    <ClCompile Include="..\..\common\md5.cpp">
      <Filter>Source Files</Filter>
    </ClCompile>
    <ClCompile Include="..\..\common\mongoose.c">
      <Filter>Source Files</Filter>
    </ClCompile>
    <ClCompile Include="..\..\common\net_skeleton.c">
      <Filter>Source Files</Filter>
    </ClCompile>
    <ClCompile Include="..\..\common\randpassword.cpp">
      <Filter>Source Files</Filter>
    </ClCompile>
    <ClCompile Include="..\..\common\slre.c">
      <Filter>Source Files</Filter>
    </ClCompile>
    <ClCompile Include="..\daemon\win32\service\StdAfx.cpp">
      <Filter>Source Files</Filter>
    </ClCompile>
    <ClCompile Include="..\common\tables.cpp">
      <Filter>Source Files</Filter>
    </ClCompile>
    <ClCompile Include="..\common\tcpipclientthread.cpp">
      <Filter>Source Files</Filter>
    </ClCompile>
    <ClCompile Include="..\common\udpclientthread.cpp">
      <Filter>Source Files</Filter>
    </ClCompile>
    <ClCompile Include="..\common\userlist.cpp">
      <Filter>Source Files</Filter>
    </ClCompile>
    <ClCompile Include="..\common\vscpautomation.cpp">
      <Filter>Source Files</Filter>
    </ClCompile>
    <ClCompile Include="..\common\vscpeventhelper.cpp">
      <Filter>Source Files</Filter>
    </ClCompile>
    <ClCompile Include="..\common\vscphelper.cpp">
      <Filter>Source Files</Filter>
    </ClCompile>
    <ClCompile Include="..\common\vscpremotetcpif.cpp">
      <Filter>Source Files</Filter>
    </ClCompile>
    <ClCompile Include="..\common\vscpvariable.cpp">
      <Filter>Source Files</Filter>
    </ClCompile>
  </ItemGroup>
  <ItemGroup>
    <ClInclude Include="..\common\canal.h">
      <Filter>Header Files</Filter>
    </ClInclude>
    <ClInclude Include="..\common\canal_macro.h">
      <Filter>Header Files</Filter>
    </ClInclude>
    <ClInclude Include="..\common\canal_win32_ipc.h">
      <Filter>Header Files</Filter>
    </ClInclude>
    <ClInclude Include="..\common\canaldlldef.h">
      <Filter>Header Files</Filter>
    </ClInclude>
    <ClInclude Include="..\common\canalshmem_level1_win32.h">
      <Filter>Header Files</Filter>
    </ClInclude>
    <ClInclude Include="..\common\canalshmem_level2_win32.h">
      <Filter>Header Files</Filter>
    </ClInclude>
    <ClInclude Include="..\common\clientlist.h">
      <Filter>Header Files</Filter>
    </ClInclude>
    <ClInclude Include="..\common\controlobject.h">
      <Filter>Header Files</Filter>
    </ClInclude>
    <ClInclude Include="..\common\devicelist.h">
      <Filter>Header Files</Filter>
    </ClInclude>
    <ClInclude Include="..\..\common\NTService.h">
      <Filter>Header Files</Filter>
    </ClInclude>
    <ClInclude Include="..\..\common\ntservmsg.h">
      <Filter>Header Files</Filter>
    </ClInclude>
    <ClInclude Include="..\common\options.h">
      <Filter>Header Files</Filter>
    </ClInclude>
    <ClInclude Include="..\common\pipecmd.h">
      <Filter>Header Files</Filter>
    </ClInclude>
    <ClInclude Include="..\VSCPDiagnostic\Resource.h">
      <Filter>Header Files</Filter>
    </ClInclude>
    <ClInclude Include="..\common\vscp.h">
      <Filter>Header Files</Filter>
    </ClInclude>
    <ClInclude Include="..\common\vscp_classes.h">
      <Filter>Header Files</Filter>
    </ClInclude>
    <ClInclude Include="..\common\vscp_types.h">
      <Filter>Header Files</Filter>
    </ClInclude>
    <ClInclude Include="VSCPServApp.h">
      <Filter>Header Files</Filter>
    </ClInclude>
    <ClInclude Include="vscpservice.h">
      <Filter>Header Files</Filter>
    </ClInclude>
    <ClInclude Include="..\..\common\md5.h">
      <Filter>Source Files</Filter>
    </ClInclude>
    <ClInclude Include="..\..\common\net_skeleton.h">
      <Filter>Source Files</Filter>
    </ClInclude>
    <ClInclude Include="..\common\vscphelper.h">
      <Filter>Source Files</Filter>
    </ClInclude>
  </ItemGroup>
  <ItemGroup>
    <ResourceCompile Include="..\..\common\ntservmsg.rc">
      <Filter>Resource Files</Filter>
    </ResourceCompile>
    <ResourceCompile Include="VSCPServApp.rc">
      <Filter>Resource Files</Filter>
    </ResourceCompile>
    <ResourceCompile Include="..\daemon\win32\service\vscpsrv.rc">
      <Filter>Source Files</Filter>
    </ResourceCompile>
  </ItemGroup>
</Project>