
Microsoft Visual Studio Solution File, Format Version 10.00
# Visual Studio 2008
Project("{8BC9CEB8-8B4A-11D0-8D11-00A0C91BC942}") = "vscpboot", "vscpboot.vcproj", "{57626767-B73F-448F-B55D-ED970A8696DD}"
EndProject
Global
	GlobalSection(SolutionConfigurationPlatforms) = preSolution
		Debug DLL|Win32 = Debug DLL|Win32
		Debug|Win32 = Debug|Win32
		Release DLL|Win32 = Release DLL|Win32
		Release|Win32 = Release|Win32
	EndGlobalSection
	GlobalSection(ProjectConfigurationPlatforms) = postSolution
		{57626767-B73F-448F-B55D-ED970A8696DD}.Debug DLL|Win32.ActiveCfg = Debug DLL|Win32
		{57626767-B73F-448F-B55D-ED970A8696DD}.Debug DLL|Win32.Build.0 = Debug DLL|Win32
		{57626767-B73F-448F-B55D-ED970A8696DD}.Debug|Win32.ActiveCfg = Debug|Win32
		{57626767-B73F-448F-B55D-ED970A8696DD}.Debug|Win32.Build.0 = Debug|Win32
		{57626767-B73F-448F-B55D-ED970A8696DD}.Release DLL|Win32.ActiveCfg = Release DLL|Win32
		{57626767-B73F-448F-B55D-ED970A8696DD}.Release DLL|Win32.Build.0 = Release DLL|Win32
		{57626767-B73F-448F-B55D-ED970A8696DD}.Release|Win32.ActiveCfg = Release|Win32
		{57626767-B73F-448F-B55D-ED970A8696DD}.Release|Win32.Build.0 = Release|Win32
	EndGlobalSection
	GlobalSection(SolutionProperties) = preSolution
		HideSolutionNode = FALSE
	EndGlobalSection
EndGlobal
