
Microsoft Visual Studio Solution File, Format Version 11.00
# Visual Studio 2010
Project("{8BC9CEB8-8B4A-11D0-8D11-00A0C91BC942}") = "mkpasswd", "mkpasswd\mkpasswd.vcxproj", "{38EA9EDF-8996-3101-FB2C-B5077095671B}"
EndProject
Project("{8BC9CEB8-8B4A-11D0-8D11-00A0C91BC942}") = "vscpcmd", "vscpcmd\vscpcmd.vcxproj", "{51DADA55-8B26-13F9-3440-C913D7DCC972}"
EndProject
Project("{8BC9CEB8-8B4A-11D0-8D11-00A0C91BC942}") = "vscpd", "daemon\win32\vscpd.vcxproj", "{ED6E6A10-2660-7124-1155-6E5D9E72C4AE}"
EndProject
Project("{8BC9CEB8-8B4A-11D0-8D11-00A0C91BC942}") = "vscpservice", "vscpservice\vscpservice.vcxproj", "{E5B04411-BC76-9386-F3D4-C8D0332F4037}"
EndProject
Project("{8BC9CEB8-8B4A-11D0-8D11-00A0C91BC942}") = "tellstickdrv", "drivers\level1\tellstick\win32\tellstickdrv.vcxproj", "{D02F6A75-021F-46A1-9200-1C6EA80375E1}"
EndProject
Project("{8BC9CEB8-8B4A-11D0-8D11-00A0C91BC942}") = "vscpworks", "vscpworks\vscpworks.vcxproj", "{FAE29035-75E4-4F76-BF2D-B3537B0BF9CC}"
EndProject
Project("{8BC9CEB8-8B4A-11D0-8D11-00A0C91BC942}") = "vscphelper", "VSCP helper dll\VSCP helper dll\VSCP helper dll.vcxproj", "{5B1BB19C-F27B-481E-8A70-EE83B1F6F896}"
EndProject
Project("{8BC9CEB8-8B4A-11D0-8D11-00A0C91BC942}") = "rawethernet", "drivers\level2\rawethernet\win32\rawethernet.vcxproj", "{D5D1D341-546E-0EC4-1532-6F87DA69A575}"
EndProject
Project("{8BC9CEB8-8B4A-11D0-8D11-00A0C91BC942}") = "vscplogger", "drivers\level2\logger\win32\vscplogger.vcxproj", "{A80883CE-CE9F-4F69-9F2F-D8EA3441A952}"
EndProject
Project("{8BC9CEB8-8B4A-11D0-8D11-00A0C91BC942}") = "vscpbtdetect", "drivers\level2\btdetect\win32\vscpbtdetect.vcxproj", "{1F600DAB-F705-4DF5-A07C-96B1495D7102}"
EndProject
Project("{8BC9CEB8-8B4A-11D0-8D11-00A0C91BC942}") = "apoxdrv", "drivers\level1\apox\win32\apoxdrv.vcxproj", "{94A004ED-E1CA-CD54-76FF-C8F6D09FE9F9}"
EndProject
Project("{8BC9CEB8-8B4A-11D0-8D11-00A0C91BC942}") = "can4vscpdrv", "drivers\level1\can4vscp\win32\can4vscpdrv.vcxproj", "{59CE569B-138D-36D6-6CBC-3C16D4C57A78}"
EndProject
Project("{8BC9CEB8-8B4A-11D0-8D11-00A0C91BC942}") = "can232drv", "drivers\level1\can232\win32\can232drv\can232drv.vcxproj", "{E8076341-679A-5C4C-7A30-0F48211ED90B}"
EndProject
Project("{8BC9CEB8-8B4A-11D0-8D11-00A0C91BC942}") = "ixxatvcidrv", "drivers\level1\ixxat_vc2\win32\ixxatvcidrv.vcxproj", "{EF15C6E9-3ADE-93F8-9465-1E39ACD0BC93}"
EndProject
Project("{8BC9CEB8-8B4A-11D0-8D11-00A0C91BC942}") = "lircdrv", "drivers\level1\lirc\windows\lircdrv.vcxproj", "{F0D6D38E-7BFA-0015-C3E4-64C8F9D875A3}"
EndProject
Project("{8BC9CEB8-8B4A-11D0-8D11-00A0C91BC942}") = "canallogger", "drivers\level1\logger\win32\canallogger.vcxproj", "{5ECBB0FD-48C4-EED6-AE7B-56C6BEEBCF25}"
EndProject
Project("{8BC9CEB8-8B4A-11D0-8D11-00A0C91BC942}") = "peakdrv", "drivers\level1\peak\win32\peakdrv.vcxproj", "{BB7BA38C-EFCC-A9E3-B93D-FCFB0031E169}"
EndProject
Project("{8BC9CEB8-8B4A-11D0-8D11-00A0C91BC942}") = "syslogdrv", "drivers\level1\syslogdrv\windows\syslogdrv.vcxproj", "{A065C125-8442-F65B-30AB-846CAA7026AD}"
EndProject
Project("{8BC9CEB8-8B4A-11D0-8D11-00A0C91BC942}") = "usb2can", "drivers\level1\usb2can\canldriver\win32\usb2can.vcxproj", "{31A8621E-5098-4CA3-8DF4-B86A73FB776D}"
EndProject
Project("{8BC9CEB8-8B4A-11D0-8D11-00A0C91BC942}") = "vectordrv", "drivers\level1\vector\win32\vectordrv.vcxproj", "{13F6BD8E-710F-C085-3A60-22B334C6DB77}"
EndProject
Project("{8BC9CEB8-8B4A-11D0-8D11-00A0C91BC942}") = "xapdrv", "drivers\level1\xap\win32\xapdrv.vcxproj", "{1BE6DD3C-917A-C2F7-1653-8E5E8488A3D6}"
EndProject
Project("{8BC9CEB8-8B4A-11D0-8D11-00A0C91BC942}") = "zanthicdrv", "drivers\level1\zanthic\win32\zanthicdrv.vcxproj", "{C9996D0D-C8AC-6CE1-30EE-4DF64BA7C14A}"
EndProject
Project("{8BC9CEB8-8B4A-11D0-8D11-00A0C91BC942}") = "simplebutton", "demo\testsuite\simplebutton\simplebutton.vcxproj", "{777CE9AA-5045-A990-0C0A-0ACB40150FD1}"
EndProject
Project("{8BC9CEB8-8B4A-11D0-8D11-00A0C91BC942}") = "simpledimmer", "demo\testsuite\simpledimmer\simpledimmer.vcxproj", "{67865BA6-E8FC-E998-6CB1-65664B2A54DA}"
EndProject
Project("{8BC9CEB8-8B4A-11D0-8D11-00A0C91BC942}") = "simplelamp", "demo\testsuite\simplelamp\simplelamp.vcxproj", "{60886227-8EF1-0A1F-3C98-0B35CB0BDA5B}"
EndProject
Project("{8BC9CEB8-8B4A-11D0-8D11-00A0C91BC942}") = "websocketdrv", "drivers\level2\websocket\win32\websocketdrv.vcxproj", "{67314341-1013-B99E-23E5-CC8461292408}"
EndProject
Project("{8BC9CEB8-8B4A-11D0-8D11-00A0C91BC942}") = "ccsdrv", "drivers\level1\ccsdrv\win32\ccsdrv\ccsdrv.vcxproj", "{E03682CD-5586-EA15-A043-DA78D54D1E05}"
EndProject
Global
	GlobalSection(SolutionConfigurationPlatforms) = preSolution
		Debug DLL|Win32 = Debug DLL|Win32
		Debug DLL|x64 = Debug DLL|x64
		Debug|Win32 = Debug|Win32
		Debug|x64 = Debug|x64
		Release DLL|Win32 = Release DLL|Win32
		Release DLL|x64 = Release DLL|x64
		Release Unicode|Win32 = Release Unicode|Win32
		Release Unicode|x64 = Release Unicode|x64
		Release|Win32 = Release|Win32
		Release|x64 = Release|x64
		Template|Win32 = Template|Win32
		Template|x64 = Template|x64
	EndGlobalSection
	GlobalSection(ProjectConfigurationPlatforms) = postSolution
		{38EA9EDF-8996-3101-FB2C-B5077095671B}.Debug DLL|Win32.ActiveCfg = Debug|Win32
		{38EA9EDF-8996-3101-FB2C-B5077095671B}.Debug DLL|Win32.Build.0 = Debug|Win32
		{38EA9EDF-8996-3101-FB2C-B5077095671B}.Debug DLL|x64.ActiveCfg = Debug|Win32
		{38EA9EDF-8996-3101-FB2C-B5077095671B}.Debug|Win32.ActiveCfg = Debug|Win32
		{38EA9EDF-8996-3101-FB2C-B5077095671B}.Debug|Win32.Build.0 = Debug|Win32
		{38EA9EDF-8996-3101-FB2C-B5077095671B}.Debug|x64.ActiveCfg = Debug|Win32
		{38EA9EDF-8996-3101-FB2C-B5077095671B}.Release DLL|Win32.ActiveCfg = Release|Win32
		{38EA9EDF-8996-3101-FB2C-B5077095671B}.Release DLL|Win32.Build.0 = Release|Win32
		{38EA9EDF-8996-3101-FB2C-B5077095671B}.Release DLL|x64.ActiveCfg = Release|Win32
		{38EA9EDF-8996-3101-FB2C-B5077095671B}.Release Unicode|Win32.ActiveCfg = Release|Win32
		{38EA9EDF-8996-3101-FB2C-B5077095671B}.Release Unicode|Win32.Build.0 = Release|Win32
		{38EA9EDF-8996-3101-FB2C-B5077095671B}.Release Unicode|x64.ActiveCfg = Release|Win32
		{38EA9EDF-8996-3101-FB2C-B5077095671B}.Release|Win32.ActiveCfg = Release|Win32
		{38EA9EDF-8996-3101-FB2C-B5077095671B}.Release|Win32.Build.0 = Release|Win32
		{38EA9EDF-8996-3101-FB2C-B5077095671B}.Release|x64.ActiveCfg = Release|Win32
		{38EA9EDF-8996-3101-FB2C-B5077095671B}.Template|Win32.ActiveCfg = Release|Win32
		{38EA9EDF-8996-3101-FB2C-B5077095671B}.Template|Win32.Build.0 = Release|Win32
		{38EA9EDF-8996-3101-FB2C-B5077095671B}.Template|x64.ActiveCfg = Release|Win32
		{51DADA55-8B26-13F9-3440-C913D7DCC972}.Debug DLL|Win32.ActiveCfg = Debug|Win32
		{51DADA55-8B26-13F9-3440-C913D7DCC972}.Debug DLL|Win32.Build.0 = Debug|Win32
		{51DADA55-8B26-13F9-3440-C913D7DCC972}.Debug DLL|x64.ActiveCfg = Debug|Win32
		{51DADA55-8B26-13F9-3440-C913D7DCC972}.Debug|Win32.ActiveCfg = Debug|Win32
		{51DADA55-8B26-13F9-3440-C913D7DCC972}.Debug|Win32.Build.0 = Debug|Win32
		{51DADA55-8B26-13F9-3440-C913D7DCC972}.Debug|x64.ActiveCfg = Debug|Win32
		{51DADA55-8B26-13F9-3440-C913D7DCC972}.Release DLL|Win32.ActiveCfg = Release|Win32
		{51DADA55-8B26-13F9-3440-C913D7DCC972}.Release DLL|Win32.Build.0 = Release|Win32
		{51DADA55-8B26-13F9-3440-C913D7DCC972}.Release DLL|x64.ActiveCfg = Release|Win32
		{51DADA55-8B26-13F9-3440-C913D7DCC972}.Release Unicode|Win32.ActiveCfg = Release|Win32
		{51DADA55-8B26-13F9-3440-C913D7DCC972}.Release Unicode|Win32.Build.0 = Release|Win32
		{51DADA55-8B26-13F9-3440-C913D7DCC972}.Release Unicode|x64.ActiveCfg = Release|Win32
		{51DADA55-8B26-13F9-3440-C913D7DCC972}.Release|Win32.ActiveCfg = Release|Win32
		{51DADA55-8B26-13F9-3440-C913D7DCC972}.Release|Win32.Build.0 = Release|Win32
		{51DADA55-8B26-13F9-3440-C913D7DCC972}.Release|x64.ActiveCfg = Release|Win32
		{51DADA55-8B26-13F9-3440-C913D7DCC972}.Template|Win32.ActiveCfg = Release|Win32
		{51DADA55-8B26-13F9-3440-C913D7DCC972}.Template|Win32.Build.0 = Release|Win32
		{51DADA55-8B26-13F9-3440-C913D7DCC972}.Template|x64.ActiveCfg = Release|Win32
		{ED6E6A10-2660-7124-1155-6E5D9E72C4AE}.Debug DLL|Win32.ActiveCfg = Debug|Win32
		{ED6E6A10-2660-7124-1155-6E5D9E72C4AE}.Debug DLL|Win32.Build.0 = Debug|Win32
		{ED6E6A10-2660-7124-1155-6E5D9E72C4AE}.Debug DLL|x64.ActiveCfg = Debug|Win32
		{ED6E6A10-2660-7124-1155-6E5D9E72C4AE}.Debug|Win32.ActiveCfg = Debug|Win32
		{ED6E6A10-2660-7124-1155-6E5D9E72C4AE}.Debug|Win32.Build.0 = Debug|Win32
		{ED6E6A10-2660-7124-1155-6E5D9E72C4AE}.Debug|x64.ActiveCfg = Debug|Win32
		{ED6E6A10-2660-7124-1155-6E5D9E72C4AE}.Release DLL|Win32.ActiveCfg = Release|Win32
		{ED6E6A10-2660-7124-1155-6E5D9E72C4AE}.Release DLL|Win32.Build.0 = Release|Win32
		{ED6E6A10-2660-7124-1155-6E5D9E72C4AE}.Release DLL|x64.ActiveCfg = Release|Win32
		{ED6E6A10-2660-7124-1155-6E5D9E72C4AE}.Release Unicode|Win32.ActiveCfg = Release|Win32
		{ED6E6A10-2660-7124-1155-6E5D9E72C4AE}.Release Unicode|Win32.Build.0 = Release|Win32
		{ED6E6A10-2660-7124-1155-6E5D9E72C4AE}.Release Unicode|x64.ActiveCfg = Release|Win32
		{ED6E6A10-2660-7124-1155-6E5D9E72C4AE}.Release|Win32.ActiveCfg = Release|Win32
		{ED6E6A10-2660-7124-1155-6E5D9E72C4AE}.Release|Win32.Build.0 = Release|Win32
		{ED6E6A10-2660-7124-1155-6E5D9E72C4AE}.Release|x64.ActiveCfg = Release|Win32
		{ED6E6A10-2660-7124-1155-6E5D9E72C4AE}.Template|Win32.ActiveCfg = Release|Win32
		{ED6E6A10-2660-7124-1155-6E5D9E72C4AE}.Template|Win32.Build.0 = Release|Win32
		{ED6E6A10-2660-7124-1155-6E5D9E72C4AE}.Template|x64.ActiveCfg = Release|Win32
		{E5B04411-BC76-9386-F3D4-C8D0332F4037}.Debug DLL|Win32.ActiveCfg = Debug|Win32
		{E5B04411-BC76-9386-F3D4-C8D0332F4037}.Debug DLL|Win32.Build.0 = Debug|Win32
		{E5B04411-BC76-9386-F3D4-C8D0332F4037}.Debug DLL|x64.ActiveCfg = Debug|Win32
		{E5B04411-BC76-9386-F3D4-C8D0332F4037}.Debug|Win32.ActiveCfg = Release|Win32
		{E5B04411-BC76-9386-F3D4-C8D0332F4037}.Debug|Win32.Build.0 = Release|Win32
		{E5B04411-BC76-9386-F3D4-C8D0332F4037}.Debug|x64.ActiveCfg = Debug|Win32
		{E5B04411-BC76-9386-F3D4-C8D0332F4037}.Release DLL|Win32.ActiveCfg = Release|Win32
		{E5B04411-BC76-9386-F3D4-C8D0332F4037}.Release DLL|Win32.Build.0 = Release|Win32
		{E5B04411-BC76-9386-F3D4-C8D0332F4037}.Release DLL|x64.ActiveCfg = Release|Win32
		{E5B04411-BC76-9386-F3D4-C8D0332F4037}.Release Unicode|Win32.ActiveCfg = Release|Win32
		{E5B04411-BC76-9386-F3D4-C8D0332F4037}.Release Unicode|Win32.Build.0 = Release|Win32
		{E5B04411-BC76-9386-F3D4-C8D0332F4037}.Release Unicode|x64.ActiveCfg = Release|Win32
		{E5B04411-BC76-9386-F3D4-C8D0332F4037}.Release|Win32.ActiveCfg = Release|Win32
		{E5B04411-BC76-9386-F3D4-C8D0332F4037}.Release|Win32.Build.0 = Release|Win32
		{E5B04411-BC76-9386-F3D4-C8D0332F4037}.Release|x64.ActiveCfg = Release|Win32
		{E5B04411-BC76-9386-F3D4-C8D0332F4037}.Template|Win32.ActiveCfg = Release|Win32
		{E5B04411-BC76-9386-F3D4-C8D0332F4037}.Template|Win32.Build.0 = Release|Win32
		{E5B04411-BC76-9386-F3D4-C8D0332F4037}.Template|x64.ActiveCfg = Release|Win32
		{D02F6A75-021F-46A1-9200-1C6EA80375E1}.Debug DLL|Win32.ActiveCfg = Debug|Win32
		{D02F6A75-021F-46A1-9200-1C6EA80375E1}.Debug DLL|Win32.Build.0 = Debug|Win32
		{D02F6A75-021F-46A1-9200-1C6EA80375E1}.Debug DLL|x64.ActiveCfg = Debug|Win32
		{D02F6A75-021F-46A1-9200-1C6EA80375E1}.Debug|Win32.ActiveCfg = Debug|Win32
		{D02F6A75-021F-46A1-9200-1C6EA80375E1}.Debug|Win32.Build.0 = Debug|Win32
		{D02F6A75-021F-46A1-9200-1C6EA80375E1}.Debug|x64.ActiveCfg = Debug|Win32
		{D02F6A75-021F-46A1-9200-1C6EA80375E1}.Release DLL|Win32.ActiveCfg = Release|Win32
		{D02F6A75-021F-46A1-9200-1C6EA80375E1}.Release DLL|Win32.Build.0 = Release|Win32
		{D02F6A75-021F-46A1-9200-1C6EA80375E1}.Release DLL|x64.ActiveCfg = Release|Win32
		{D02F6A75-021F-46A1-9200-1C6EA80375E1}.Release Unicode|Win32.ActiveCfg = Release|Win32
		{D02F6A75-021F-46A1-9200-1C6EA80375E1}.Release Unicode|Win32.Build.0 = Release|Win32
		{D02F6A75-021F-46A1-9200-1C6EA80375E1}.Release Unicode|x64.ActiveCfg = Release|Win32
		{D02F6A75-021F-46A1-9200-1C6EA80375E1}.Release|Win32.ActiveCfg = Release|Win32
		{D02F6A75-021F-46A1-9200-1C6EA80375E1}.Release|Win32.Build.0 = Release|Win32
		{D02F6A75-021F-46A1-9200-1C6EA80375E1}.Release|x64.ActiveCfg = Release|Win32
		{D02F6A75-021F-46A1-9200-1C6EA80375E1}.Template|Win32.ActiveCfg = Release|Win32
		{D02F6A75-021F-46A1-9200-1C6EA80375E1}.Template|Win32.Build.0 = Release|Win32
		{D02F6A75-021F-46A1-9200-1C6EA80375E1}.Template|x64.ActiveCfg = Release|Win32
		{FAE29035-75E4-4F76-BF2D-B3537B0BF9CC}.Debug DLL|Win32.ActiveCfg = Debug|Win32
		{FAE29035-75E4-4F76-BF2D-B3537B0BF9CC}.Debug DLL|Win32.Build.0 = Debug|Win32
		{FAE29035-75E4-4F76-BF2D-B3537B0BF9CC}.Debug DLL|x64.ActiveCfg = Debug|Win32
		{FAE29035-75E4-4F76-BF2D-B3537B0BF9CC}.Debug|Win32.ActiveCfg = Debug|Win32
		{FAE29035-75E4-4F76-BF2D-B3537B0BF9CC}.Debug|Win32.Build.0 = Debug|Win32
		{FAE29035-75E4-4F76-BF2D-B3537B0BF9CC}.Debug|x64.ActiveCfg = Debug|Win32
		{FAE29035-75E4-4F76-BF2D-B3537B0BF9CC}.Release DLL|Win32.ActiveCfg = Release|Win32
		{FAE29035-75E4-4F76-BF2D-B3537B0BF9CC}.Release DLL|Win32.Build.0 = Release|Win32
		{FAE29035-75E4-4F76-BF2D-B3537B0BF9CC}.Release DLL|x64.ActiveCfg = Release|Win32
		{FAE29035-75E4-4F76-BF2D-B3537B0BF9CC}.Release Unicode|Win32.ActiveCfg = Release|Win32
		{FAE29035-75E4-4F76-BF2D-B3537B0BF9CC}.Release Unicode|Win32.Build.0 = Release|Win32
		{FAE29035-75E4-4F76-BF2D-B3537B0BF9CC}.Release Unicode|x64.ActiveCfg = Release|Win32
		{FAE29035-75E4-4F76-BF2D-B3537B0BF9CC}.Release|Win32.ActiveCfg = Release|Win32
		{FAE29035-75E4-4F76-BF2D-B3537B0BF9CC}.Release|Win32.Build.0 = Release|Win32
		{FAE29035-75E4-4F76-BF2D-B3537B0BF9CC}.Release|x64.ActiveCfg = Release|Win32
		{FAE29035-75E4-4F76-BF2D-B3537B0BF9CC}.Release|x64.Build.0 = Release|Win32
		{FAE29035-75E4-4F76-BF2D-B3537B0BF9CC}.Template|Win32.ActiveCfg = Debug|Win32
		{FAE29035-75E4-4F76-BF2D-B3537B0BF9CC}.Template|Win32.Build.0 = Debug|Win32
		{FAE29035-75E4-4F76-BF2D-B3537B0BF9CC}.Template|x64.ActiveCfg = Debug|Win32
		{5B1BB19C-F27B-481E-8A70-EE83B1F6F896}.Debug DLL|Win32.ActiveCfg = Debug|Win32
		{5B1BB19C-F27B-481E-8A70-EE83B1F6F896}.Debug DLL|Win32.Build.0 = Debug|Win32
		{5B1BB19C-F27B-481E-8A70-EE83B1F6F896}.Debug DLL|x64.ActiveCfg = Debug|Win32
		{5B1BB19C-F27B-481E-8A70-EE83B1F6F896}.Debug|Win32.ActiveCfg = Debug|Win32
		{5B1BB19C-F27B-481E-8A70-EE83B1F6F896}.Debug|Win32.Build.0 = Debug|Win32
		{5B1BB19C-F27B-481E-8A70-EE83B1F6F896}.Debug|x64.ActiveCfg = Debug|Win32
		{5B1BB19C-F27B-481E-8A70-EE83B1F6F896}.Release DLL|Win32.ActiveCfg = Release|Win32
		{5B1BB19C-F27B-481E-8A70-EE83B1F6F896}.Release DLL|Win32.Build.0 = Release|Win32
		{5B1BB19C-F27B-481E-8A70-EE83B1F6F896}.Release DLL|x64.ActiveCfg = Release|Win32
		{5B1BB19C-F27B-481E-8A70-EE83B1F6F896}.Release Unicode|Win32.ActiveCfg = Release|Win32
		{5B1BB19C-F27B-481E-8A70-EE83B1F6F896}.Release Unicode|Win32.Build.0 = Release|Win32
		{5B1BB19C-F27B-481E-8A70-EE83B1F6F896}.Release Unicode|x64.ActiveCfg = Release|Win32
		{5B1BB19C-F27B-481E-8A70-EE83B1F6F896}.Release|Win32.ActiveCfg = Release|Win32
		{5B1BB19C-F27B-481E-8A70-EE83B1F6F896}.Release|Win32.Build.0 = Release|Win32
		{5B1BB19C-F27B-481E-8A70-EE83B1F6F896}.Release|x64.ActiveCfg = Release|Win32
		{5B1BB19C-F27B-481E-8A70-EE83B1F6F896}.Template|Win32.ActiveCfg = Release|Win32
		{5B1BB19C-F27B-481E-8A70-EE83B1F6F896}.Template|Win32.Build.0 = Release|Win32
		{5B1BB19C-F27B-481E-8A70-EE83B1F6F896}.Template|x64.ActiveCfg = Release|Win32
		{D5D1D341-546E-0EC4-1532-6F87DA69A575}.Debug DLL|Win32.ActiveCfg = Debug|Win32
		{D5D1D341-546E-0EC4-1532-6F87DA69A575}.Debug DLL|Win32.Build.0 = Debug|Win32
		{D5D1D341-546E-0EC4-1532-6F87DA69A575}.Debug DLL|x64.ActiveCfg = Debug|Win32
		{D5D1D341-546E-0EC4-1532-6F87DA69A575}.Debug|Win32.ActiveCfg = Debug|Win32
		{D5D1D341-546E-0EC4-1532-6F87DA69A575}.Debug|Win32.Build.0 = Debug|Win32
		{D5D1D341-546E-0EC4-1532-6F87DA69A575}.Debug|x64.ActiveCfg = Debug|Win32
		{D5D1D341-546E-0EC4-1532-6F87DA69A575}.Release DLL|Win32.ActiveCfg = Release|Win32
		{D5D1D341-546E-0EC4-1532-6F87DA69A575}.Release DLL|Win32.Build.0 = Release|Win32
		{D5D1D341-546E-0EC4-1532-6F87DA69A575}.Release DLL|x64.ActiveCfg = Release|Win32
		{D5D1D341-546E-0EC4-1532-6F87DA69A575}.Release Unicode|Win32.ActiveCfg = Release|Win32
		{D5D1D341-546E-0EC4-1532-6F87DA69A575}.Release Unicode|Win32.Build.0 = Release|Win32
		{D5D1D341-546E-0EC4-1532-6F87DA69A575}.Release Unicode|x64.ActiveCfg = Release|Win32
		{D5D1D341-546E-0EC4-1532-6F87DA69A575}.Release|Win32.ActiveCfg = Release|Win32
		{D5D1D341-546E-0EC4-1532-6F87DA69A575}.Release|Win32.Build.0 = Release|Win32
		{D5D1D341-546E-0EC4-1532-6F87DA69A575}.Release|x64.ActiveCfg = Release|Win32
		{D5D1D341-546E-0EC4-1532-6F87DA69A575}.Template|Win32.ActiveCfg = Release|Win32
		{D5D1D341-546E-0EC4-1532-6F87DA69A575}.Template|Win32.Build.0 = Release|Win32
		{D5D1D341-546E-0EC4-1532-6F87DA69A575}.Template|x64.ActiveCfg = Release|Win32
		{A80883CE-CE9F-4F69-9F2F-D8EA3441A952}.Debug DLL|Win32.ActiveCfg = Debug|Win32
		{A80883CE-CE9F-4F69-9F2F-D8EA3441A952}.Debug DLL|Win32.Build.0 = Debug|Win32
		{A80883CE-CE9F-4F69-9F2F-D8EA3441A952}.Debug DLL|x64.ActiveCfg = Debug|Win32
		{A80883CE-CE9F-4F69-9F2F-D8EA3441A952}.Debug|Win32.ActiveCfg = Debug|Win32
		{A80883CE-CE9F-4F69-9F2F-D8EA3441A952}.Debug|Win32.Build.0 = Debug|Win32
		{A80883CE-CE9F-4F69-9F2F-D8EA3441A952}.Debug|x64.ActiveCfg = Debug|Win32
		{A80883CE-CE9F-4F69-9F2F-D8EA3441A952}.Release DLL|Win32.ActiveCfg = Release|Win32
		{A80883CE-CE9F-4F69-9F2F-D8EA3441A952}.Release DLL|Win32.Build.0 = Release|Win32
		{A80883CE-CE9F-4F69-9F2F-D8EA3441A952}.Release DLL|x64.ActiveCfg = Release|Win32
		{A80883CE-CE9F-4F69-9F2F-D8EA3441A952}.Release Unicode|Win32.ActiveCfg = Release|Win32
		{A80883CE-CE9F-4F69-9F2F-D8EA3441A952}.Release Unicode|Win32.Build.0 = Release|Win32
		{A80883CE-CE9F-4F69-9F2F-D8EA3441A952}.Release Unicode|x64.ActiveCfg = Release|Win32
		{A80883CE-CE9F-4F69-9F2F-D8EA3441A952}.Release|Win32.ActiveCfg = Release|Win32
		{A80883CE-CE9F-4F69-9F2F-D8EA3441A952}.Release|Win32.Build.0 = Release|Win32
		{A80883CE-CE9F-4F69-9F2F-D8EA3441A952}.Release|x64.ActiveCfg = Release|Win32
		{A80883CE-CE9F-4F69-9F2F-D8EA3441A952}.Template|Win32.ActiveCfg = Release|Win32
		{A80883CE-CE9F-4F69-9F2F-D8EA3441A952}.Template|Win32.Build.0 = Release|Win32
		{A80883CE-CE9F-4F69-9F2F-D8EA3441A952}.Template|x64.ActiveCfg = Release|Win32
		{1F600DAB-F705-4DF5-A07C-96B1495D7102}.Debug DLL|Win32.ActiveCfg = Debug|Win32
		{1F600DAB-F705-4DF5-A07C-96B1495D7102}.Debug DLL|Win32.Build.0 = Debug|Win32
		{1F600DAB-F705-4DF5-A07C-96B1495D7102}.Debug DLL|x64.ActiveCfg = Debug|Win32
		{1F600DAB-F705-4DF5-A07C-96B1495D7102}.Debug|Win32.ActiveCfg = Debug|Win32
		{1F600DAB-F705-4DF5-A07C-96B1495D7102}.Debug|Win32.Build.0 = Debug|Win32
		{1F600DAB-F705-4DF5-A07C-96B1495D7102}.Debug|x64.ActiveCfg = Debug|Win32
		{1F600DAB-F705-4DF5-A07C-96B1495D7102}.Release DLL|Win32.ActiveCfg = Release|Win32
		{1F600DAB-F705-4DF5-A07C-96B1495D7102}.Release DLL|Win32.Build.0 = Release|Win32
		{1F600DAB-F705-4DF5-A07C-96B1495D7102}.Release DLL|x64.ActiveCfg = Release|Win32
		{1F600DAB-F705-4DF5-A07C-96B1495D7102}.Release Unicode|Win32.ActiveCfg = Release|Win32
		{1F600DAB-F705-4DF5-A07C-96B1495D7102}.Release Unicode|Win32.Build.0 = Release|Win32
		{1F600DAB-F705-4DF5-A07C-96B1495D7102}.Release Unicode|x64.ActiveCfg = Release|Win32
		{1F600DAB-F705-4DF5-A07C-96B1495D7102}.Release|Win32.ActiveCfg = Release|Win32
		{1F600DAB-F705-4DF5-A07C-96B1495D7102}.Release|Win32.Build.0 = Release|Win32
		{1F600DAB-F705-4DF5-A07C-96B1495D7102}.Release|x64.ActiveCfg = Release|Win32
		{1F600DAB-F705-4DF5-A07C-96B1495D7102}.Template|Win32.ActiveCfg = Release|Win32
		{1F600DAB-F705-4DF5-A07C-96B1495D7102}.Template|Win32.Build.0 = Release|Win32
		{1F600DAB-F705-4DF5-A07C-96B1495D7102}.Template|x64.ActiveCfg = Release|Win32
		{94A004ED-E1CA-CD54-76FF-C8F6D09FE9F9}.Debug DLL|Win32.ActiveCfg = Debug|Win32
		{94A004ED-E1CA-CD54-76FF-C8F6D09FE9F9}.Debug DLL|Win32.Build.0 = Debug|Win32
		{94A004ED-E1CA-CD54-76FF-C8F6D09FE9F9}.Debug DLL|x64.ActiveCfg = Debug|Win32
		{94A004ED-E1CA-CD54-76FF-C8F6D09FE9F9}.Debug|Win32.ActiveCfg = Debug|Win32
		{94A004ED-E1CA-CD54-76FF-C8F6D09FE9F9}.Debug|Win32.Build.0 = Debug|Win32
		{94A004ED-E1CA-CD54-76FF-C8F6D09FE9F9}.Debug|x64.ActiveCfg = Debug|Win32
		{94A004ED-E1CA-CD54-76FF-C8F6D09FE9F9}.Release DLL|Win32.ActiveCfg = Release|Win32
		{94A004ED-E1CA-CD54-76FF-C8F6D09FE9F9}.Release DLL|Win32.Build.0 = Release|Win32
		{94A004ED-E1CA-CD54-76FF-C8F6D09FE9F9}.Release DLL|x64.ActiveCfg = Release|Win32
		{94A004ED-E1CA-CD54-76FF-C8F6D09FE9F9}.Release Unicode|Win32.ActiveCfg = Release|Win32
		{94A004ED-E1CA-CD54-76FF-C8F6D09FE9F9}.Release Unicode|Win32.Build.0 = Release|Win32
		{94A004ED-E1CA-CD54-76FF-C8F6D09FE9F9}.Release Unicode|x64.ActiveCfg = Release|Win32
		{94A004ED-E1CA-CD54-76FF-C8F6D09FE9F9}.Release|Win32.ActiveCfg = Release|Win32
		{94A004ED-E1CA-CD54-76FF-C8F6D09FE9F9}.Release|Win32.Build.0 = Release|Win32
		{94A004ED-E1CA-CD54-76FF-C8F6D09FE9F9}.Release|x64.ActiveCfg = Release|Win32
		{94A004ED-E1CA-CD54-76FF-C8F6D09FE9F9}.Template|Win32.ActiveCfg = Release|Win32
		{94A004ED-E1CA-CD54-76FF-C8F6D09FE9F9}.Template|Win32.Build.0 = Release|Win32
		{94A004ED-E1CA-CD54-76FF-C8F6D09FE9F9}.Template|x64.ActiveCfg = Release|Win32
		{59CE569B-138D-36D6-6CBC-3C16D4C57A78}.Debug DLL|Win32.ActiveCfg = Debug|Win32
		{59CE569B-138D-36D6-6CBC-3C16D4C57A78}.Debug DLL|Win32.Build.0 = Debug|Win32
		{59CE569B-138D-36D6-6CBC-3C16D4C57A78}.Debug DLL|x64.ActiveCfg = Debug|Win32
		{59CE569B-138D-36D6-6CBC-3C16D4C57A78}.Debug|Win32.ActiveCfg = Debug|Win32
		{59CE569B-138D-36D6-6CBC-3C16D4C57A78}.Debug|Win32.Build.0 = Debug|Win32
		{59CE569B-138D-36D6-6CBC-3C16D4C57A78}.Debug|x64.ActiveCfg = Debug|Win32
		{59CE569B-138D-36D6-6CBC-3C16D4C57A78}.Release DLL|Win32.ActiveCfg = Release|Win32
		{59CE569B-138D-36D6-6CBC-3C16D4C57A78}.Release DLL|Win32.Build.0 = Release|Win32
		{59CE569B-138D-36D6-6CBC-3C16D4C57A78}.Release DLL|x64.ActiveCfg = Release|Win32
		{59CE569B-138D-36D6-6CBC-3C16D4C57A78}.Release Unicode|Win32.ActiveCfg = Release|Win32
		{59CE569B-138D-36D6-6CBC-3C16D4C57A78}.Release Unicode|Win32.Build.0 = Release|Win32
		{59CE569B-138D-36D6-6CBC-3C16D4C57A78}.Release Unicode|x64.ActiveCfg = Release|Win32
		{59CE569B-138D-36D6-6CBC-3C16D4C57A78}.Release|Win32.ActiveCfg = Release|Win32
		{59CE569B-138D-36D6-6CBC-3C16D4C57A78}.Release|Win32.Build.0 = Release|Win32
		{59CE569B-138D-36D6-6CBC-3C16D4C57A78}.Release|x64.ActiveCfg = Release|Win32
		{59CE569B-138D-36D6-6CBC-3C16D4C57A78}.Template|Win32.ActiveCfg = Release|Win32
		{59CE569B-138D-36D6-6CBC-3C16D4C57A78}.Template|Win32.Build.0 = Release|Win32
		{59CE569B-138D-36D6-6CBC-3C16D4C57A78}.Template|x64.ActiveCfg = Release|Win32
		{E8076341-679A-5C4C-7A30-0F48211ED90B}.Debug DLL|Win32.ActiveCfg = Debug|Win32
		{E8076341-679A-5C4C-7A30-0F48211ED90B}.Debug DLL|Win32.Build.0 = Debug|Win32
		{E8076341-679A-5C4C-7A30-0F48211ED90B}.Debug DLL|x64.ActiveCfg = Debug|Win32
		{E8076341-679A-5C4C-7A30-0F48211ED90B}.Debug|Win32.ActiveCfg = Debug|Win32
		{E8076341-679A-5C4C-7A30-0F48211ED90B}.Debug|Win32.Build.0 = Debug|Win32
		{E8076341-679A-5C4C-7A30-0F48211ED90B}.Debug|x64.ActiveCfg = Debug|Win32
		{E8076341-679A-5C4C-7A30-0F48211ED90B}.Release DLL|Win32.ActiveCfg = Release|Win32
		{E8076341-679A-5C4C-7A30-0F48211ED90B}.Release DLL|Win32.Build.0 = Release|Win32
		{E8076341-679A-5C4C-7A30-0F48211ED90B}.Release DLL|x64.ActiveCfg = Release|Win32
		{E8076341-679A-5C4C-7A30-0F48211ED90B}.Release Unicode|Win32.ActiveCfg = Release|Win32
		{E8076341-679A-5C4C-7A30-0F48211ED90B}.Release Unicode|Win32.Build.0 = Release|Win32
		{E8076341-679A-5C4C-7A30-0F48211ED90B}.Release Unicode|x64.ActiveCfg = Release|Win32
		{E8076341-679A-5C4C-7A30-0F48211ED90B}.Release|Win32.ActiveCfg = Release|Win32
		{E8076341-679A-5C4C-7A30-0F48211ED90B}.Release|Win32.Build.0 = Release|Win32
		{E8076341-679A-5C4C-7A30-0F48211ED90B}.Release|x64.ActiveCfg = Release|Win32
		{E8076341-679A-5C4C-7A30-0F48211ED90B}.Template|Win32.ActiveCfg = Release|Win32
		{E8076341-679A-5C4C-7A30-0F48211ED90B}.Template|Win32.Build.0 = Release|Win32
		{E8076341-679A-5C4C-7A30-0F48211ED90B}.Template|x64.ActiveCfg = Release|Win32
		{EF15C6E9-3ADE-93F8-9465-1E39ACD0BC93}.Debug DLL|Win32.ActiveCfg = Debug|Win32
		{EF15C6E9-3ADE-93F8-9465-1E39ACD0BC93}.Debug DLL|Win32.Build.0 = Debug|Win32
		{EF15C6E9-3ADE-93F8-9465-1E39ACD0BC93}.Debug DLL|x64.ActiveCfg = Debug|Win32
		{EF15C6E9-3ADE-93F8-9465-1E39ACD0BC93}.Debug|Win32.ActiveCfg = Debug|Win32
		{EF15C6E9-3ADE-93F8-9465-1E39ACD0BC93}.Debug|Win32.Build.0 = Debug|Win32
		{EF15C6E9-3ADE-93F8-9465-1E39ACD0BC93}.Debug|x64.ActiveCfg = Debug|Win32
		{EF15C6E9-3ADE-93F8-9465-1E39ACD0BC93}.Release DLL|Win32.ActiveCfg = Release|Win32
		{EF15C6E9-3ADE-93F8-9465-1E39ACD0BC93}.Release DLL|Win32.Build.0 = Release|Win32
		{EF15C6E9-3ADE-93F8-9465-1E39ACD0BC93}.Release DLL|x64.ActiveCfg = Release|Win32
		{EF15C6E9-3ADE-93F8-9465-1E39ACD0BC93}.Release Unicode|Win32.ActiveCfg = Release|Win32
		{EF15C6E9-3ADE-93F8-9465-1E39ACD0BC93}.Release Unicode|Win32.Build.0 = Release|Win32
		{EF15C6E9-3ADE-93F8-9465-1E39ACD0BC93}.Release Unicode|x64.ActiveCfg = Release|Win32
		{EF15C6E9-3ADE-93F8-9465-1E39ACD0BC93}.Release|Win32.ActiveCfg = Release|Win32
		{EF15C6E9-3ADE-93F8-9465-1E39ACD0BC93}.Release|Win32.Build.0 = Release|Win32
		{EF15C6E9-3ADE-93F8-9465-1E39ACD0BC93}.Release|x64.ActiveCfg = Release|Win32
		{EF15C6E9-3ADE-93F8-9465-1E39ACD0BC93}.Template|Win32.ActiveCfg = Release|Win32
		{EF15C6E9-3ADE-93F8-9465-1E39ACD0BC93}.Template|Win32.Build.0 = Release|Win32
		{EF15C6E9-3ADE-93F8-9465-1E39ACD0BC93}.Template|x64.ActiveCfg = Release|Win32
		{F0D6D38E-7BFA-0015-C3E4-64C8F9D875A3}.Debug DLL|Win32.ActiveCfg = Debug|Win32
		{F0D6D38E-7BFA-0015-C3E4-64C8F9D875A3}.Debug DLL|Win32.Build.0 = Debug|Win32
		{F0D6D38E-7BFA-0015-C3E4-64C8F9D875A3}.Debug DLL|x64.ActiveCfg = Debug|Win32
		{F0D6D38E-7BFA-0015-C3E4-64C8F9D875A3}.Debug|Win32.ActiveCfg = Debug|Win32
		{F0D6D38E-7BFA-0015-C3E4-64C8F9D875A3}.Debug|Win32.Build.0 = Debug|Win32
		{F0D6D38E-7BFA-0015-C3E4-64C8F9D875A3}.Debug|x64.ActiveCfg = Debug|Win32
		{F0D6D38E-7BFA-0015-C3E4-64C8F9D875A3}.Release DLL|Win32.ActiveCfg = Release|Win32
		{F0D6D38E-7BFA-0015-C3E4-64C8F9D875A3}.Release DLL|Win32.Build.0 = Release|Win32
		{F0D6D38E-7BFA-0015-C3E4-64C8F9D875A3}.Release DLL|x64.ActiveCfg = Release|Win32
		{F0D6D38E-7BFA-0015-C3E4-64C8F9D875A3}.Release Unicode|Win32.ActiveCfg = Release|Win32
		{F0D6D38E-7BFA-0015-C3E4-64C8F9D875A3}.Release Unicode|Win32.Build.0 = Release|Win32
		{F0D6D38E-7BFA-0015-C3E4-64C8F9D875A3}.Release Unicode|x64.ActiveCfg = Release|Win32
		{F0D6D38E-7BFA-0015-C3E4-64C8F9D875A3}.Release|Win32.ActiveCfg = Release|Win32
		{F0D6D38E-7BFA-0015-C3E4-64C8F9D875A3}.Release|Win32.Build.0 = Release|Win32
		{F0D6D38E-7BFA-0015-C3E4-64C8F9D875A3}.Release|x64.ActiveCfg = Release|Win32
		{F0D6D38E-7BFA-0015-C3E4-64C8F9D875A3}.Template|Win32.ActiveCfg = Release|Win32
		{F0D6D38E-7BFA-0015-C3E4-64C8F9D875A3}.Template|Win32.Build.0 = Release|Win32
		{F0D6D38E-7BFA-0015-C3E4-64C8F9D875A3}.Template|x64.ActiveCfg = Release|Win32
		{5ECBB0FD-48C4-EED6-AE7B-56C6BEEBCF25}.Debug DLL|Win32.ActiveCfg = Debug|Win32
		{5ECBB0FD-48C4-EED6-AE7B-56C6BEEBCF25}.Debug DLL|Win32.Build.0 = Debug|Win32
		{5ECBB0FD-48C4-EED6-AE7B-56C6BEEBCF25}.Debug DLL|x64.ActiveCfg = Debug|Win32
		{5ECBB0FD-48C4-EED6-AE7B-56C6BEEBCF25}.Debug|Win32.ActiveCfg = Debug|Win32
		{5ECBB0FD-48C4-EED6-AE7B-56C6BEEBCF25}.Debug|Win32.Build.0 = Debug|Win32
		{5ECBB0FD-48C4-EED6-AE7B-56C6BEEBCF25}.Debug|x64.ActiveCfg = Debug|Win32
		{5ECBB0FD-48C4-EED6-AE7B-56C6BEEBCF25}.Release DLL|Win32.ActiveCfg = Release|Win32
		{5ECBB0FD-48C4-EED6-AE7B-56C6BEEBCF25}.Release DLL|Win32.Build.0 = Release|Win32
		{5ECBB0FD-48C4-EED6-AE7B-56C6BEEBCF25}.Release DLL|x64.ActiveCfg = Release|Win32
		{5ECBB0FD-48C4-EED6-AE7B-56C6BEEBCF25}.Release Unicode|Win32.ActiveCfg = Release|Win32
		{5ECBB0FD-48C4-EED6-AE7B-56C6BEEBCF25}.Release Unicode|Win32.Build.0 = Release|Win32
		{5ECBB0FD-48C4-EED6-AE7B-56C6BEEBCF25}.Release Unicode|x64.ActiveCfg = Release|Win32
		{5ECBB0FD-48C4-EED6-AE7B-56C6BEEBCF25}.Release|Win32.ActiveCfg = Release|Win32
		{5ECBB0FD-48C4-EED6-AE7B-56C6BEEBCF25}.Release|Win32.Build.0 = Release|Win32
		{5ECBB0FD-48C4-EED6-AE7B-56C6BEEBCF25}.Release|x64.ActiveCfg = Release|Win32
		{5ECBB0FD-48C4-EED6-AE7B-56C6BEEBCF25}.Template|Win32.ActiveCfg = Release|Win32
		{5ECBB0FD-48C4-EED6-AE7B-56C6BEEBCF25}.Template|Win32.Build.0 = Release|Win32
		{5ECBB0FD-48C4-EED6-AE7B-56C6BEEBCF25}.Template|x64.ActiveCfg = Release|Win32
		{BB7BA38C-EFCC-A9E3-B93D-FCFB0031E169}.Debug DLL|Win32.ActiveCfg = Debug|Win32
		{BB7BA38C-EFCC-A9E3-B93D-FCFB0031E169}.Debug DLL|Win32.Build.0 = Debug|Win32
		{BB7BA38C-EFCC-A9E3-B93D-FCFB0031E169}.Debug DLL|x64.ActiveCfg = Debug|Win32
		{BB7BA38C-EFCC-A9E3-B93D-FCFB0031E169}.Debug|Win32.ActiveCfg = Debug|Win32
		{BB7BA38C-EFCC-A9E3-B93D-FCFB0031E169}.Debug|Win32.Build.0 = Debug|Win32
		{BB7BA38C-EFCC-A9E3-B93D-FCFB0031E169}.Debug|x64.ActiveCfg = Debug|Win32
		{BB7BA38C-EFCC-A9E3-B93D-FCFB0031E169}.Release DLL|Win32.ActiveCfg = Release|Win32
		{BB7BA38C-EFCC-A9E3-B93D-FCFB0031E169}.Release DLL|Win32.Build.0 = Release|Win32
		{BB7BA38C-EFCC-A9E3-B93D-FCFB0031E169}.Release DLL|x64.ActiveCfg = Release|Win32
		{BB7BA38C-EFCC-A9E3-B93D-FCFB0031E169}.Release Unicode|Win32.ActiveCfg = Release|Win32
		{BB7BA38C-EFCC-A9E3-B93D-FCFB0031E169}.Release Unicode|Win32.Build.0 = Release|Win32
		{BB7BA38C-EFCC-A9E3-B93D-FCFB0031E169}.Release Unicode|x64.ActiveCfg = Release|Win32
		{BB7BA38C-EFCC-A9E3-B93D-FCFB0031E169}.Release|Win32.ActiveCfg = Release|Win32
		{BB7BA38C-EFCC-A9E3-B93D-FCFB0031E169}.Release|Win32.Build.0 = Release|Win32
		{BB7BA38C-EFCC-A9E3-B93D-FCFB0031E169}.Release|x64.ActiveCfg = Release|Win32
		{BB7BA38C-EFCC-A9E3-B93D-FCFB0031E169}.Template|Win32.ActiveCfg = Release|Win32
		{BB7BA38C-EFCC-A9E3-B93D-FCFB0031E169}.Template|Win32.Build.0 = Release|Win32
		{BB7BA38C-EFCC-A9E3-B93D-FCFB0031E169}.Template|x64.ActiveCfg = Release|Win32
		{A065C125-8442-F65B-30AB-846CAA7026AD}.Debug DLL|Win32.ActiveCfg = Debug|Win32
		{A065C125-8442-F65B-30AB-846CAA7026AD}.Debug DLL|Win32.Build.0 = Debug|Win32
		{A065C125-8442-F65B-30AB-846CAA7026AD}.Debug DLL|x64.ActiveCfg = Debug|Win32
		{A065C125-8442-F65B-30AB-846CAA7026AD}.Debug|Win32.ActiveCfg = Debug|Win32
		{A065C125-8442-F65B-30AB-846CAA7026AD}.Debug|Win32.Build.0 = Debug|Win32
		{A065C125-8442-F65B-30AB-846CAA7026AD}.Debug|x64.ActiveCfg = Debug|Win32
		{A065C125-8442-F65B-30AB-846CAA7026AD}.Release DLL|Win32.ActiveCfg = Release|Win32
		{A065C125-8442-F65B-30AB-846CAA7026AD}.Release DLL|Win32.Build.0 = Release|Win32
		{A065C125-8442-F65B-30AB-846CAA7026AD}.Release DLL|x64.ActiveCfg = Release|Win32
		{A065C125-8442-F65B-30AB-846CAA7026AD}.Release Unicode|Win32.ActiveCfg = Release|Win32
		{A065C125-8442-F65B-30AB-846CAA7026AD}.Release Unicode|Win32.Build.0 = Release|Win32
		{A065C125-8442-F65B-30AB-846CAA7026AD}.Release Unicode|x64.ActiveCfg = Release|Win32
		{A065C125-8442-F65B-30AB-846CAA7026AD}.Release|Win32.ActiveCfg = Release|Win32
		{A065C125-8442-F65B-30AB-846CAA7026AD}.Release|Win32.Build.0 = Release|Win32
		{A065C125-8442-F65B-30AB-846CAA7026AD}.Release|x64.ActiveCfg = Release|Win32
		{A065C125-8442-F65B-30AB-846CAA7026AD}.Template|Win32.ActiveCfg = Release|Win32
		{A065C125-8442-F65B-30AB-846CAA7026AD}.Template|Win32.Build.0 = Release|Win32
		{A065C125-8442-F65B-30AB-846CAA7026AD}.Template|x64.ActiveCfg = Release|Win32
		{31A8621E-5098-4CA3-8DF4-B86A73FB776D}.Debug DLL|Win32.ActiveCfg = Debug|Win32
		{31A8621E-5098-4CA3-8DF4-B86A73FB776D}.Debug DLL|Win32.Build.0 = Debug|Win32
		{31A8621E-5098-4CA3-8DF4-B86A73FB776D}.Debug DLL|x64.ActiveCfg = Debug|Win32
		{31A8621E-5098-4CA3-8DF4-B86A73FB776D}.Debug|Win32.ActiveCfg = Debug|Win32
		{31A8621E-5098-4CA3-8DF4-B86A73FB776D}.Debug|Win32.Build.0 = Debug|Win32
		{31A8621E-5098-4CA3-8DF4-B86A73FB776D}.Debug|x64.ActiveCfg = Debug|Win32
		{31A8621E-5098-4CA3-8DF4-B86A73FB776D}.Release DLL|Win32.ActiveCfg = Release|Win32
		{31A8621E-5098-4CA3-8DF4-B86A73FB776D}.Release DLL|Win32.Build.0 = Release|Win32
		{31A8621E-5098-4CA3-8DF4-B86A73FB776D}.Release DLL|x64.ActiveCfg = Release|Win32
		{31A8621E-5098-4CA3-8DF4-B86A73FB776D}.Release Unicode|Win32.ActiveCfg = Release|Win32
		{31A8621E-5098-4CA3-8DF4-B86A73FB776D}.Release Unicode|Win32.Build.0 = Release|Win32
		{31A8621E-5098-4CA3-8DF4-B86A73FB776D}.Release Unicode|x64.ActiveCfg = Release|Win32
		{31A8621E-5098-4CA3-8DF4-B86A73FB776D}.Release|Win32.ActiveCfg = Release|Win32
		{31A8621E-5098-4CA3-8DF4-B86A73FB776D}.Release|Win32.Build.0 = Release|Win32
		{31A8621E-5098-4CA3-8DF4-B86A73FB776D}.Release|x64.ActiveCfg = Release|Win32
		{31A8621E-5098-4CA3-8DF4-B86A73FB776D}.Template|Win32.ActiveCfg = Release|Win32
		{31A8621E-5098-4CA3-8DF4-B86A73FB776D}.Template|Win32.Build.0 = Release|Win32
		{31A8621E-5098-4CA3-8DF4-B86A73FB776D}.Template|x64.ActiveCfg = Release|Win32
		{13F6BD8E-710F-C085-3A60-22B334C6DB77}.Debug DLL|Win32.ActiveCfg = Debug|Win32
		{13F6BD8E-710F-C085-3A60-22B334C6DB77}.Debug DLL|Win32.Build.0 = Debug|Win32
		{13F6BD8E-710F-C085-3A60-22B334C6DB77}.Debug DLL|x64.ActiveCfg = Debug|Win32
		{13F6BD8E-710F-C085-3A60-22B334C6DB77}.Debug|Win32.ActiveCfg = Debug|Win32
		{13F6BD8E-710F-C085-3A60-22B334C6DB77}.Debug|Win32.Build.0 = Debug|Win32
		{13F6BD8E-710F-C085-3A60-22B334C6DB77}.Debug|x64.ActiveCfg = Debug|Win32
		{13F6BD8E-710F-C085-3A60-22B334C6DB77}.Release DLL|Win32.ActiveCfg = Release|Win32
		{13F6BD8E-710F-C085-3A60-22B334C6DB77}.Release DLL|Win32.Build.0 = Release|Win32
		{13F6BD8E-710F-C085-3A60-22B334C6DB77}.Release DLL|x64.ActiveCfg = Release|Win32
		{13F6BD8E-710F-C085-3A60-22B334C6DB77}.Release Unicode|Win32.ActiveCfg = Release|Win32
		{13F6BD8E-710F-C085-3A60-22B334C6DB77}.Release Unicode|Win32.Build.0 = Release|Win32
		{13F6BD8E-710F-C085-3A60-22B334C6DB77}.Release Unicode|x64.ActiveCfg = Release|Win32
		{13F6BD8E-710F-C085-3A60-22B334C6DB77}.Release|Win32.ActiveCfg = Release|Win32
		{13F6BD8E-710F-C085-3A60-22B334C6DB77}.Release|Win32.Build.0 = Release|Win32
		{13F6BD8E-710F-C085-3A60-22B334C6DB77}.Release|x64.ActiveCfg = Release|Win32
		{13F6BD8E-710F-C085-3A60-22B334C6DB77}.Template|Win32.ActiveCfg = Release|Win32
		{13F6BD8E-710F-C085-3A60-22B334C6DB77}.Template|Win32.Build.0 = Release|Win32
		{13F6BD8E-710F-C085-3A60-22B334C6DB77}.Template|x64.ActiveCfg = Release|Win32
		{1BE6DD3C-917A-C2F7-1653-8E5E8488A3D6}.Debug DLL|Win32.ActiveCfg = Debug|Win32
		{1BE6DD3C-917A-C2F7-1653-8E5E8488A3D6}.Debug DLL|Win32.Build.0 = Debug|Win32
		{1BE6DD3C-917A-C2F7-1653-8E5E8488A3D6}.Debug DLL|x64.ActiveCfg = Debug|Win32
		{1BE6DD3C-917A-C2F7-1653-8E5E8488A3D6}.Debug|Win32.ActiveCfg = Debug|Win32
		{1BE6DD3C-917A-C2F7-1653-8E5E8488A3D6}.Debug|Win32.Build.0 = Debug|Win32
		{1BE6DD3C-917A-C2F7-1653-8E5E8488A3D6}.Debug|x64.ActiveCfg = Debug|Win32
		{1BE6DD3C-917A-C2F7-1653-8E5E8488A3D6}.Release DLL|Win32.ActiveCfg = Release|Win32
		{1BE6DD3C-917A-C2F7-1653-8E5E8488A3D6}.Release DLL|Win32.Build.0 = Release|Win32
		{1BE6DD3C-917A-C2F7-1653-8E5E8488A3D6}.Release DLL|x64.ActiveCfg = Release|Win32
		{1BE6DD3C-917A-C2F7-1653-8E5E8488A3D6}.Release Unicode|Win32.ActiveCfg = Release|Win32
		{1BE6DD3C-917A-C2F7-1653-8E5E8488A3D6}.Release Unicode|Win32.Build.0 = Release|Win32
		{1BE6DD3C-917A-C2F7-1653-8E5E8488A3D6}.Release Unicode|x64.ActiveCfg = Release|Win32
		{1BE6DD3C-917A-C2F7-1653-8E5E8488A3D6}.Release|Win32.ActiveCfg = Release|Win32
		{1BE6DD3C-917A-C2F7-1653-8E5E8488A3D6}.Release|Win32.Build.0 = Release|Win32
		{1BE6DD3C-917A-C2F7-1653-8E5E8488A3D6}.Release|x64.ActiveCfg = Release|Win32
		{1BE6DD3C-917A-C2F7-1653-8E5E8488A3D6}.Template|Win32.ActiveCfg = Release|Win32
		{1BE6DD3C-917A-C2F7-1653-8E5E8488A3D6}.Template|Win32.Build.0 = Release|Win32
		{1BE6DD3C-917A-C2F7-1653-8E5E8488A3D6}.Template|x64.ActiveCfg = Release|Win32
		{C9996D0D-C8AC-6CE1-30EE-4DF64BA7C14A}.Debug DLL|Win32.ActiveCfg = Debug|Win32
		{C9996D0D-C8AC-6CE1-30EE-4DF64BA7C14A}.Debug DLL|Win32.Build.0 = Debug|Win32
		{C9996D0D-C8AC-6CE1-30EE-4DF64BA7C14A}.Debug DLL|x64.ActiveCfg = Debug|Win32
		{C9996D0D-C8AC-6CE1-30EE-4DF64BA7C14A}.Debug|Win32.ActiveCfg = Debug|Win32
		{C9996D0D-C8AC-6CE1-30EE-4DF64BA7C14A}.Debug|Win32.Build.0 = Debug|Win32
		{C9996D0D-C8AC-6CE1-30EE-4DF64BA7C14A}.Debug|x64.ActiveCfg = Debug|Win32
		{C9996D0D-C8AC-6CE1-30EE-4DF64BA7C14A}.Release DLL|Win32.ActiveCfg = Release|Win32
		{C9996D0D-C8AC-6CE1-30EE-4DF64BA7C14A}.Release DLL|Win32.Build.0 = Release|Win32
		{C9996D0D-C8AC-6CE1-30EE-4DF64BA7C14A}.Release DLL|x64.ActiveCfg = Release|Win32
		{C9996D0D-C8AC-6CE1-30EE-4DF64BA7C14A}.Release Unicode|Win32.ActiveCfg = Release|Win32
		{C9996D0D-C8AC-6CE1-30EE-4DF64BA7C14A}.Release Unicode|Win32.Build.0 = Release|Win32
		{C9996D0D-C8AC-6CE1-30EE-4DF64BA7C14A}.Release Unicode|x64.ActiveCfg = Release|Win32
		{C9996D0D-C8AC-6CE1-30EE-4DF64BA7C14A}.Release|Win32.ActiveCfg = Release|Win32
		{C9996D0D-C8AC-6CE1-30EE-4DF64BA7C14A}.Release|Win32.Build.0 = Release|Win32
		{C9996D0D-C8AC-6CE1-30EE-4DF64BA7C14A}.Release|x64.ActiveCfg = Release|Win32
		{C9996D0D-C8AC-6CE1-30EE-4DF64BA7C14A}.Template|Win32.ActiveCfg = Release|Win32
		{C9996D0D-C8AC-6CE1-30EE-4DF64BA7C14A}.Template|Win32.Build.0 = Release|Win32
		{C9996D0D-C8AC-6CE1-30EE-4DF64BA7C14A}.Template|x64.ActiveCfg = Release|Win32
		{777CE9AA-5045-A990-0C0A-0ACB40150FD1}.Debug DLL|Win32.ActiveCfg = Debug|Win32
		{777CE9AA-5045-A990-0C0A-0ACB40150FD1}.Debug DLL|Win32.Build.0 = Debug|Win32
		{777CE9AA-5045-A990-0C0A-0ACB40150FD1}.Debug DLL|x64.ActiveCfg = Debug|Win32
		{777CE9AA-5045-A990-0C0A-0ACB40150FD1}.Debug|Win32.ActiveCfg = Debug|Win32
		{777CE9AA-5045-A990-0C0A-0ACB40150FD1}.Debug|Win32.Build.0 = Debug|Win32
		{777CE9AA-5045-A990-0C0A-0ACB40150FD1}.Debug|x64.ActiveCfg = Debug|Win32
		{777CE9AA-5045-A990-0C0A-0ACB40150FD1}.Release DLL|Win32.ActiveCfg = Release|Win32
		{777CE9AA-5045-A990-0C0A-0ACB40150FD1}.Release DLL|Win32.Build.0 = Release|Win32
		{777CE9AA-5045-A990-0C0A-0ACB40150FD1}.Release DLL|x64.ActiveCfg = Release|Win32
		{777CE9AA-5045-A990-0C0A-0ACB40150FD1}.Release Unicode|Win32.ActiveCfg = Release|Win32
		{777CE9AA-5045-A990-0C0A-0ACB40150FD1}.Release Unicode|Win32.Build.0 = Release|Win32
		{777CE9AA-5045-A990-0C0A-0ACB40150FD1}.Release Unicode|x64.ActiveCfg = Release|Win32
		{777CE9AA-5045-A990-0C0A-0ACB40150FD1}.Release|Win32.ActiveCfg = Release|Win32
		{777CE9AA-5045-A990-0C0A-0ACB40150FD1}.Release|Win32.Build.0 = Release|Win32
		{777CE9AA-5045-A990-0C0A-0ACB40150FD1}.Release|x64.ActiveCfg = Release|Win32
		{777CE9AA-5045-A990-0C0A-0ACB40150FD1}.Template|Win32.ActiveCfg = Release|Win32
		{777CE9AA-5045-A990-0C0A-0ACB40150FD1}.Template|Win32.Build.0 = Release|Win32
		{777CE9AA-5045-A990-0C0A-0ACB40150FD1}.Template|x64.ActiveCfg = Release|Win32
		{67865BA6-E8FC-E998-6CB1-65664B2A54DA}.Debug DLL|Win32.ActiveCfg = Debug|Win32
		{67865BA6-E8FC-E998-6CB1-65664B2A54DA}.Debug DLL|Win32.Build.0 = Debug|Win32
		{67865BA6-E8FC-E998-6CB1-65664B2A54DA}.Debug DLL|x64.ActiveCfg = Debug|Win32
		{67865BA6-E8FC-E998-6CB1-65664B2A54DA}.Debug|Win32.ActiveCfg = Debug|Win32
		{67865BA6-E8FC-E998-6CB1-65664B2A54DA}.Debug|Win32.Build.0 = Debug|Win32
		{67865BA6-E8FC-E998-6CB1-65664B2A54DA}.Debug|x64.ActiveCfg = Debug|Win32
		{67865BA6-E8FC-E998-6CB1-65664B2A54DA}.Release DLL|Win32.ActiveCfg = Release|Win32
		{67865BA6-E8FC-E998-6CB1-65664B2A54DA}.Release DLL|Win32.Build.0 = Release|Win32
		{67865BA6-E8FC-E998-6CB1-65664B2A54DA}.Release DLL|x64.ActiveCfg = Release|Win32
		{67865BA6-E8FC-E998-6CB1-65664B2A54DA}.Release Unicode|Win32.ActiveCfg = Release|Win32
		{67865BA6-E8FC-E998-6CB1-65664B2A54DA}.Release Unicode|Win32.Build.0 = Release|Win32
		{67865BA6-E8FC-E998-6CB1-65664B2A54DA}.Release Unicode|x64.ActiveCfg = Release|Win32
		{67865BA6-E8FC-E998-6CB1-65664B2A54DA}.Release|Win32.ActiveCfg = Release|Win32
		{67865BA6-E8FC-E998-6CB1-65664B2A54DA}.Release|Win32.Build.0 = Release|Win32
		{67865BA6-E8FC-E998-6CB1-65664B2A54DA}.Release|x64.ActiveCfg = Release|Win32
		{67865BA6-E8FC-E998-6CB1-65664B2A54DA}.Template|Win32.ActiveCfg = Release|Win32
		{67865BA6-E8FC-E998-6CB1-65664B2A54DA}.Template|Win32.Build.0 = Release|Win32
		{67865BA6-E8FC-E998-6CB1-65664B2A54DA}.Template|x64.ActiveCfg = Release|Win32
		{60886227-8EF1-0A1F-3C98-0B35CB0BDA5B}.Debug DLL|Win32.ActiveCfg = Debug|Win32
		{60886227-8EF1-0A1F-3C98-0B35CB0BDA5B}.Debug DLL|Win32.Build.0 = Debug|Win32
		{60886227-8EF1-0A1F-3C98-0B35CB0BDA5B}.Debug DLL|x64.ActiveCfg = Debug|Win32
		{60886227-8EF1-0A1F-3C98-0B35CB0BDA5B}.Debug|Win32.ActiveCfg = Debug|Win32
		{60886227-8EF1-0A1F-3C98-0B35CB0BDA5B}.Debug|Win32.Build.0 = Debug|Win32
		{60886227-8EF1-0A1F-3C98-0B35CB0BDA5B}.Debug|x64.ActiveCfg = Debug|Win32
		{60886227-8EF1-0A1F-3C98-0B35CB0BDA5B}.Release DLL|Win32.ActiveCfg = Release|Win32
		{60886227-8EF1-0A1F-3C98-0B35CB0BDA5B}.Release DLL|Win32.Build.0 = Release|Win32
		{60886227-8EF1-0A1F-3C98-0B35CB0BDA5B}.Release DLL|x64.ActiveCfg = Release|Win32
		{60886227-8EF1-0A1F-3C98-0B35CB0BDA5B}.Release Unicode|Win32.ActiveCfg = Release|Win32
		{60886227-8EF1-0A1F-3C98-0B35CB0BDA5B}.Release Unicode|Win32.Build.0 = Release|Win32
		{60886227-8EF1-0A1F-3C98-0B35CB0BDA5B}.Release Unicode|x64.ActiveCfg = Release|Win32
		{60886227-8EF1-0A1F-3C98-0B35CB0BDA5B}.Release|Win32.ActiveCfg = Release|Win32
		{60886227-8EF1-0A1F-3C98-0B35CB0BDA5B}.Release|Win32.Build.0 = Release|Win32
		{60886227-8EF1-0A1F-3C98-0B35CB0BDA5B}.Release|x64.ActiveCfg = Release|Win32
		{60886227-8EF1-0A1F-3C98-0B35CB0BDA5B}.Template|Win32.ActiveCfg = Release|Win32
		{60886227-8EF1-0A1F-3C98-0B35CB0BDA5B}.Template|Win32.Build.0 = Release|Win32
		{60886227-8EF1-0A1F-3C98-0B35CB0BDA5B}.Template|x64.ActiveCfg = Release|Win32
		{67314341-1013-B99E-23E5-CC8461292408}.Debug DLL|Win32.ActiveCfg = Debug|Win32
		{67314341-1013-B99E-23E5-CC8461292408}.Debug DLL|Win32.Build.0 = Debug|Win32
		{67314341-1013-B99E-23E5-CC8461292408}.Debug DLL|x64.ActiveCfg = Debug|Win32
		{67314341-1013-B99E-23E5-CC8461292408}.Debug|Win32.ActiveCfg = Debug|Win32
		{67314341-1013-B99E-23E5-CC8461292408}.Debug|Win32.Build.0 = Debug|Win32
		{67314341-1013-B99E-23E5-CC8461292408}.Debug|x64.ActiveCfg = Debug|Win32
		{67314341-1013-B99E-23E5-CC8461292408}.Release DLL|Win32.ActiveCfg = Release|Win32
		{67314341-1013-B99E-23E5-CC8461292408}.Release DLL|Win32.Build.0 = Release|Win32
		{67314341-1013-B99E-23E5-CC8461292408}.Release DLL|x64.ActiveCfg = Release|Win32
		{67314341-1013-B99E-23E5-CC8461292408}.Release Unicode|Win32.ActiveCfg = Release|Win32
		{67314341-1013-B99E-23E5-CC8461292408}.Release Unicode|Win32.Build.0 = Release|Win32
		{67314341-1013-B99E-23E5-CC8461292408}.Release Unicode|x64.ActiveCfg = Release|Win32
		{67314341-1013-B99E-23E5-CC8461292408}.Release|Win32.ActiveCfg = Release|Win32
		{67314341-1013-B99E-23E5-CC8461292408}.Release|Win32.Build.0 = Release|Win32
		{67314341-1013-B99E-23E5-CC8461292408}.Release|x64.ActiveCfg = Release|Win32
		{67314341-1013-B99E-23E5-CC8461292408}.Template|Win32.ActiveCfg = Release|Win32
		{67314341-1013-B99E-23E5-CC8461292408}.Template|Win32.Build.0 = Release|Win32
		{67314341-1013-B99E-23E5-CC8461292408}.Template|x64.ActiveCfg = Release|Win32
		{E03682CD-5586-EA15-A043-DA78D54D1E05}.Debug DLL|Win32.ActiveCfg = Debug|Win32
		{E03682CD-5586-EA15-A043-DA78D54D1E05}.Debug DLL|Win32.Build.0 = Debug|Win32
		{E03682CD-5586-EA15-A043-DA78D54D1E05}.Debug DLL|x64.ActiveCfg = Debug|Win32
		{E03682CD-5586-EA15-A043-DA78D54D1E05}.Debug|Win32.ActiveCfg = Debug|Win32
		{E03682CD-5586-EA15-A043-DA78D54D1E05}.Debug|Win32.Build.0 = Debug|Win32
		{E03682CD-5586-EA15-A043-DA78D54D1E05}.Debug|x64.ActiveCfg = Debug|Win32
		{E03682CD-5586-EA15-A043-DA78D54D1E05}.Release DLL|Win32.ActiveCfg = Release|Win32
		{E03682CD-5586-EA15-A043-DA78D54D1E05}.Release DLL|Win32.Build.0 = Release|Win32
		{E03682CD-5586-EA15-A043-DA78D54D1E05}.Release DLL|x64.ActiveCfg = Release|Win32
		{E03682CD-5586-EA15-A043-DA78D54D1E05}.Release Unicode|Win32.ActiveCfg = Release|Win32
		{E03682CD-5586-EA15-A043-DA78D54D1E05}.Release Unicode|Win32.Build.0 = Release|Win32
		{E03682CD-5586-EA15-A043-DA78D54D1E05}.Release Unicode|x64.ActiveCfg = Release|Win32
		{E03682CD-5586-EA15-A043-DA78D54D1E05}.Release|Win32.ActiveCfg = Release|Win32
		{E03682CD-5586-EA15-A043-DA78D54D1E05}.Release|Win32.Build.0 = Release|Win32
		{E03682CD-5586-EA15-A043-DA78D54D1E05}.Release|x64.ActiveCfg = Release|Win32
		{E03682CD-5586-EA15-A043-DA78D54D1E05}.Template|Win32.ActiveCfg = Release|Win32
		{E03682CD-5586-EA15-A043-DA78D54D1E05}.Template|Win32.Build.0 = Release|Win32
		{E03682CD-5586-EA15-A043-DA78D54D1E05}.Template|x64.ActiveCfg = Release|Win32
	EndGlobalSection
	GlobalSection(SolutionProperties) = preSolution
		HideSolutionNode = FALSE
	EndGlobalSection
EndGlobal
