
Microsoft Visual Studio Solution File, Format Version 11.00
# Visual Studio 2010
Project("{8BC9CEB8-8B4A-11D0-8D11-00A0C91BC942}") = "mkpasswd", "mkpasswd\mkpasswd.vcxproj", "{12FA4C2C-0D92-E227-8DE7-F459A6B4551D}"
EndProject
Project("{8BC9CEB8-8B4A-11D0-8D11-00A0C91BC942}") = "vscpcmd", "vscpcmd\vscpcmd.vcxproj", "{3F188438-0466-3821-2420-ECFA848E3F25}"
EndProject
Project("{8BC9CEB8-8B4A-11D0-8D11-00A0C91BC942}") = "vscpworks", "vscpworks\vscpworks.vcxproj", "{FAE29035-75E4-4F76-BF2D-B3537B0BF9CC}"
EndProject
Project("{8BC9CEB8-8B4A-11D0-8D11-00A0C91BC942}") = "vscpl1_apoxdrv", "drivers\level1\apox\win32\apoxdrv.vcxproj", "{C9264913-4420-3077-142B-F12E92E73D43}"
EndProject
Project("{8BC9CEB8-8B4A-11D0-8D11-00A0C91BC942}") = "vscpl1_can232drv", "drivers\level1\can232\win32\can232drv\can232drv.vcxproj", "{AEEDC800-0A74-F6DE-A7EF-95CD54ABCCD1}"
EndProject
Project("{8BC9CEB8-8B4A-11D0-8D11-00A0C91BC942}") = "vscpl1_ixxatvcidrv", "drivers\level1\ixxat_vc2\win32\ixxatvcidrv.vcxproj", "{E8818AF3-9FBD-1A22-FA2C-5A09A743CA7B}"
EndProject
Project("{8BC9CEB8-8B4A-11D0-8D11-00A0C91BC942}") = "vscpl1_loggerdrv", "drivers\level1\logger\win32\canallogger.vcxproj", "{EF71D1DB-76BC-0526-69AE-B8F87A449FC1}"
EndProject
Project("{8BC9CEB8-8B4A-11D0-8D11-00A0C91BC942}") = "vscpl1_peakdrv", "drivers\level1\peak\win32\peakdrv.vcxproj", "{AEE2FCBA-AB80-4D8C-B0AC-9C354A58532D}"
EndProject
Project("{8BC9CEB8-8B4A-11D0-8D11-00A0C91BC942}") = "vscpl1_vectordrv", "drivers\level1\vector\win32\vectordrv.vcxproj", "{66C720D0-F634-AA33-CC30-CC3A1B3A2099}"
EndProject
Project("{8BC9CEB8-8B4A-11D0-8D11-00A0C91BC942}") = "vscpl1_zanthicdrv", "drivers\level1\zanthic\win32\zanthicdrv.vcxproj", "{89311601-FD30-7D30-3D30-16F14E74E001}"
EndProject
Project("{8BC9CEB8-8B4A-11D0-8D11-00A0C91BC942}") = "vscphelper", "helperlib\windows\VSCP helper dll.vcxproj", "{5B1BB19C-F27B-481E-8A70-EE83B1F6F896}"
EndProject
Project("{8BC9CEB8-8B4A-11D0-8D11-00A0C91BC942}") = "vscpd", "daemon\win32\vscpd.vcxproj", "{D9DF0267-861A-718C-CD19-F6287DECDC10}"
EndProject
Project("{8BC9CEB8-8B4A-11D0-8D11-00A0C91BC942}") = "vscpservice", "vscpservice\vscpservice.vcxproj", "{8D322D88-090A-45B5-1F05-E70A99985F12}"
EndProject
Project("{8BC9CEB8-8B4A-11D0-8D11-00A0C91BC942}") = "vscpsrv", "daemon\win32\service\vscpsrv.vcxproj", "{8E990011-435F-BAEA-0990-EAA79FFD50BB}"
EndProject
Project("{8BC9CEB8-8B4A-11D0-8D11-00A0C91BC942}") = "vscpl2_tcpiplinkdrv", "drivers\level2\tcpdrv\win32\tcpiplinkdrv.vcxproj", "{0178C7D7-82EB-E103-34C4-C73CB82DEDD5}"
EndProject
Project("{8BC9CEB8-8B4A-11D0-8D11-00A0C91BC942}") = "vscpl2_rawethernetdrv", "drivers\level2\rawethernet\win32\rawethernet.vcxproj", "{9BC2870E-F792-68D9-9A23-536A7329577C}"
EndProject
Project("{8BC9CEB8-8B4A-11D0-8D11-00A0C91BC942}") = "vscpl2_loggerdrv", "drivers\level2\logger\win32\vscplogger.vcxproj", "{A80883CE-CE9F-4F69-9F2F-D8EA3441A952}"
EndProject
Project("{8BC9CEB8-8B4A-11D0-8D11-00A0C91BC942}") = "vscphelpertest", "helperlib\windows\test\test.vcxproj", "{B3D80145-C3E7-4A87-9CA2-B308F4437716}"
EndProject
Global
	GlobalSection(SolutionConfigurationPlatforms) = preSolution
		Debug Unicode|Win32 = Debug Unicode|Win32
		Debug Unicode|x64 = Debug Unicode|x64
		Debug|Win32 = Debug|Win32
		Debug|x64 = Debug|x64
		Release Unicode|Win32 = Release Unicode|Win32
		Release Unicode|x64 = Release Unicode|x64
		Release|Win32 = Release|Win32
		Release|x64 = Release|x64
		Template|Win32 = Template|Win32
		Template|x64 = Template|x64
		Unicode Debug|Win32 = Unicode Debug|Win32
		Unicode Debug|x64 = Unicode Debug|x64
		Unicode Release|Win32 = Unicode Release|Win32
		Unicode Release|x64 = Unicode Release|x64
	EndGlobalSection
	GlobalSection(ProjectConfigurationPlatforms) = postSolution
		{12FA4C2C-0D92-E227-8DE7-F459A6B4551D}.Debug Unicode|Win32.ActiveCfg = Debug|Win32
		{12FA4C2C-0D92-E227-8DE7-F459A6B4551D}.Debug Unicode|Win32.Build.0 = Debug|Win32
		{12FA4C2C-0D92-E227-8DE7-F459A6B4551D}.Debug Unicode|x64.ActiveCfg = Debug|x64
		{12FA4C2C-0D92-E227-8DE7-F459A6B4551D}.Debug|Win32.ActiveCfg = Debug|Win32
		{12FA4C2C-0D92-E227-8DE7-F459A6B4551D}.Debug|Win32.Build.0 = Debug|Win32
		{12FA4C2C-0D92-E227-8DE7-F459A6B4551D}.Debug|x64.ActiveCfg = Debug|x64
		{12FA4C2C-0D92-E227-8DE7-F459A6B4551D}.Debug|x64.Build.0 = Debug|x64
		{12FA4C2C-0D92-E227-8DE7-F459A6B4551D}.Release Unicode|Win32.ActiveCfg = Release|Win32
		{12FA4C2C-0D92-E227-8DE7-F459A6B4551D}.Release Unicode|Win32.Build.0 = Release|Win32
		{12FA4C2C-0D92-E227-8DE7-F459A6B4551D}.Release Unicode|x64.ActiveCfg = Release|Win32
		{12FA4C2C-0D92-E227-8DE7-F459A6B4551D}.Release|Win32.ActiveCfg = Release|Win32
		{12FA4C2C-0D92-E227-8DE7-F459A6B4551D}.Release|Win32.Build.0 = Release|Win32
		{12FA4C2C-0D92-E227-8DE7-F459A6B4551D}.Release|x64.ActiveCfg = Release|x64
		{12FA4C2C-0D92-E227-8DE7-F459A6B4551D}.Release|x64.Build.0 = Release|x64
		{12FA4C2C-0D92-E227-8DE7-F459A6B4551D}.Template|Win32.ActiveCfg = Release|Win32
		{12FA4C2C-0D92-E227-8DE7-F459A6B4551D}.Template|Win32.Build.0 = Release|Win32
		{12FA4C2C-0D92-E227-8DE7-F459A6B4551D}.Template|x64.ActiveCfg = Release|Win32
		{12FA4C2C-0D92-E227-8DE7-F459A6B4551D}.Unicode Debug|Win32.ActiveCfg = Debug|Win32
		{12FA4C2C-0D92-E227-8DE7-F459A6B4551D}.Unicode Debug|Win32.Build.0 = Debug|Win32
		{12FA4C2C-0D92-E227-8DE7-F459A6B4551D}.Unicode Debug|x64.ActiveCfg = Debug|x64
		{12FA4C2C-0D92-E227-8DE7-F459A6B4551D}.Unicode Debug|x64.Build.0 = Debug|x64
		{12FA4C2C-0D92-E227-8DE7-F459A6B4551D}.Unicode Release|Win32.ActiveCfg = Release|Win32
		{12FA4C2C-0D92-E227-8DE7-F459A6B4551D}.Unicode Release|Win32.Build.0 = Release|Win32
		{12FA4C2C-0D92-E227-8DE7-F459A6B4551D}.Unicode Release|x64.ActiveCfg = Release|x64
		{12FA4C2C-0D92-E227-8DE7-F459A6B4551D}.Unicode Release|x64.Build.0 = Release|x64
		{3F188438-0466-3821-2420-ECFA848E3F25}.Debug Unicode|Win32.ActiveCfg = Debug|Win32
		{3F188438-0466-3821-2420-ECFA848E3F25}.Debug Unicode|Win32.Build.0 = Debug|Win32
		{3F188438-0466-3821-2420-ECFA848E3F25}.Debug Unicode|x64.ActiveCfg = Debug|x64
		{3F188438-0466-3821-2420-ECFA848E3F25}.Debug|Win32.ActiveCfg = Debug|Win32
		{3F188438-0466-3821-2420-ECFA848E3F25}.Debug|Win32.Build.0 = Debug|Win32
		{3F188438-0466-3821-2420-ECFA848E3F25}.Debug|x64.ActiveCfg = Debug|x64
		{3F188438-0466-3821-2420-ECFA848E3F25}.Debug|x64.Build.0 = Debug|x64
		{3F188438-0466-3821-2420-ECFA848E3F25}.Release Unicode|Win32.ActiveCfg = Release|Win32
		{3F188438-0466-3821-2420-ECFA848E3F25}.Release Unicode|Win32.Build.0 = Release|Win32
		{3F188438-0466-3821-2420-ECFA848E3F25}.Release Unicode|x64.ActiveCfg = Release|Win32
		{3F188438-0466-3821-2420-ECFA848E3F25}.Release|Win32.ActiveCfg = Release|Win32
		{3F188438-0466-3821-2420-ECFA848E3F25}.Release|Win32.Build.0 = Release|Win32
		{3F188438-0466-3821-2420-ECFA848E3F25}.Release|x64.ActiveCfg = Release|x64
		{3F188438-0466-3821-2420-ECFA848E3F25}.Release|x64.Build.0 = Release|x64
		{3F188438-0466-3821-2420-ECFA848E3F25}.Template|Win32.ActiveCfg = Release|Win32
		{3F188438-0466-3821-2420-ECFA848E3F25}.Template|Win32.Build.0 = Release|Win32
		{3F188438-0466-3821-2420-ECFA848E3F25}.Template|x64.ActiveCfg = Release|Win32
		{3F188438-0466-3821-2420-ECFA848E3F25}.Unicode Debug|Win32.ActiveCfg = Debug|Win32
		{3F188438-0466-3821-2420-ECFA848E3F25}.Unicode Debug|Win32.Build.0 = Debug|Win32
		{3F188438-0466-3821-2420-ECFA848E3F25}.Unicode Debug|x64.ActiveCfg = Debug|x64
		{3F188438-0466-3821-2420-ECFA848E3F25}.Unicode Debug|x64.Build.0 = Debug|x64
		{3F188438-0466-3821-2420-ECFA848E3F25}.Unicode Release|Win32.ActiveCfg = Release|Win32
		{3F188438-0466-3821-2420-ECFA848E3F25}.Unicode Release|Win32.Build.0 = Release|Win32
		{3F188438-0466-3821-2420-ECFA848E3F25}.Unicode Release|x64.ActiveCfg = Release|x64
		{3F188438-0466-3821-2420-ECFA848E3F25}.Unicode Release|x64.Build.0 = Release|x64
		{FAE29035-75E4-4F76-BF2D-B3537B0BF9CC}.Debug Unicode|Win32.ActiveCfg = Debug|Win32
		{FAE29035-75E4-4F76-BF2D-B3537B0BF9CC}.Debug Unicode|Win32.Build.0 = Debug|Win32
		{FAE29035-75E4-4F76-BF2D-B3537B0BF9CC}.Debug Unicode|x64.ActiveCfg = Debug|x64
		{FAE29035-75E4-4F76-BF2D-B3537B0BF9CC}.Debug|Win32.ActiveCfg = Debug|Win32
		{FAE29035-75E4-4F76-BF2D-B3537B0BF9CC}.Debug|Win32.Build.0 = Debug|Win32
		{FAE29035-75E4-4F76-BF2D-B3537B0BF9CC}.Debug|x64.ActiveCfg = Debug|x64
		{FAE29035-75E4-4F76-BF2D-B3537B0BF9CC}.Debug|x64.Build.0 = Debug|x64
		{FAE29035-75E4-4F76-BF2D-B3537B0BF9CC}.Release Unicode|Win32.ActiveCfg = Release|Win32
		{FAE29035-75E4-4F76-BF2D-B3537B0BF9CC}.Release Unicode|Win32.Build.0 = Release|Win32
		{FAE29035-75E4-4F76-BF2D-B3537B0BF9CC}.Release Unicode|x64.ActiveCfg = Release|Win32
		{FAE29035-75E4-4F76-BF2D-B3537B0BF9CC}.Release|Win32.ActiveCfg = Release|Win32
		{FAE29035-75E4-4F76-BF2D-B3537B0BF9CC}.Release|Win32.Build.0 = Release|Win32
		{FAE29035-75E4-4F76-BF2D-B3537B0BF9CC}.Release|x64.ActiveCfg = Release|Win32
		{FAE29035-75E4-4F76-BF2D-B3537B0BF9CC}.Template|Win32.ActiveCfg = Debug|Win32
		{FAE29035-75E4-4F76-BF2D-B3537B0BF9CC}.Template|Win32.Build.0 = Debug|Win32
		{FAE29035-75E4-4F76-BF2D-B3537B0BF9CC}.Template|x64.ActiveCfg = Debug|Win32
		{FAE29035-75E4-4F76-BF2D-B3537B0BF9CC}.Unicode Debug|Win32.ActiveCfg = Debug|Win32
		{FAE29035-75E4-4F76-BF2D-B3537B0BF9CC}.Unicode Debug|Win32.Build.0 = Debug|Win32
		{FAE29035-75E4-4F76-BF2D-B3537B0BF9CC}.Unicode Debug|x64.ActiveCfg = Debug|x64
		{FAE29035-75E4-4F76-BF2D-B3537B0BF9CC}.Unicode Debug|x64.Build.0 = Debug|x64
		{FAE29035-75E4-4F76-BF2D-B3537B0BF9CC}.Unicode Release|Win32.ActiveCfg = Release|Win32
		{FAE29035-75E4-4F76-BF2D-B3537B0BF9CC}.Unicode Release|Win32.Build.0 = Release|Win32
		{FAE29035-75E4-4F76-BF2D-B3537B0BF9CC}.Unicode Release|x64.ActiveCfg = Release|Win32
		{C9264913-4420-3077-142B-F12E92E73D43}.Debug Unicode|Win32.ActiveCfg = Debug|Win32
		{C9264913-4420-3077-142B-F12E92E73D43}.Debug Unicode|Win32.Build.0 = Debug|Win32
		{C9264913-4420-3077-142B-F12E92E73D43}.Debug Unicode|x64.ActiveCfg = Debug|x64
		{C9264913-4420-3077-142B-F12E92E73D43}.Debug|Win32.ActiveCfg = Debug|Win32
		{C9264913-4420-3077-142B-F12E92E73D43}.Debug|Win32.Build.0 = Debug|Win32
		{C9264913-4420-3077-142B-F12E92E73D43}.Debug|x64.ActiveCfg = Debug|x64
		{C9264913-4420-3077-142B-F12E92E73D43}.Debug|x64.Build.0 = Debug|x64
		{C9264913-4420-3077-142B-F12E92E73D43}.Release Unicode|Win32.ActiveCfg = Release|Win32
		{C9264913-4420-3077-142B-F12E92E73D43}.Release Unicode|Win32.Build.0 = Release|Win32
		{C9264913-4420-3077-142B-F12E92E73D43}.Release Unicode|x64.ActiveCfg = Release|Win32
		{C9264913-4420-3077-142B-F12E92E73D43}.Release|Win32.ActiveCfg = Release|Win32
		{C9264913-4420-3077-142B-F12E92E73D43}.Release|Win32.Build.0 = Release|Win32
		{C9264913-4420-3077-142B-F12E92E73D43}.Release|x64.ActiveCfg = Release|x64
		{C9264913-4420-3077-142B-F12E92E73D43}.Release|x64.Build.0 = Release|x64
		{C9264913-4420-3077-142B-F12E92E73D43}.Template|Win32.ActiveCfg = Release|Win32
		{C9264913-4420-3077-142B-F12E92E73D43}.Template|Win32.Build.0 = Release|Win32
		{C9264913-4420-3077-142B-F12E92E73D43}.Template|x64.ActiveCfg = Release|Win32
		{C9264913-4420-3077-142B-F12E92E73D43}.Unicode Debug|Win32.ActiveCfg = Debug|Win32
		{C9264913-4420-3077-142B-F12E92E73D43}.Unicode Debug|Win32.Build.0 = Debug|Win32
		{C9264913-4420-3077-142B-F12E92E73D43}.Unicode Debug|x64.ActiveCfg = Debug|x64
		{C9264913-4420-3077-142B-F12E92E73D43}.Unicode Debug|x64.Build.0 = Debug|x64
		{C9264913-4420-3077-142B-F12E92E73D43}.Unicode Release|Win32.ActiveCfg = Release|Win32
		{C9264913-4420-3077-142B-F12E92E73D43}.Unicode Release|Win32.Build.0 = Release|Win32
		{C9264913-4420-3077-142B-F12E92E73D43}.Unicode Release|x64.ActiveCfg = Release|x64
		{C9264913-4420-3077-142B-F12E92E73D43}.Unicode Release|x64.Build.0 = Release|x64
		{AEEDC800-0A74-F6DE-A7EF-95CD54ABCCD1}.Debug Unicode|Win32.ActiveCfg = Debug|Win32
		{AEEDC800-0A74-F6DE-A7EF-95CD54ABCCD1}.Debug Unicode|Win32.Build.0 = Debug|Win32
		{AEEDC800-0A74-F6DE-A7EF-95CD54ABCCD1}.Debug Unicode|x64.ActiveCfg = Debug|x64
		{AEEDC800-0A74-F6DE-A7EF-95CD54ABCCD1}.Debug|Win32.ActiveCfg = Debug|Win32
		{AEEDC800-0A74-F6DE-A7EF-95CD54ABCCD1}.Debug|Win32.Build.0 = Debug|Win32
		{AEEDC800-0A74-F6DE-A7EF-95CD54ABCCD1}.Debug|x64.ActiveCfg = Debug|x64
		{AEEDC800-0A74-F6DE-A7EF-95CD54ABCCD1}.Debug|x64.Build.0 = Debug|x64
		{AEEDC800-0A74-F6DE-A7EF-95CD54ABCCD1}.Release Unicode|Win32.ActiveCfg = Release|Win32
		{AEEDC800-0A74-F6DE-A7EF-95CD54ABCCD1}.Release Unicode|Win32.Build.0 = Release|Win32
		{AEEDC800-0A74-F6DE-A7EF-95CD54ABCCD1}.Release Unicode|x64.ActiveCfg = Release|Win32
		{AEEDC800-0A74-F6DE-A7EF-95CD54ABCCD1}.Release|Win32.ActiveCfg = Release|Win32
		{AEEDC800-0A74-F6DE-A7EF-95CD54ABCCD1}.Release|Win32.Build.0 = Release|Win32
		{AEEDC800-0A74-F6DE-A7EF-95CD54ABCCD1}.Release|x64.ActiveCfg = Release|x64
		{AEEDC800-0A74-F6DE-A7EF-95CD54ABCCD1}.Release|x64.Build.0 = Release|x64
		{AEEDC800-0A74-F6DE-A7EF-95CD54ABCCD1}.Template|Win32.ActiveCfg = Release|Win32
		{AEEDC800-0A74-F6DE-A7EF-95CD54ABCCD1}.Template|Win32.Build.0 = Release|Win32
		{AEEDC800-0A74-F6DE-A7EF-95CD54ABCCD1}.Template|x64.ActiveCfg = Release|Win32
		{AEEDC800-0A74-F6DE-A7EF-95CD54ABCCD1}.Unicode Debug|Win32.ActiveCfg = Debug|Win32
		{AEEDC800-0A74-F6DE-A7EF-95CD54ABCCD1}.Unicode Debug|Win32.Build.0 = Debug|Win32
		{AEEDC800-0A74-F6DE-A7EF-95CD54ABCCD1}.Unicode Debug|x64.ActiveCfg = Debug|x64
		{AEEDC800-0A74-F6DE-A7EF-95CD54ABCCD1}.Unicode Debug|x64.Build.0 = Debug|x64
		{AEEDC800-0A74-F6DE-A7EF-95CD54ABCCD1}.Unicode Release|Win32.ActiveCfg = Release|Win32
		{AEEDC800-0A74-F6DE-A7EF-95CD54ABCCD1}.Unicode Release|Win32.Build.0 = Release|Win32
		{AEEDC800-0A74-F6DE-A7EF-95CD54ABCCD1}.Unicode Release|x64.ActiveCfg = Release|x64
		{AEEDC800-0A74-F6DE-A7EF-95CD54ABCCD1}.Unicode Release|x64.Build.0 = Release|x64
		{E8818AF3-9FBD-1A22-FA2C-5A09A743CA7B}.Debug Unicode|Win32.ActiveCfg = Debug|Win32
		{E8818AF3-9FBD-1A22-FA2C-5A09A743CA7B}.Debug Unicode|Win32.Build.0 = Debug|Win32
		{E8818AF3-9FBD-1A22-FA2C-5A09A743CA7B}.Debug Unicode|x64.ActiveCfg = Debug|x64
		{E8818AF3-9FBD-1A22-FA2C-5A09A743CA7B}.Debug|Win32.ActiveCfg = Debug|Win32
		{E8818AF3-9FBD-1A22-FA2C-5A09A743CA7B}.Debug|Win32.Build.0 = Debug|Win32
		{E8818AF3-9FBD-1A22-FA2C-5A09A743CA7B}.Debug|x64.ActiveCfg = Debug|x64
		{E8818AF3-9FBD-1A22-FA2C-5A09A743CA7B}.Debug|x64.Build.0 = Debug|x64
		{E8818AF3-9FBD-1A22-FA2C-5A09A743CA7B}.Release Unicode|Win32.ActiveCfg = Release|Win32
		{E8818AF3-9FBD-1A22-FA2C-5A09A743CA7B}.Release Unicode|Win32.Build.0 = Release|Win32
		{E8818AF3-9FBD-1A22-FA2C-5A09A743CA7B}.Release Unicode|x64.ActiveCfg = Release|Win32
		{E8818AF3-9FBD-1A22-FA2C-5A09A743CA7B}.Release|Win32.ActiveCfg = Release|Win32
		{E8818AF3-9FBD-1A22-FA2C-5A09A743CA7B}.Release|Win32.Build.0 = Release|Win32
		{E8818AF3-9FBD-1A22-FA2C-5A09A743CA7B}.Release|x64.ActiveCfg = Release|x64
		{E8818AF3-9FBD-1A22-FA2C-5A09A743CA7B}.Release|x64.Build.0 = Release|x64
		{E8818AF3-9FBD-1A22-FA2C-5A09A743CA7B}.Template|Win32.ActiveCfg = Release|Win32
		{E8818AF3-9FBD-1A22-FA2C-5A09A743CA7B}.Template|Win32.Build.0 = Release|Win32
		{E8818AF3-9FBD-1A22-FA2C-5A09A743CA7B}.Template|x64.ActiveCfg = Release|Win32
		{E8818AF3-9FBD-1A22-FA2C-5A09A743CA7B}.Unicode Debug|Win32.ActiveCfg = Debug|Win32
		{E8818AF3-9FBD-1A22-FA2C-5A09A743CA7B}.Unicode Debug|Win32.Build.0 = Debug|Win32
		{E8818AF3-9FBD-1A22-FA2C-5A09A743CA7B}.Unicode Debug|x64.ActiveCfg = Debug|x64
		{E8818AF3-9FBD-1A22-FA2C-5A09A743CA7B}.Unicode Debug|x64.Build.0 = Debug|x64
		{E8818AF3-9FBD-1A22-FA2C-5A09A743CA7B}.Unicode Release|Win32.ActiveCfg = Release|Win32
		{E8818AF3-9FBD-1A22-FA2C-5A09A743CA7B}.Unicode Release|Win32.Build.0 = Release|Win32
		{E8818AF3-9FBD-1A22-FA2C-5A09A743CA7B}.Unicode Release|x64.ActiveCfg = Release|x64
		{E8818AF3-9FBD-1A22-FA2C-5A09A743CA7B}.Unicode Release|x64.Build.0 = Release|x64
		{EF71D1DB-76BC-0526-69AE-B8F87A449FC1}.Debug Unicode|Win32.ActiveCfg = Debug|Win32
		{EF71D1DB-76BC-0526-69AE-B8F87A449FC1}.Debug Unicode|Win32.Build.0 = Debug|Win32
		{EF71D1DB-76BC-0526-69AE-B8F87A449FC1}.Debug Unicode|x64.ActiveCfg = Debug|x64
		{EF71D1DB-76BC-0526-69AE-B8F87A449FC1}.Debug|Win32.ActiveCfg = Debug|Win32
		{EF71D1DB-76BC-0526-69AE-B8F87A449FC1}.Debug|Win32.Build.0 = Debug|Win32
		{EF71D1DB-76BC-0526-69AE-B8F87A449FC1}.Debug|x64.ActiveCfg = Debug|x64
		{EF71D1DB-76BC-0526-69AE-B8F87A449FC1}.Debug|x64.Build.0 = Debug|x64
		{EF71D1DB-76BC-0526-69AE-B8F87A449FC1}.Release Unicode|Win32.ActiveCfg = Release|Win32
		{EF71D1DB-76BC-0526-69AE-B8F87A449FC1}.Release Unicode|Win32.Build.0 = Release|Win32
		{EF71D1DB-76BC-0526-69AE-B8F87A449FC1}.Release Unicode|x64.ActiveCfg = Release|Win32
		{EF71D1DB-76BC-0526-69AE-B8F87A449FC1}.Release|Win32.ActiveCfg = Release|Win32
		{EF71D1DB-76BC-0526-69AE-B8F87A449FC1}.Release|Win32.Build.0 = Release|Win32
		{EF71D1DB-76BC-0526-69AE-B8F87A449FC1}.Release|x64.ActiveCfg = Release|x64
		{EF71D1DB-76BC-0526-69AE-B8F87A449FC1}.Release|x64.Build.0 = Release|x64
		{EF71D1DB-76BC-0526-69AE-B8F87A449FC1}.Template|Win32.ActiveCfg = Release|Win32
		{EF71D1DB-76BC-0526-69AE-B8F87A449FC1}.Template|Win32.Build.0 = Release|Win32
		{EF71D1DB-76BC-0526-69AE-B8F87A449FC1}.Template|x64.ActiveCfg = Release|Win32
		{EF71D1DB-76BC-0526-69AE-B8F87A449FC1}.Unicode Debug|Win32.ActiveCfg = Debug|Win32
		{EF71D1DB-76BC-0526-69AE-B8F87A449FC1}.Unicode Debug|Win32.Build.0 = Debug|Win32
		{EF71D1DB-76BC-0526-69AE-B8F87A449FC1}.Unicode Debug|x64.ActiveCfg = Debug|x64
		{EF71D1DB-76BC-0526-69AE-B8F87A449FC1}.Unicode Debug|x64.Build.0 = Debug|x64
		{EF71D1DB-76BC-0526-69AE-B8F87A449FC1}.Unicode Release|Win32.ActiveCfg = Release|Win32
		{EF71D1DB-76BC-0526-69AE-B8F87A449FC1}.Unicode Release|Win32.Build.0 = Release|Win32
		{EF71D1DB-76BC-0526-69AE-B8F87A449FC1}.Unicode Release|x64.ActiveCfg = Release|x64
		{EF71D1DB-76BC-0526-69AE-B8F87A449FC1}.Unicode Release|x64.Build.0 = Release|x64
		{AEE2FCBA-AB80-4D8C-B0AC-9C354A58532D}.Debug Unicode|Win32.ActiveCfg = Debug|Win32
		{AEE2FCBA-AB80-4D8C-B0AC-9C354A58532D}.Debug Unicode|Win32.Build.0 = Debug|Win32
		{AEE2FCBA-AB80-4D8C-B0AC-9C354A58532D}.Debug Unicode|x64.ActiveCfg = Debug|x64
		{AEE2FCBA-AB80-4D8C-B0AC-9C354A58532D}.Debug|Win32.ActiveCfg = Debug|Win32
		{AEE2FCBA-AB80-4D8C-B0AC-9C354A58532D}.Debug|Win32.Build.0 = Debug|Win32
		{AEE2FCBA-AB80-4D8C-B0AC-9C354A58532D}.Debug|x64.ActiveCfg = Debug|x64
		{AEE2FCBA-AB80-4D8C-B0AC-9C354A58532D}.Debug|x64.Build.0 = Debug|x64
		{AEE2FCBA-AB80-4D8C-B0AC-9C354A58532D}.Release Unicode|Win32.ActiveCfg = Release|Win32
		{AEE2FCBA-AB80-4D8C-B0AC-9C354A58532D}.Release Unicode|Win32.Build.0 = Release|Win32
		{AEE2FCBA-AB80-4D8C-B0AC-9C354A58532D}.Release Unicode|x64.ActiveCfg = Release|Win32
		{AEE2FCBA-AB80-4D8C-B0AC-9C354A58532D}.Release|Win32.ActiveCfg = Release|Win32
		{AEE2FCBA-AB80-4D8C-B0AC-9C354A58532D}.Release|Win32.Build.0 = Release|Win32
		{AEE2FCBA-AB80-4D8C-B0AC-9C354A58532D}.Release|x64.ActiveCfg = Release|x64
		{AEE2FCBA-AB80-4D8C-B0AC-9C354A58532D}.Release|x64.Build.0 = Release|x64
		{AEE2FCBA-AB80-4D8C-B0AC-9C354A58532D}.Template|Win32.ActiveCfg = Release|Win32
		{AEE2FCBA-AB80-4D8C-B0AC-9C354A58532D}.Template|Win32.Build.0 = Release|Win32
		{AEE2FCBA-AB80-4D8C-B0AC-9C354A58532D}.Template|x64.ActiveCfg = Release|Win32
		{AEE2FCBA-AB80-4D8C-B0AC-9C354A58532D}.Unicode Debug|Win32.ActiveCfg = Debug|Win32
		{AEE2FCBA-AB80-4D8C-B0AC-9C354A58532D}.Unicode Debug|Win32.Build.0 = Debug|Win32
		{AEE2FCBA-AB80-4D8C-B0AC-9C354A58532D}.Unicode Debug|x64.ActiveCfg = Debug|x64
		{AEE2FCBA-AB80-4D8C-B0AC-9C354A58532D}.Unicode Debug|x64.Build.0 = Debug|x64
		{AEE2FCBA-AB80-4D8C-B0AC-9C354A58532D}.Unicode Release|Win32.ActiveCfg = Release|Win32
		{AEE2FCBA-AB80-4D8C-B0AC-9C354A58532D}.Unicode Release|Win32.Build.0 = Release|Win32
		{AEE2FCBA-AB80-4D8C-B0AC-9C354A58532D}.Unicode Release|x64.ActiveCfg = Release|x64
		{AEE2FCBA-AB80-4D8C-B0AC-9C354A58532D}.Unicode Release|x64.Build.0 = Release|x64
		{66C720D0-F634-AA33-CC30-CC3A1B3A2099}.Debug Unicode|Win32.ActiveCfg = Debug|Win32
		{66C720D0-F634-AA33-CC30-CC3A1B3A2099}.Debug Unicode|Win32.Build.0 = Debug|Win32
		{66C720D0-F634-AA33-CC30-CC3A1B3A2099}.Debug Unicode|x64.ActiveCfg = Debug|x64
		{66C720D0-F634-AA33-CC30-CC3A1B3A2099}.Debug|Win32.ActiveCfg = Debug|Win32
		{66C720D0-F634-AA33-CC30-CC3A1B3A2099}.Debug|Win32.Build.0 = Debug|Win32
		{66C720D0-F634-AA33-CC30-CC3A1B3A2099}.Debug|x64.ActiveCfg = Debug|x64
		{66C720D0-F634-AA33-CC30-CC3A1B3A2099}.Debug|x64.Build.0 = Debug|x64
		{66C720D0-F634-AA33-CC30-CC3A1B3A2099}.Release Unicode|Win32.ActiveCfg = Release|Win32
		{66C720D0-F634-AA33-CC30-CC3A1B3A2099}.Release Unicode|Win32.Build.0 = Release|Win32
		{66C720D0-F634-AA33-CC30-CC3A1B3A2099}.Release Unicode|x64.ActiveCfg = Release|Win32
		{66C720D0-F634-AA33-CC30-CC3A1B3A2099}.Release|Win32.ActiveCfg = Release|Win32
		{66C720D0-F634-AA33-CC30-CC3A1B3A2099}.Release|Win32.Build.0 = Release|Win32
		{66C720D0-F634-AA33-CC30-CC3A1B3A2099}.Release|x64.ActiveCfg = Release|x64
		{66C720D0-F634-AA33-CC30-CC3A1B3A2099}.Release|x64.Build.0 = Release|x64
		{66C720D0-F634-AA33-CC30-CC3A1B3A2099}.Template|Win32.ActiveCfg = Release|Win32
		{66C720D0-F634-AA33-CC30-CC3A1B3A2099}.Template|Win32.Build.0 = Release|Win32
		{66C720D0-F634-AA33-CC30-CC3A1B3A2099}.Template|x64.ActiveCfg = Release|Win32
		{66C720D0-F634-AA33-CC30-CC3A1B3A2099}.Unicode Debug|Win32.ActiveCfg = Debug|Win32
		{66C720D0-F634-AA33-CC30-CC3A1B3A2099}.Unicode Debug|Win32.Build.0 = Debug|Win32
		{66C720D0-F634-AA33-CC30-CC3A1B3A2099}.Unicode Debug|x64.ActiveCfg = Debug|x64
		{66C720D0-F634-AA33-CC30-CC3A1B3A2099}.Unicode Debug|x64.Build.0 = Debug|x64
		{66C720D0-F634-AA33-CC30-CC3A1B3A2099}.Unicode Release|Win32.ActiveCfg = Release|Win32
		{66C720D0-F634-AA33-CC30-CC3A1B3A2099}.Unicode Release|Win32.Build.0 = Release|Win32
		{66C720D0-F634-AA33-CC30-CC3A1B3A2099}.Unicode Release|x64.ActiveCfg = Release|x64
		{66C720D0-F634-AA33-CC30-CC3A1B3A2099}.Unicode Release|x64.Build.0 = Release|x64
		{89311601-FD30-7D30-3D30-16F14E74E001}.Debug Unicode|Win32.ActiveCfg = Debug|Win32
		{89311601-FD30-7D30-3D30-16F14E74E001}.Debug Unicode|Win32.Build.0 = Debug|Win32
		{89311601-FD30-7D30-3D30-16F14E74E001}.Debug Unicode|x64.ActiveCfg = Debug|x64
		{89311601-FD30-7D30-3D30-16F14E74E001}.Debug|Win32.ActiveCfg = Debug|Win32
		{89311601-FD30-7D30-3D30-16F14E74E001}.Debug|Win32.Build.0 = Debug|Win32
		{89311601-FD30-7D30-3D30-16F14E74E001}.Debug|x64.ActiveCfg = Debug|x64
		{89311601-FD30-7D30-3D30-16F14E74E001}.Debug|x64.Build.0 = Debug|x64
		{89311601-FD30-7D30-3D30-16F14E74E001}.Release Unicode|Win32.ActiveCfg = Release|Win32
		{89311601-FD30-7D30-3D30-16F14E74E001}.Release Unicode|Win32.Build.0 = Release|Win32
		{89311601-FD30-7D30-3D30-16F14E74E001}.Release Unicode|x64.ActiveCfg = Release|Win32
		{89311601-FD30-7D30-3D30-16F14E74E001}.Release|Win32.ActiveCfg = Release|Win32
		{89311601-FD30-7D30-3D30-16F14E74E001}.Release|Win32.Build.0 = Release|Win32
		{89311601-FD30-7D30-3D30-16F14E74E001}.Release|x64.ActiveCfg = Release|x64
		{89311601-FD30-7D30-3D30-16F14E74E001}.Release|x64.Build.0 = Release|x64
		{89311601-FD30-7D30-3D30-16F14E74E001}.Template|Win32.ActiveCfg = Release|Win32
		{89311601-FD30-7D30-3D30-16F14E74E001}.Template|Win32.Build.0 = Release|Win32
		{89311601-FD30-7D30-3D30-16F14E74E001}.Template|x64.ActiveCfg = Release|Win32
		{89311601-FD30-7D30-3D30-16F14E74E001}.Unicode Debug|Win32.ActiveCfg = Debug|Win32
		{89311601-FD30-7D30-3D30-16F14E74E001}.Unicode Debug|Win32.Build.0 = Debug|Win32
		{89311601-FD30-7D30-3D30-16F14E74E001}.Unicode Debug|x64.ActiveCfg = Debug|x64
		{89311601-FD30-7D30-3D30-16F14E74E001}.Unicode Debug|x64.Build.0 = Debug|x64
		{89311601-FD30-7D30-3D30-16F14E74E001}.Unicode Release|Win32.ActiveCfg = Release|Win32
		{89311601-FD30-7D30-3D30-16F14E74E001}.Unicode Release|Win32.Build.0 = Release|Win32
		{89311601-FD30-7D30-3D30-16F14E74E001}.Unicode Release|x64.ActiveCfg = Release|x64
		{89311601-FD30-7D30-3D30-16F14E74E001}.Unicode Release|x64.Build.0 = Release|x64
		{5B1BB19C-F27B-481E-8A70-EE83B1F6F896}.Debug Unicode|Win32.ActiveCfg = Debug|Win32
		{5B1BB19C-F27B-481E-8A70-EE83B1F6F896}.Debug Unicode|Win32.Build.0 = Debug|Win32
		{5B1BB19C-F27B-481E-8A70-EE83B1F6F896}.Debug Unicode|x64.ActiveCfg = Debug|x64
		{5B1BB19C-F27B-481E-8A70-EE83B1F6F896}.Debug|Win32.ActiveCfg = Debug|Win32
		{5B1BB19C-F27B-481E-8A70-EE83B1F6F896}.Debug|Win32.Build.0 = Debug|Win32
		{5B1BB19C-F27B-481E-8A70-EE83B1F6F896}.Debug|x64.ActiveCfg = Debug|x64
		{5B1BB19C-F27B-481E-8A70-EE83B1F6F896}.Debug|x64.Build.0 = Debug|x64
		{5B1BB19C-F27B-481E-8A70-EE83B1F6F896}.Release Unicode|Win32.ActiveCfg = Release|Win32
		{5B1BB19C-F27B-481E-8A70-EE83B1F6F896}.Release Unicode|Win32.Build.0 = Release|Win32
		{5B1BB19C-F27B-481E-8A70-EE83B1F6F896}.Release Unicode|x64.ActiveCfg = Release|Win32
		{5B1BB19C-F27B-481E-8A70-EE83B1F6F896}.Release|Win32.ActiveCfg = Release|Win32
		{5B1BB19C-F27B-481E-8A70-EE83B1F6F896}.Release|Win32.Build.0 = Release|Win32
		{5B1BB19C-F27B-481E-8A70-EE83B1F6F896}.Release|x64.ActiveCfg = Release|x64
		{5B1BB19C-F27B-481E-8A70-EE83B1F6F896}.Release|x64.Build.0 = Release|x64
		{5B1BB19C-F27B-481E-8A70-EE83B1F6F896}.Template|Win32.ActiveCfg = Release|Win32
		{5B1BB19C-F27B-481E-8A70-EE83B1F6F896}.Template|Win32.Build.0 = Release|Win32
		{5B1BB19C-F27B-481E-8A70-EE83B1F6F896}.Template|x64.ActiveCfg = Release|Win32
		{5B1BB19C-F27B-481E-8A70-EE83B1F6F896}.Unicode Debug|Win32.ActiveCfg = Debug|Win32
		{5B1BB19C-F27B-481E-8A70-EE83B1F6F896}.Unicode Debug|Win32.Build.0 = Debug|Win32
		{5B1BB19C-F27B-481E-8A70-EE83B1F6F896}.Unicode Debug|x64.ActiveCfg = Debug|x64
		{5B1BB19C-F27B-481E-8A70-EE83B1F6F896}.Unicode Debug|x64.Build.0 = Debug|x64
		{5B1BB19C-F27B-481E-8A70-EE83B1F6F896}.Unicode Release|Win32.ActiveCfg = Release|Win32
		{5B1BB19C-F27B-481E-8A70-EE83B1F6F896}.Unicode Release|Win32.Build.0 = Release|Win32
		{5B1BB19C-F27B-481E-8A70-EE83B1F6F896}.Unicode Release|x64.ActiveCfg = Release|x64
		{5B1BB19C-F27B-481E-8A70-EE83B1F6F896}.Unicode Release|x64.Build.0 = Release|x64
		{D9DF0267-861A-718C-CD19-F6287DECDC10}.Debug Unicode|Win32.ActiveCfg = Debug|Win32
		{D9DF0267-861A-718C-CD19-F6287DECDC10}.Debug Unicode|Win32.Build.0 = Debug|Win32
		{D9DF0267-861A-718C-CD19-F6287DECDC10}.Debug Unicode|x64.ActiveCfg = Debug|x64
		{D9DF0267-861A-718C-CD19-F6287DECDC10}.Debug|Win32.ActiveCfg = Debug|Win32
		{D9DF0267-861A-718C-CD19-F6287DECDC10}.Debug|Win32.Build.0 = Debug|Win32
		{D9DF0267-861A-718C-CD19-F6287DECDC10}.Debug|x64.ActiveCfg = Debug|x64
		{D9DF0267-861A-718C-CD19-F6287DECDC10}.Debug|x64.Build.0 = Debug|x64
		{D9DF0267-861A-718C-CD19-F6287DECDC10}.Release Unicode|Win32.ActiveCfg = Release DLL|Win32
		{D9DF0267-861A-718C-CD19-F6287DECDC10}.Release Unicode|Win32.Build.0 = Release DLL|Win32
		{D9DF0267-861A-718C-CD19-F6287DECDC10}.Release Unicode|x64.ActiveCfg = Release DLL|Win32
		{D9DF0267-861A-718C-CD19-F6287DECDC10}.Release|Win32.ActiveCfg = Release|Win32
		{D9DF0267-861A-718C-CD19-F6287DECDC10}.Release|Win32.Build.0 = Release|Win32
		{D9DF0267-861A-718C-CD19-F6287DECDC10}.Release|x64.ActiveCfg = Release|x64
		{D9DF0267-861A-718C-CD19-F6287DECDC10}.Release|x64.Build.0 = Release|x64
		{D9DF0267-861A-718C-CD19-F6287DECDC10}.Template|Win32.ActiveCfg = Template|Win32
		{D9DF0267-861A-718C-CD19-F6287DECDC10}.Template|Win32.Build.0 = Template|Win32
		{D9DF0267-861A-718C-CD19-F6287DECDC10}.Template|x64.ActiveCfg = Template|Win32
		{D9DF0267-861A-718C-CD19-F6287DECDC10}.Unicode Debug|Win32.ActiveCfg = Debug|Win32
		{D9DF0267-861A-718C-CD19-F6287DECDC10}.Unicode Debug|Win32.Build.0 = Debug|Win32
		{D9DF0267-861A-718C-CD19-F6287DECDC10}.Unicode Debug|x64.ActiveCfg = Debug|x64
		{D9DF0267-861A-718C-CD19-F6287DECDC10}.Unicode Debug|x64.Build.0 = Debug|x64
		{D9DF0267-861A-718C-CD19-F6287DECDC10}.Unicode Release|Win32.ActiveCfg = Release|Win32
		{D9DF0267-861A-718C-CD19-F6287DECDC10}.Unicode Release|Win32.Build.0 = Release|Win32
		{D9DF0267-861A-718C-CD19-F6287DECDC10}.Unicode Release|x64.ActiveCfg = Release|x64
		{D9DF0267-861A-718C-CD19-F6287DECDC10}.Unicode Release|x64.Build.0 = Release|x64
		{8D322D88-090A-45B5-1F05-E70A99985F12}.Debug Unicode|Win32.ActiveCfg = Debug|Win32
		{8D322D88-090A-45B5-1F05-E70A99985F12}.Debug Unicode|Win32.Build.0 = Debug|Win32
		{8D322D88-090A-45B5-1F05-E70A99985F12}.Debug Unicode|x64.ActiveCfg = Debug|x64
		{8D322D88-090A-45B5-1F05-E70A99985F12}.Debug|Win32.ActiveCfg = Debug|Win32
		{8D322D88-090A-45B5-1F05-E70A99985F12}.Debug|Win32.Build.0 = Debug|Win32
		{8D322D88-090A-45B5-1F05-E70A99985F12}.Debug|x64.ActiveCfg = Debug|x64
		{8D322D88-090A-45B5-1F05-E70A99985F12}.Debug|x64.Build.0 = Debug|x64
		{8D322D88-090A-45B5-1F05-E70A99985F12}.Release Unicode|Win32.ActiveCfg = Release|Win32
		{8D322D88-090A-45B5-1F05-E70A99985F12}.Release Unicode|Win32.Build.0 = Release|Win32
		{8D322D88-090A-45B5-1F05-E70A99985F12}.Release Unicode|x64.ActiveCfg = Release|Win32
		{8D322D88-090A-45B5-1F05-E70A99985F12}.Release|Win32.ActiveCfg = Release|Win32
		{8D322D88-090A-45B5-1F05-E70A99985F12}.Release|Win32.Build.0 = Release|Win32
		{8D322D88-090A-45B5-1F05-E70A99985F12}.Release|x64.ActiveCfg = Release|x64
		{8D322D88-090A-45B5-1F05-E70A99985F12}.Release|x64.Build.0 = Release|x64
		{8D322D88-090A-45B5-1F05-E70A99985F12}.Template|Win32.ActiveCfg = Template|Win32
		{8D322D88-090A-45B5-1F05-E70A99985F12}.Template|Win32.Build.0 = Template|Win32
		{8D322D88-090A-45B5-1F05-E70A99985F12}.Template|x64.ActiveCfg = Template|Win32
		{8D322D88-090A-45B5-1F05-E70A99985F12}.Unicode Debug|Win32.ActiveCfg = Debug|Win32
		{8D322D88-090A-45B5-1F05-E70A99985F12}.Unicode Debug|Win32.Build.0 = Debug|Win32
		{8D322D88-090A-45B5-1F05-E70A99985F12}.Unicode Debug|x64.ActiveCfg = Debug|x64
		{8D322D88-090A-45B5-1F05-E70A99985F12}.Unicode Debug|x64.Build.0 = Debug|x64
		{8D322D88-090A-45B5-1F05-E70A99985F12}.Unicode Release|Win32.ActiveCfg = Release|Win32
		{8D322D88-090A-45B5-1F05-E70A99985F12}.Unicode Release|Win32.Build.0 = Release|Win32
		{8D322D88-090A-45B5-1F05-E70A99985F12}.Unicode Release|x64.ActiveCfg = Release|x64
		{8D322D88-090A-45B5-1F05-E70A99985F12}.Unicode Release|x64.Build.0 = Release|x64
		{8E990011-435F-BAEA-0990-EAA79FFD50BB}.Debug Unicode|Win32.ActiveCfg = Debug|Win32
		{8E990011-435F-BAEA-0990-EAA79FFD50BB}.Debug Unicode|Win32.Build.0 = Debug|Win32
		{8E990011-435F-BAEA-0990-EAA79FFD50BB}.Debug Unicode|x64.ActiveCfg = Debug|Win32
		{8E990011-435F-BAEA-0990-EAA79FFD50BB}.Debug|Win32.ActiveCfg = Debug|Win32
		{8E990011-435F-BAEA-0990-EAA79FFD50BB}.Debug|Win32.Build.0 = Debug|Win32
		{8E990011-435F-BAEA-0990-EAA79FFD50BB}.Debug|x64.ActiveCfg = Debug|Win32
		{8E990011-435F-BAEA-0990-EAA79FFD50BB}.Release Unicode|Win32.ActiveCfg = Release|Win32
		{8E990011-435F-BAEA-0990-EAA79FFD50BB}.Release Unicode|Win32.Build.0 = Release|Win32
		{8E990011-435F-BAEA-0990-EAA79FFD50BB}.Release Unicode|x64.ActiveCfg = Release|Win32
		{8E990011-435F-BAEA-0990-EAA79FFD50BB}.Release|Win32.ActiveCfg = Release|Win32
		{8E990011-435F-BAEA-0990-EAA79FFD50BB}.Release|Win32.Build.0 = Release|Win32
		{8E990011-435F-BAEA-0990-EAA79FFD50BB}.Release|x64.ActiveCfg = Release|Win32
		{8E990011-435F-BAEA-0990-EAA79FFD50BB}.Template|Win32.ActiveCfg = Unicode Release|Win32
		{8E990011-435F-BAEA-0990-EAA79FFD50BB}.Template|Win32.Build.0 = Unicode Release|Win32
		{8E990011-435F-BAEA-0990-EAA79FFD50BB}.Template|x64.ActiveCfg = Unicode Release|Win32
		{8E990011-435F-BAEA-0990-EAA79FFD50BB}.Unicode Debug|Win32.ActiveCfg = Unicode Debug|Win32
		{8E990011-435F-BAEA-0990-EAA79FFD50BB}.Unicode Debug|Win32.Build.0 = Unicode Debug|Win32
		{8E990011-435F-BAEA-0990-EAA79FFD50BB}.Unicode Debug|x64.ActiveCfg = Unicode Debug|Win32
		{8E990011-435F-BAEA-0990-EAA79FFD50BB}.Unicode Release|Win32.ActiveCfg = Unicode Release|Win32
		{8E990011-435F-BAEA-0990-EAA79FFD50BB}.Unicode Release|Win32.Build.0 = Unicode Release|Win32
		{8E990011-435F-BAEA-0990-EAA79FFD50BB}.Unicode Release|x64.ActiveCfg = Unicode Release|Win32
		{0178C7D7-82EB-E103-34C4-C73CB82DEDD5}.Debug Unicode|Win32.ActiveCfg = Debug|Win32
		{0178C7D7-82EB-E103-34C4-C73CB82DEDD5}.Debug Unicode|Win32.Build.0 = Debug|Win32
		{0178C7D7-82EB-E103-34C4-C73CB82DEDD5}.Debug Unicode|x64.ActiveCfg = Debug|Win32
		{0178C7D7-82EB-E103-34C4-C73CB82DEDD5}.Debug|Win32.ActiveCfg = Debug|Win32
		{0178C7D7-82EB-E103-34C4-C73CB82DEDD5}.Debug|Win32.Build.0 = Debug|Win32
		{0178C7D7-82EB-E103-34C4-C73CB82DEDD5}.Debug|x64.ActiveCfg = Debug|Win32
		{0178C7D7-82EB-E103-34C4-C73CB82DEDD5}.Release Unicode|Win32.ActiveCfg = Release|Win32
		{0178C7D7-82EB-E103-34C4-C73CB82DEDD5}.Release Unicode|Win32.Build.0 = Release|Win32
		{0178C7D7-82EB-E103-34C4-C73CB82DEDD5}.Release Unicode|x64.ActiveCfg = Release|Win32
		{0178C7D7-82EB-E103-34C4-C73CB82DEDD5}.Release|Win32.ActiveCfg = Release|Win32
		{0178C7D7-82EB-E103-34C4-C73CB82DEDD5}.Release|Win32.Build.0 = Release|Win32
		{0178C7D7-82EB-E103-34C4-C73CB82DEDD5}.Release|x64.ActiveCfg = Release|Win32
		{0178C7D7-82EB-E103-34C4-C73CB82DEDD5}.Template|Win32.ActiveCfg = Release|Win32
		{0178C7D7-82EB-E103-34C4-C73CB82DEDD5}.Template|Win32.Build.0 = Release|Win32
		{0178C7D7-82EB-E103-34C4-C73CB82DEDD5}.Template|x64.ActiveCfg = Release|Win32
		{0178C7D7-82EB-E103-34C4-C73CB82DEDD5}.Unicode Debug|Win32.ActiveCfg = Debug|Win32
		{0178C7D7-82EB-E103-34C4-C73CB82DEDD5}.Unicode Debug|Win32.Build.0 = Debug|Win32
		{0178C7D7-82EB-E103-34C4-C73CB82DEDD5}.Unicode Debug|x64.ActiveCfg = Debug|Win32
		{0178C7D7-82EB-E103-34C4-C73CB82DEDD5}.Unicode Release|Win32.ActiveCfg = Release|Win32
		{0178C7D7-82EB-E103-34C4-C73CB82DEDD5}.Unicode Release|Win32.Build.0 = Release|Win32
		{0178C7D7-82EB-E103-34C4-C73CB82DEDD5}.Unicode Release|x64.ActiveCfg = Release|Win32
		{9BC2870E-F792-68D9-9A23-536A7329577C}.Debug Unicode|Win32.ActiveCfg = Debug|Win32
		{9BC2870E-F792-68D9-9A23-536A7329577C}.Debug Unicode|Win32.Build.0 = Debug|Win32
		{9BC2870E-F792-68D9-9A23-536A7329577C}.Debug Unicode|x64.ActiveCfg = Debug|Win32
		{9BC2870E-F792-68D9-9A23-536A7329577C}.Debug|Win32.ActiveCfg = Debug|Win32
		{9BC2870E-F792-68D9-9A23-536A7329577C}.Debug|Win32.Build.0 = Debug|Win32
		{9BC2870E-F792-68D9-9A23-536A7329577C}.Debug|x64.ActiveCfg = Debug|Win32
		{9BC2870E-F792-68D9-9A23-536A7329577C}.Release Unicode|Win32.ActiveCfg = Release|Win32
		{9BC2870E-F792-68D9-9A23-536A7329577C}.Release Unicode|Win32.Build.0 = Release|Win32
		{9BC2870E-F792-68D9-9A23-536A7329577C}.Release Unicode|x64.ActiveCfg = Release|Win32
		{9BC2870E-F792-68D9-9A23-536A7329577C}.Release|Win32.ActiveCfg = Release|Win32
		{9BC2870E-F792-68D9-9A23-536A7329577C}.Release|Win32.Build.0 = Release|Win32
		{9BC2870E-F792-68D9-9A23-536A7329577C}.Release|x64.ActiveCfg = Release|Win32
		{9BC2870E-F792-68D9-9A23-536A7329577C}.Template|Win32.ActiveCfg = Release|Win32
		{9BC2870E-F792-68D9-9A23-536A7329577C}.Template|Win32.Build.0 = Release|Win32
		{9BC2870E-F792-68D9-9A23-536A7329577C}.Template|x64.ActiveCfg = Release|Win32
		{9BC2870E-F792-68D9-9A23-536A7329577C}.Unicode Debug|Win32.ActiveCfg = Debug|Win32
		{9BC2870E-F792-68D9-9A23-536A7329577C}.Unicode Debug|Win32.Build.0 = Debug|Win32
		{9BC2870E-F792-68D9-9A23-536A7329577C}.Unicode Debug|x64.ActiveCfg = Debug|Win32
		{9BC2870E-F792-68D9-9A23-536A7329577C}.Unicode Release|Win32.ActiveCfg = Release|Win32
		{9BC2870E-F792-68D9-9A23-536A7329577C}.Unicode Release|Win32.Build.0 = Release|Win32
		{9BC2870E-F792-68D9-9A23-536A7329577C}.Unicode Release|x64.ActiveCfg = Release|Win32
		{A80883CE-CE9F-4F69-9F2F-D8EA3441A952}.Debug Unicode|Win32.ActiveCfg = Debug|Win32
		{A80883CE-CE9F-4F69-9F2F-D8EA3441A952}.Debug Unicode|Win32.Build.0 = Debug|Win32
		{A80883CE-CE9F-4F69-9F2F-D8EA3441A952}.Debug Unicode|x64.ActiveCfg = Debug|Win32
		{A80883CE-CE9F-4F69-9F2F-D8EA3441A952}.Debug|Win32.ActiveCfg = Debug|Win32
		{A80883CE-CE9F-4F69-9F2F-D8EA3441A952}.Debug|Win32.Build.0 = Debug|Win32
		{A80883CE-CE9F-4F69-9F2F-D8EA3441A952}.Debug|x64.ActiveCfg = Debug|Win32
		{A80883CE-CE9F-4F69-9F2F-D8EA3441A952}.Release Unicode|Win32.ActiveCfg = Release|Win32
		{A80883CE-CE9F-4F69-9F2F-D8EA3441A952}.Release Unicode|Win32.Build.0 = Release|Win32
		{A80883CE-CE9F-4F69-9F2F-D8EA3441A952}.Release Unicode|x64.ActiveCfg = Release|Win32
		{A80883CE-CE9F-4F69-9F2F-D8EA3441A952}.Release|Win32.ActiveCfg = Release|Win32
		{A80883CE-CE9F-4F69-9F2F-D8EA3441A952}.Release|Win32.Build.0 = Release|Win32
		{A80883CE-CE9F-4F69-9F2F-D8EA3441A952}.Release|x64.ActiveCfg = Release|Win32
		{A80883CE-CE9F-4F69-9F2F-D8EA3441A952}.Template|Win32.ActiveCfg = Release|Win32
		{A80883CE-CE9F-4F69-9F2F-D8EA3441A952}.Template|Win32.Build.0 = Release|Win32
		{A80883CE-CE9F-4F69-9F2F-D8EA3441A952}.Template|x64.ActiveCfg = Release|Win32
		{A80883CE-CE9F-4F69-9F2F-D8EA3441A952}.Unicode Debug|Win32.ActiveCfg = Debug|Win32
		{A80883CE-CE9F-4F69-9F2F-D8EA3441A952}.Unicode Debug|Win32.Build.0 = Debug|Win32
		{A80883CE-CE9F-4F69-9F2F-D8EA3441A952}.Unicode Debug|x64.ActiveCfg = Debug|Win32
		{A80883CE-CE9F-4F69-9F2F-D8EA3441A952}.Unicode Release|Win32.ActiveCfg = Release|Win32
		{A80883CE-CE9F-4F69-9F2F-D8EA3441A952}.Unicode Release|Win32.Build.0 = Release|Win32
		{A80883CE-CE9F-4F69-9F2F-D8EA3441A952}.Unicode Release|x64.ActiveCfg = Release|Win32
		{B3D80145-C3E7-4A87-9CA2-B308F4437716}.Debug Unicode|Win32.ActiveCfg = Debug|Win32
		{B3D80145-C3E7-4A87-9CA2-B308F4437716}.Debug Unicode|Win32.Build.0 = Debug|Win32
		{B3D80145-C3E7-4A87-9CA2-B308F4437716}.Debug Unicode|x64.ActiveCfg = Debug|Win32
		{B3D80145-C3E7-4A87-9CA2-B308F4437716}.Debug|Win32.ActiveCfg = Debug|Win32
		{B3D80145-C3E7-4A87-9CA2-B308F4437716}.Debug|Win32.Build.0 = Debug|Win32
		{B3D80145-C3E7-4A87-9CA2-B308F4437716}.Debug|x64.ActiveCfg = Debug|Win32
		{B3D80145-C3E7-4A87-9CA2-B308F4437716}.Release Unicode|Win32.ActiveCfg = Release|Win32
		{B3D80145-C3E7-4A87-9CA2-B308F4437716}.Release Unicode|Win32.Build.0 = Release|Win32
		{B3D80145-C3E7-4A87-9CA2-B308F4437716}.Release Unicode|x64.ActiveCfg = Release|Win32
		{B3D80145-C3E7-4A87-9CA2-B308F4437716}.Release|Win32.ActiveCfg = Release|Win32
		{B3D80145-C3E7-4A87-9CA2-B308F4437716}.Release|Win32.Build.0 = Release|Win32
		{B3D80145-C3E7-4A87-9CA2-B308F4437716}.Release|x64.ActiveCfg = Release|Win32
		{B3D80145-C3E7-4A87-9CA2-B308F4437716}.Template|Win32.ActiveCfg = Release|Win32
		{B3D80145-C3E7-4A87-9CA2-B308F4437716}.Template|Win32.Build.0 = Release|Win32
		{B3D80145-C3E7-4A87-9CA2-B308F4437716}.Template|x64.ActiveCfg = Release|Win32
		{B3D80145-C3E7-4A87-9CA2-B308F4437716}.Unicode Debug|Win32.ActiveCfg = Debug|Win32
		{B3D80145-C3E7-4A87-9CA2-B308F4437716}.Unicode Debug|Win32.Build.0 = Debug|Win32
		{B3D80145-C3E7-4A87-9CA2-B308F4437716}.Unicode Debug|x64.ActiveCfg = Debug|Win32
		{B3D80145-C3E7-4A87-9CA2-B308F4437716}.Unicode Release|Win32.ActiveCfg = Release|Win32
		{B3D80145-C3E7-4A87-9CA2-B308F4437716}.Unicode Release|Win32.Build.0 = Release|Win32
		{B3D80145-C3E7-4A87-9CA2-B308F4437716}.Unicode Release|x64.ActiveCfg = Release|Win32
	EndGlobalSection
	GlobalSection(SolutionProperties) = preSolution
		HideSolutionNode = FALSE
	EndGlobalSection
EndGlobal
