
Microsoft Visual Studio Solution File, Format Version 12.00
# Visual Studio 14
VisualStudioVersion = 14.0.23107.0
MinimumVisualStudioVersion = 10.0.40219.1
Project("{8BC9CEB8-8B4A-11D0-8D11-00A0C91BC942}") = "mkpasswd", "mkpasswd\mkpasswd.vcxproj", "{12FA4C2C-0D92-E227-8DE7-F459A6B4551D}"
EndProject
Project("{8BC9CEB8-8B4A-11D0-8D11-00A0C91BC942}") = "vscpcmd", "vscpcmd\vscpcmd.vcxproj", "{3F188438-0466-3821-2420-ECFA848E3F25}"
EndProject
Project("{8BC9CEB8-8B4A-11D0-8D11-00A0C91BC942}") = "vscpworks", "vscpworks\vscpworks.vcxproj", "{FAE29035-75E4-4F76-BF2D-B3537B0BF9CC}"
EndProject
Project("{8BC9CEB8-8B4A-11D0-8D11-00A0C91BC942}") = "vscpl1_apoxdrv", "drivers\level1\apox\win32\apoxdrv.vcxproj", "{C9264913-4420-3077-142B-F12E92E73D43}"
EndProject
Project("{8BC9CEB8-8B4A-11D0-8D11-00A0C91BC942}") = "vscpl1_can232drv", "drivers\level1\can232\win32\can232drv\can232drv.vcxproj", "{AEEDC800-0A74-F6DE-A7EF-95CD54ABCCD1}"
EndProject
Project("{8BC9CEB8-8B4A-11D0-8D11-00A0C91BC942}") = "vscpl1_ixxatvcidrv", "drivers\level1\ixxat_vc2\win32\ixxatvcidrv.vcxproj", "{E8818AF3-9FBD-1A22-FA2C-5A09A743CA7B}"
EndProject
Project("{8BC9CEB8-8B4A-11D0-8D11-00A0C91BC942}") = "vscpl1_loggerdrv", "drivers\level1\logger\win32\canallogger.vcxproj", "{EF71D1DB-76BC-0526-69AE-B8F87A449FC1}"
EndProject
Project("{8BC9CEB8-8B4A-11D0-8D11-00A0C91BC942}") = "vscpl1_peakdrv", "drivers\level1\peak\win32\peakdrv.vcxproj", "{AEE2FCBA-AB80-4D8C-B0AC-9C354A58532D}"
EndProject
Project("{8BC9CEB8-8B4A-11D0-8D11-00A0C91BC942}") = "vscpl1_vectordrv", "drivers\level1\vector\win32\vectordrv.vcxproj", "{66C720D0-F634-AA33-CC30-CC3A1B3A2099}"
EndProject
Project("{8BC9CEB8-8B4A-11D0-8D11-00A0C91BC942}") = "vscpl1_zanthicdrv", "drivers\level1\zanthic\win32\zanthicdrv.vcxproj", "{89311601-FD30-7D30-3D30-16F14E74E001}"
EndProject
Project("{8BC9CEB8-8B4A-11D0-8D11-00A0C91BC942}") = "vscphelper", "helperlib\windows\VSCP helper dll.vcxproj", "{5B1BB19C-F27B-481E-8A70-EE83B1F6F896}"
EndProject
Project("{8BC9CEB8-8B4A-11D0-8D11-00A0C91BC942}") = "vscpd", "daemon\win32\vscpd.vcxproj", "{D9DF0267-861A-718C-CD19-F6287DECDC10}"
EndProject
Project("{8BC9CEB8-8B4A-11D0-8D11-00A0C91BC942}") = "vscpl2_tcpiplinkdrv", "drivers\level2\tcpdrv\win32\tcpiplinkdrv.vcxproj", "{0178C7D7-82EB-E103-34C4-C73CB82DEDD5}"
EndProject
Project("{8BC9CEB8-8B4A-11D0-8D11-00A0C91BC942}") = "vscpl2_rawethernetdrv", "drivers\level2\rawethernet\win32\rawethernet.vcxproj", "{9BC2870E-F792-68D9-9A23-536A7329577C}"
EndProject
Project("{8BC9CEB8-8B4A-11D0-8D11-00A0C91BC942}") = "vscpl2_loggerdrv", "drivers\level2\logger\win32\vscplogger.vcxproj", "{A80883CE-CE9F-4F69-9F2F-D8EA3441A952}"
EndProject
Project("{8BC9CEB8-8B4A-11D0-8D11-00A0C91BC942}") = "vscphelpertest", "helperlib\windows\test\test.vcxproj", "{B3D80145-C3E7-4A87-9CA2-B308F4437716}"
	ProjectSection(ProjectDependencies) = postProject
		{5B1BB19C-F27B-481E-8A70-EE83B1F6F896} = {5B1BB19C-F27B-481E-8A70-EE83B1F6F896}
	EndProjectSection
EndProject
Project("{8BC9CEB8-8B4A-11D0-8D11-00A0C91BC942}") = "vscpl1_xapdrv", "drivers\level1\xap\win32\xapdrv.vcxproj", "{9B3C42D2-B352-3866-7187-742C1B5DAAE9}"
EndProject
Project("{8BC9CEB8-8B4A-11D0-8D11-00A0C91BC942}") = "vscpl2_btproximitydrv", "drivers\level2\btdetect\win32\vscpbtdetect.vcxproj", "{1F600DAB-F705-4DF5-A07C-96B1495D7102}"
EndProject
Project("{8BC9CEB8-8B4A-11D0-8D11-00A0C91BC942}") = "vscpl1_can4vscpdrv", "drivers\level1\can4vscp\win32\can4vscpdrv.vcxproj", "{051AA1B3-0E96-040D-01AE-BC780A84D0AA}"
EndProject
Project("{8BC9CEB8-8B4A-11D0-8D11-00A0C91BC942}") = "vscpl1_tellstickdrv", "drivers\level1\tellstick\win32\tellstickdrv.vcxproj", "{D02F6A75-021F-46A1-9200-1C6EA80375E1}"
EndProject
Project("{2150E333-8FDC-42A3-9474-1A3956D46DE8}") = "Solution Items", "Solution Items", "{D7D8B881-F3C8-4988-A74E-000C84DD4E77}"
EndProject
Project("{8BC9CEB8-8B4A-11D0-8D11-00A0C91BC942}") = "vscpl1_lircdrv", "drivers\level1\lirc\windows\lircdrv.vcxproj", "{D98D0D14-382F-DF93-3056-700E1A09A728}"
EndProject
Project("{8BC9CEB8-8B4A-11D0-8D11-00A0C91BC942}") = "vscpl1_syslogdrv", "drivers\level1\syslogdrv\windows\syslogdrv.vcxproj", "{20ADB0B9-B8C6-5FCA-8D92-D934D44C298E}"
EndProject
Project("{8BC9CEB8-8B4A-11D0-8D11-00A0C91BC942}") = "vscpl1_usb2can", "drivers\level1\usb2can\usb2can\usb2can.vcxproj", "{0B81E79F-41D9-4E90-8823-76F9F94FAE4F}"
EndProject
Project("{8BC9CEB8-8B4A-11D0-8D11-00A0C91BC942}") = "vscpl2_simdrv", "drivers\level2\sim\win32\simdrv.vcxproj", "{F3F118D4-E5F1-4505-A1B1-53957BE30DD5}"
EndProject
Project("{8BC9CEB8-8B4A-11D0-8D11-00A0C91BC942}") = "vscpl2drv_mqtt", "drivers\level2\mqtt\win32\vscpl2drv_mqtt.vcxproj", "{2149BEA8-E06D-48F6-8952-DF31B8FEFCEA}"
EndProject
Project("{8BC9CEB8-8B4A-11D0-8D11-00A0C91BC942}") = "vscpl1_vectorxldrv", "drivers\level1\vectorxl\win32\vectorxldrv.vcxproj", "{B9CD7757-37BD-4265-B7DB-187966B42712}"
EndProject
Global
	GlobalSection(SolutionConfigurationPlatforms) = preSolution
		Debug|ARM = Debug|ARM
		Debug|Win32 = Debug|Win32
		Debug|x64 = Debug|x64
		Release|ARM = Release|ARM
		Release|Win32 = Release|Win32
		Release|x64 = Release|x64
		Template|ARM = Template|ARM
		Template|Win32 = Template|Win32
		Template|x64 = Template|x64
	EndGlobalSection
	GlobalSection(ProjectConfigurationPlatforms) = postSolution
		{12FA4C2C-0D92-E227-8DE7-F459A6B4551D}.Debug|ARM.ActiveCfg = Debug|Win32
		{12FA4C2C-0D92-E227-8DE7-F459A6B4551D}.Debug|Win32.ActiveCfg = Debug|Win32
		{12FA4C2C-0D92-E227-8DE7-F459A6B4551D}.Debug|Win32.Build.0 = Debug|Win32
		{12FA4C2C-0D92-E227-8DE7-F459A6B4551D}.Debug|Win32.Deploy.0 = Debug|Win32
		{12FA4C2C-0D92-E227-8DE7-F459A6B4551D}.Debug|x64.ActiveCfg = Debug|x64
		{12FA4C2C-0D92-E227-8DE7-F459A6B4551D}.Debug|x64.Build.0 = Debug|x64
		{12FA4C2C-0D92-E227-8DE7-F459A6B4551D}.Release|ARM.ActiveCfg = Release|ARM
		{12FA4C2C-0D92-E227-8DE7-F459A6B4551D}.Release|Win32.ActiveCfg = Release|Win32
		{12FA4C2C-0D92-E227-8DE7-F459A6B4551D}.Release|Win32.Build.0 = Release|Win32
		{12FA4C2C-0D92-E227-8DE7-F459A6B4551D}.Release|x64.ActiveCfg = Release|x64
		{12FA4C2C-0D92-E227-8DE7-F459A6B4551D}.Release|x64.Build.0 = Release|x64
		{12FA4C2C-0D92-E227-8DE7-F459A6B4551D}.Template|ARM.ActiveCfg = Release|Win32
		{12FA4C2C-0D92-E227-8DE7-F459A6B4551D}.Template|Win32.ActiveCfg = Debug|Win32
		{12FA4C2C-0D92-E227-8DE7-F459A6B4551D}.Template|Win32.Build.0 = Debug|Win32
		{12FA4C2C-0D92-E227-8DE7-F459A6B4551D}.Template|x64.ActiveCfg = Release|Win32
		{3F188438-0466-3821-2420-ECFA848E3F25}.Debug|ARM.ActiveCfg = Debug|Win32
		{3F188438-0466-3821-2420-ECFA848E3F25}.Debug|Win32.ActiveCfg = Debug|Win32
		{3F188438-0466-3821-2420-ECFA848E3F25}.Debug|Win32.Build.0 = Debug|Win32
		{3F188438-0466-3821-2420-ECFA848E3F25}.Debug|x64.ActiveCfg = Debug|x64
		{3F188438-0466-3821-2420-ECFA848E3F25}.Debug|x64.Build.0 = Debug|x64
		{3F188438-0466-3821-2420-ECFA848E3F25}.Release|ARM.ActiveCfg = Release|ARM
		{3F188438-0466-3821-2420-ECFA848E3F25}.Release|Win32.ActiveCfg = Release|Win32
		{3F188438-0466-3821-2420-ECFA848E3F25}.Release|Win32.Build.0 = Release|Win32
		{3F188438-0466-3821-2420-ECFA848E3F25}.Release|x64.ActiveCfg = Release|x64
		{3F188438-0466-3821-2420-ECFA848E3F25}.Release|x64.Build.0 = Release|x64
		{3F188438-0466-3821-2420-ECFA848E3F25}.Template|ARM.ActiveCfg = Template|Win32
		{3F188438-0466-3821-2420-ECFA848E3F25}.Template|Win32.ActiveCfg = Debug|Win32
		{3F188438-0466-3821-2420-ECFA848E3F25}.Template|Win32.Build.0 = Debug|Win32
		{3F188438-0466-3821-2420-ECFA848E3F25}.Template|x64.ActiveCfg = Release|Win32
		{FAE29035-75E4-4F76-BF2D-B3537B0BF9CC}.Debug|ARM.ActiveCfg = Debug|Win32
		{FAE29035-75E4-4F76-BF2D-B3537B0BF9CC}.Debug|Win32.ActiveCfg = Debug|Win32
		{FAE29035-75E4-4F76-BF2D-B3537B0BF9CC}.Debug|Win32.Build.0 = Debug|Win32
		{FAE29035-75E4-4F76-BF2D-B3537B0BF9CC}.Debug|x64.ActiveCfg = Debug|x64
		{FAE29035-75E4-4F76-BF2D-B3537B0BF9CC}.Debug|x64.Build.0 = Debug|x64
		{FAE29035-75E4-4F76-BF2D-B3537B0BF9CC}.Release|ARM.ActiveCfg = Release|Win32
		{FAE29035-75E4-4F76-BF2D-B3537B0BF9CC}.Release|Win32.ActiveCfg = Release|Win32
		{FAE29035-75E4-4F76-BF2D-B3537B0BF9CC}.Release|Win32.Build.0 = Release|Win32
		{FAE29035-75E4-4F76-BF2D-B3537B0BF9CC}.Release|x64.ActiveCfg = Release|x64
		{FAE29035-75E4-4F76-BF2D-B3537B0BF9CC}.Release|x64.Build.0 = Release|x64
		{FAE29035-75E4-4F76-BF2D-B3537B0BF9CC}.Template|ARM.ActiveCfg = Release|Win32
		{FAE29035-75E4-4F76-BF2D-B3537B0BF9CC}.Template|Win32.ActiveCfg = Debug|Win32
		{FAE29035-75E4-4F76-BF2D-B3537B0BF9CC}.Template|Win32.Build.0 = Debug|Win32
		{FAE29035-75E4-4F76-BF2D-B3537B0BF9CC}.Template|x64.ActiveCfg = Debug|Win32
		{C9264913-4420-3077-142B-F12E92E73D43}.Debug|ARM.ActiveCfg = Debug|Win32
		{C9264913-4420-3077-142B-F12E92E73D43}.Debug|Win32.ActiveCfg = Debug|Win32
		{C9264913-4420-3077-142B-F12E92E73D43}.Debug|Win32.Build.0 = Debug|Win32
		{C9264913-4420-3077-142B-F12E92E73D43}.Debug|x64.ActiveCfg = Debug|x64
		{C9264913-4420-3077-142B-F12E92E73D43}.Debug|x64.Build.0 = Debug|x64
		{C9264913-4420-3077-142B-F12E92E73D43}.Release|ARM.ActiveCfg = Release|Win32
		{C9264913-4420-3077-142B-F12E92E73D43}.Release|Win32.ActiveCfg = Release|Win32
		{C9264913-4420-3077-142B-F12E92E73D43}.Release|Win32.Build.0 = Release|Win32
		{C9264913-4420-3077-142B-F12E92E73D43}.Release|x64.ActiveCfg = Release|x64
		{C9264913-4420-3077-142B-F12E92E73D43}.Release|x64.Build.0 = Release|x64
		{C9264913-4420-3077-142B-F12E92E73D43}.Template|ARM.ActiveCfg = Release|Win32
		{C9264913-4420-3077-142B-F12E92E73D43}.Template|Win32.ActiveCfg = Debug|Win32
		{C9264913-4420-3077-142B-F12E92E73D43}.Template|Win32.Build.0 = Debug|Win32
		{C9264913-4420-3077-142B-F12E92E73D43}.Template|x64.ActiveCfg = Release|Win32
		{AEEDC800-0A74-F6DE-A7EF-95CD54ABCCD1}.Debug|ARM.ActiveCfg = Debug|Win32
		{AEEDC800-0A74-F6DE-A7EF-95CD54ABCCD1}.Debug|Win32.ActiveCfg = Debug|Win32
		{AEEDC800-0A74-F6DE-A7EF-95CD54ABCCD1}.Debug|Win32.Build.0 = Debug|Win32
		{AEEDC800-0A74-F6DE-A7EF-95CD54ABCCD1}.Debug|x64.ActiveCfg = Debug|x64
		{AEEDC800-0A74-F6DE-A7EF-95CD54ABCCD1}.Debug|x64.Build.0 = Debug|x64
		{AEEDC800-0A74-F6DE-A7EF-95CD54ABCCD1}.Release|ARM.ActiveCfg = Release|Win32
		{AEEDC800-0A74-F6DE-A7EF-95CD54ABCCD1}.Release|Win32.ActiveCfg = Release|Win32
		{AEEDC800-0A74-F6DE-A7EF-95CD54ABCCD1}.Release|Win32.Build.0 = Release|Win32
		{AEEDC800-0A74-F6DE-A7EF-95CD54ABCCD1}.Release|x64.ActiveCfg = Release|x64
		{AEEDC800-0A74-F6DE-A7EF-95CD54ABCCD1}.Release|x64.Build.0 = Release|x64
		{AEEDC800-0A74-F6DE-A7EF-95CD54ABCCD1}.Template|ARM.ActiveCfg = Release|Win32
		{AEEDC800-0A74-F6DE-A7EF-95CD54ABCCD1}.Template|Win32.ActiveCfg = Debug|Win32
		{AEEDC800-0A74-F6DE-A7EF-95CD54ABCCD1}.Template|Win32.Build.0 = Debug|Win32
		{AEEDC800-0A74-F6DE-A7EF-95CD54ABCCD1}.Template|x64.ActiveCfg = Release|Win32
		{E8818AF3-9FBD-1A22-FA2C-5A09A743CA7B}.Debug|ARM.ActiveCfg = Debug|Win32
		{E8818AF3-9FBD-1A22-FA2C-5A09A743CA7B}.Debug|Win32.ActiveCfg = Debug|Win32
		{E8818AF3-9FBD-1A22-FA2C-5A09A743CA7B}.Debug|Win32.Build.0 = Debug|Win32
		{E8818AF3-9FBD-1A22-FA2C-5A09A743CA7B}.Debug|x64.ActiveCfg = Debug|x64
		{E8818AF3-9FBD-1A22-FA2C-5A09A743CA7B}.Release|ARM.ActiveCfg = Release|Win32
		{E8818AF3-9FBD-1A22-FA2C-5A09A743CA7B}.Release|Win32.ActiveCfg = Release|Win32
		{E8818AF3-9FBD-1A22-FA2C-5A09A743CA7B}.Release|Win32.Build.0 = Release|Win32
		{E8818AF3-9FBD-1A22-FA2C-5A09A743CA7B}.Release|x64.ActiveCfg = Release|x64
		{E8818AF3-9FBD-1A22-FA2C-5A09A743CA7B}.Template|ARM.ActiveCfg = Release|Win32
		{E8818AF3-9FBD-1A22-FA2C-5A09A743CA7B}.Template|Win32.ActiveCfg = Debug|Win32
		{E8818AF3-9FBD-1A22-FA2C-5A09A743CA7B}.Template|Win32.Build.0 = Debug|Win32
		{E8818AF3-9FBD-1A22-FA2C-5A09A743CA7B}.Template|x64.ActiveCfg = Release|Win32
		{EF71D1DB-76BC-0526-69AE-B8F87A449FC1}.Debug|ARM.ActiveCfg = Debug|Win32
		{EF71D1DB-76BC-0526-69AE-B8F87A449FC1}.Debug|Win32.ActiveCfg = Debug|Win32
		{EF71D1DB-76BC-0526-69AE-B8F87A449FC1}.Debug|Win32.Build.0 = Debug|Win32
		{EF71D1DB-76BC-0526-69AE-B8F87A449FC1}.Debug|x64.ActiveCfg = Debug|x64
		{EF71D1DB-76BC-0526-69AE-B8F87A449FC1}.Debug|x64.Build.0 = Debug|x64
		{EF71D1DB-76BC-0526-69AE-B8F87A449FC1}.Release|ARM.ActiveCfg = Release|Win32
		{EF71D1DB-76BC-0526-69AE-B8F87A449FC1}.Release|Win32.ActiveCfg = Release|Win32
		{EF71D1DB-76BC-0526-69AE-B8F87A449FC1}.Release|Win32.Build.0 = Release|Win32
		{EF71D1DB-76BC-0526-69AE-B8F87A449FC1}.Release|x64.ActiveCfg = Release|x64
		{EF71D1DB-76BC-0526-69AE-B8F87A449FC1}.Release|x64.Build.0 = Release|x64
		{EF71D1DB-76BC-0526-69AE-B8F87A449FC1}.Template|ARM.ActiveCfg = Release|Win32
		{EF71D1DB-76BC-0526-69AE-B8F87A449FC1}.Template|Win32.ActiveCfg = Debug|Win32
		{EF71D1DB-76BC-0526-69AE-B8F87A449FC1}.Template|Win32.Build.0 = Debug|Win32
		{EF71D1DB-76BC-0526-69AE-B8F87A449FC1}.Template|x64.ActiveCfg = Release|Win32
		{AEE2FCBA-AB80-4D8C-B0AC-9C354A58532D}.Debug|ARM.ActiveCfg = Debug|Win32
		{AEE2FCBA-AB80-4D8C-B0AC-9C354A58532D}.Debug|Win32.ActiveCfg = Debug|Win32
		{AEE2FCBA-AB80-4D8C-B0AC-9C354A58532D}.Debug|Win32.Build.0 = Debug|Win32
		{AEE2FCBA-AB80-4D8C-B0AC-9C354A58532D}.Debug|x64.ActiveCfg = Debug|x64
		{AEE2FCBA-AB80-4D8C-B0AC-9C354A58532D}.Debug|x64.Build.0 = Debug|x64
		{AEE2FCBA-AB80-4D8C-B0AC-9C354A58532D}.Release|ARM.ActiveCfg = Release|Win32
		{AEE2FCBA-AB80-4D8C-B0AC-9C354A58532D}.Release|Win32.ActiveCfg = Release|Win32
		{AEE2FCBA-AB80-4D8C-B0AC-9C354A58532D}.Release|Win32.Build.0 = Release|Win32
		{AEE2FCBA-AB80-4D8C-B0AC-9C354A58532D}.Release|x64.ActiveCfg = Release|x64
		{AEE2FCBA-AB80-4D8C-B0AC-9C354A58532D}.Release|x64.Build.0 = Release|x64
		{AEE2FCBA-AB80-4D8C-B0AC-9C354A58532D}.Template|ARM.ActiveCfg = Release|Win32
		{AEE2FCBA-AB80-4D8C-B0AC-9C354A58532D}.Template|Win32.ActiveCfg = Debug|Win32
		{AEE2FCBA-AB80-4D8C-B0AC-9C354A58532D}.Template|Win32.Build.0 = Debug|Win32
		{AEE2FCBA-AB80-4D8C-B0AC-9C354A58532D}.Template|x64.ActiveCfg = Release|Win32
		{66C720D0-F634-AA33-CC30-CC3A1B3A2099}.Debug|ARM.ActiveCfg = Debug|Win32
		{66C720D0-F634-AA33-CC30-CC3A1B3A2099}.Debug|Win32.ActiveCfg = Debug|Win32
		{66C720D0-F634-AA33-CC30-CC3A1B3A2099}.Debug|Win32.Build.0 = Debug|Win32
		{66C720D0-F634-AA33-CC30-CC3A1B3A2099}.Debug|x64.ActiveCfg = Debug|x64
		{66C720D0-F634-AA33-CC30-CC3A1B3A2099}.Release|ARM.ActiveCfg = Release|Win32
		{66C720D0-F634-AA33-CC30-CC3A1B3A2099}.Release|Win32.ActiveCfg = Release|Win32
		{66C720D0-F634-AA33-CC30-CC3A1B3A2099}.Release|Win32.Build.0 = Release|Win32
		{66C720D0-F634-AA33-CC30-CC3A1B3A2099}.Release|x64.ActiveCfg = Release|x64
		{66C720D0-F634-AA33-CC30-CC3A1B3A2099}.Template|ARM.ActiveCfg = Release|Win32
		{66C720D0-F634-AA33-CC30-CC3A1B3A2099}.Template|Win32.ActiveCfg = Debug|Win32
		{66C720D0-F634-AA33-CC30-CC3A1B3A2099}.Template|Win32.Build.0 = Debug|Win32
		{66C720D0-F634-AA33-CC30-CC3A1B3A2099}.Template|x64.ActiveCfg = Release|Win32
		{89311601-FD30-7D30-3D30-16F14E74E001}.Debug|ARM.ActiveCfg = Debug|Win32
		{89311601-FD30-7D30-3D30-16F14E74E001}.Debug|Win32.ActiveCfg = Debug|Win32
		{89311601-FD30-7D30-3D30-16F14E74E001}.Debug|Win32.Build.0 = Debug|Win32
		{89311601-FD30-7D30-3D30-16F14E74E001}.Debug|x64.ActiveCfg = Debug|x64
		{89311601-FD30-7D30-3D30-16F14E74E001}.Debug|x64.Build.0 = Debug|x64
		{89311601-FD30-7D30-3D30-16F14E74E001}.Release|ARM.ActiveCfg = Release|Win32
		{89311601-FD30-7D30-3D30-16F14E74E001}.Release|Win32.ActiveCfg = Release|Win32
		{89311601-FD30-7D30-3D30-16F14E74E001}.Release|Win32.Build.0 = Release|Win32
		{89311601-FD30-7D30-3D30-16F14E74E001}.Release|x64.ActiveCfg = Release|x64
		{89311601-FD30-7D30-3D30-16F14E74E001}.Release|x64.Build.0 = Release|x64
		{89311601-FD30-7D30-3D30-16F14E74E001}.Template|ARM.ActiveCfg = Release|Win32
		{89311601-FD30-7D30-3D30-16F14E74E001}.Template|Win32.ActiveCfg = Debug|Win32
		{89311601-FD30-7D30-3D30-16F14E74E001}.Template|Win32.Build.0 = Debug|Win32
		{89311601-FD30-7D30-3D30-16F14E74E001}.Template|x64.ActiveCfg = Release|Win32
		{5B1BB19C-F27B-481E-8A70-EE83B1F6F896}.Debug|ARM.ActiveCfg = Debug|Win32
		{5B1BB19C-F27B-481E-8A70-EE83B1F6F896}.Debug|Win32.ActiveCfg = Debug|Win32
		{5B1BB19C-F27B-481E-8A70-EE83B1F6F896}.Debug|Win32.Build.0 = Debug|Win32
		{5B1BB19C-F27B-481E-8A70-EE83B1F6F896}.Debug|x64.ActiveCfg = Debug|x64
		{5B1BB19C-F27B-481E-8A70-EE83B1F6F896}.Debug|x64.Build.0 = Debug|x64
		{5B1BB19C-F27B-481E-8A70-EE83B1F6F896}.Release|ARM.ActiveCfg = Release|ARM
		{5B1BB19C-F27B-481E-8A70-EE83B1F6F896}.Release|Win32.ActiveCfg = Release|Win32
		{5B1BB19C-F27B-481E-8A70-EE83B1F6F896}.Release|Win32.Build.0 = Release|Win32
		{5B1BB19C-F27B-481E-8A70-EE83B1F6F896}.Release|x64.ActiveCfg = Release|x64
		{5B1BB19C-F27B-481E-8A70-EE83B1F6F896}.Release|x64.Build.0 = Release|x64
		{5B1BB19C-F27B-481E-8A70-EE83B1F6F896}.Template|ARM.ActiveCfg = Release|Win32
		{5B1BB19C-F27B-481E-8A70-EE83B1F6F896}.Template|Win32.ActiveCfg = Debug|Win32
		{5B1BB19C-F27B-481E-8A70-EE83B1F6F896}.Template|Win32.Build.0 = Debug|Win32
		{5B1BB19C-F27B-481E-8A70-EE83B1F6F896}.Template|x64.ActiveCfg = Release|Win32
		{D9DF0267-861A-718C-CD19-F6287DECDC10}.Debug|ARM.ActiveCfg = Debug|Win32
		{D9DF0267-861A-718C-CD19-F6287DECDC10}.Debug|Win32.ActiveCfg = Debug|Win32
		{D9DF0267-861A-718C-CD19-F6287DECDC10}.Debug|Win32.Build.0 = Debug|Win32
		{D9DF0267-861A-718C-CD19-F6287DECDC10}.Debug|x64.ActiveCfg = Debug|x64
		{D9DF0267-861A-718C-CD19-F6287DECDC10}.Debug|x64.Build.0 = Debug|x64
		{D9DF0267-861A-718C-CD19-F6287DECDC10}.Release|ARM.ActiveCfg = Release|ARM
		{D9DF0267-861A-718C-CD19-F6287DECDC10}.Release|Win32.ActiveCfg = Release|Win32
		{D9DF0267-861A-718C-CD19-F6287DECDC10}.Release|Win32.Build.0 = Release|Win32
		{D9DF0267-861A-718C-CD19-F6287DECDC10}.Release|x64.ActiveCfg = Release|x64
		{D9DF0267-861A-718C-CD19-F6287DECDC10}.Release|x64.Build.0 = Release|x64
		{D9DF0267-861A-718C-CD19-F6287DECDC10}.Template|ARM.ActiveCfg = Template|Win32
		{D9DF0267-861A-718C-CD19-F6287DECDC10}.Template|Win32.ActiveCfg = Debug|Win32
		{D9DF0267-861A-718C-CD19-F6287DECDC10}.Template|Win32.Build.0 = Debug|Win32
		{D9DF0267-861A-718C-CD19-F6287DECDC10}.Template|x64.ActiveCfg = Template|Win32
		{0178C7D7-82EB-E103-34C4-C73CB82DEDD5}.Debug|ARM.ActiveCfg = Debug|ARM
		{0178C7D7-82EB-E103-34C4-C73CB82DEDD5}.Debug|ARM.Build.0 = Debug|ARM
		{0178C7D7-82EB-E103-34C4-C73CB82DEDD5}.Debug|Win32.ActiveCfg = Debug|Win32
		{0178C7D7-82EB-E103-34C4-C73CB82DEDD5}.Debug|Win32.Build.0 = Debug|Win32
		{0178C7D7-82EB-E103-34C4-C73CB82DEDD5}.Debug|x64.ActiveCfg = Debug|x64
		{0178C7D7-82EB-E103-34C4-C73CB82DEDD5}.Debug|x64.Build.0 = Debug|x64
		{0178C7D7-82EB-E103-34C4-C73CB82DEDD5}.Release|ARM.ActiveCfg = Release|ARM
		{0178C7D7-82EB-E103-34C4-C73CB82DEDD5}.Release|ARM.Build.0 = Release|ARM
		{0178C7D7-82EB-E103-34C4-C73CB82DEDD5}.Release|Win32.ActiveCfg = Release|Win32
		{0178C7D7-82EB-E103-34C4-C73CB82DEDD5}.Release|Win32.Build.0 = Release|Win32
		{0178C7D7-82EB-E103-34C4-C73CB82DEDD5}.Release|x64.ActiveCfg = Release|x64
		{0178C7D7-82EB-E103-34C4-C73CB82DEDD5}.Release|x64.Build.0 = Release|x64
		{0178C7D7-82EB-E103-34C4-C73CB82DEDD5}.Template|ARM.ActiveCfg = Release|ARM
		{0178C7D7-82EB-E103-34C4-C73CB82DEDD5}.Template|ARM.Build.0 = Release|ARM
		{0178C7D7-82EB-E103-34C4-C73CB82DEDD5}.Template|Win32.ActiveCfg = Debug|Win32
		{0178C7D7-82EB-E103-34C4-C73CB82DEDD5}.Template|Win32.Build.0 = Debug|Win32
		{0178C7D7-82EB-E103-34C4-C73CB82DEDD5}.Template|x64.ActiveCfg = Release|Win32
		{9BC2870E-F792-68D9-9A23-536A7329577C}.Debug|ARM.ActiveCfg = Debug|Win32
		{9BC2870E-F792-68D9-9A23-536A7329577C}.Debug|Win32.ActiveCfg = Debug|Win32
		{9BC2870E-F792-68D9-9A23-536A7329577C}.Debug|Win32.Build.0 = Debug|Win32
		{9BC2870E-F792-68D9-9A23-536A7329577C}.Debug|x64.ActiveCfg = Debug|x64
		{9BC2870E-F792-68D9-9A23-536A7329577C}.Debug|x64.Build.0 = Debug|x64
		{9BC2870E-F792-68D9-9A23-536A7329577C}.Release|ARM.ActiveCfg = Release|Win32
		{9BC2870E-F792-68D9-9A23-536A7329577C}.Release|Win32.ActiveCfg = Release|Win32
		{9BC2870E-F792-68D9-9A23-536A7329577C}.Release|Win32.Build.0 = Release|Win32
		{9BC2870E-F792-68D9-9A23-536A7329577C}.Release|x64.ActiveCfg = Release|x64
		{9BC2870E-F792-68D9-9A23-536A7329577C}.Release|x64.Build.0 = Release|x64
		{9BC2870E-F792-68D9-9A23-536A7329577C}.Template|ARM.ActiveCfg = Release|Win32
		{9BC2870E-F792-68D9-9A23-536A7329577C}.Template|Win32.ActiveCfg = Debug|Win32
		{9BC2870E-F792-68D9-9A23-536A7329577C}.Template|Win32.Build.0 = Debug|Win32
		{9BC2870E-F792-68D9-9A23-536A7329577C}.Template|x64.ActiveCfg = Release|Win32
		{A80883CE-CE9F-4F69-9F2F-D8EA3441A952}.Debug|ARM.ActiveCfg = Debug|Win32
		{A80883CE-CE9F-4F69-9F2F-D8EA3441A952}.Debug|Win32.ActiveCfg = Debug|Win32
		{A80883CE-CE9F-4F69-9F2F-D8EA3441A952}.Debug|Win32.Build.0 = Debug|Win32
		{A80883CE-CE9F-4F69-9F2F-D8EA3441A952}.Debug|x64.ActiveCfg = Debug|x64
		{A80883CE-CE9F-4F69-9F2F-D8EA3441A952}.Debug|x64.Build.0 = Debug|x64
		{A80883CE-CE9F-4F69-9F2F-D8EA3441A952}.Release|ARM.ActiveCfg = Release|Win32
		{A80883CE-CE9F-4F69-9F2F-D8EA3441A952}.Release|Win32.ActiveCfg = Release|Win32
		{A80883CE-CE9F-4F69-9F2F-D8EA3441A952}.Release|Win32.Build.0 = Release|Win32
		{A80883CE-CE9F-4F69-9F2F-D8EA3441A952}.Release|x64.ActiveCfg = Release|x64
		{A80883CE-CE9F-4F69-9F2F-D8EA3441A952}.Release|x64.Build.0 = Release|x64
		{A80883CE-CE9F-4F69-9F2F-D8EA3441A952}.Template|ARM.ActiveCfg = Release|Win32
		{A80883CE-CE9F-4F69-9F2F-D8EA3441A952}.Template|Win32.ActiveCfg = Debug|Win32
		{A80883CE-CE9F-4F69-9F2F-D8EA3441A952}.Template|Win32.Build.0 = Debug|Win32
		{A80883CE-CE9F-4F69-9F2F-D8EA3441A952}.Template|x64.ActiveCfg = Release|Win32
		{B3D80145-C3E7-4A87-9CA2-B308F4437716}.Debug|ARM.ActiveCfg = Debug|Win32
		{B3D80145-C3E7-4A87-9CA2-B308F4437716}.Debug|Win32.ActiveCfg = Debug|Win32
		{B3D80145-C3E7-4A87-9CA2-B308F4437716}.Debug|Win32.Build.0 = Debug|Win32
		{B3D80145-C3E7-4A87-9CA2-B308F4437716}.Debug|x64.ActiveCfg = Debug|x64
		{B3D80145-C3E7-4A87-9CA2-B308F4437716}.Debug|x64.Build.0 = Debug|x64
		{B3D80145-C3E7-4A87-9CA2-B308F4437716}.Release|ARM.ActiveCfg = Release|ARM
		{B3D80145-C3E7-4A87-9CA2-B308F4437716}.Release|Win32.ActiveCfg = Release|Win32
		{B3D80145-C3E7-4A87-9CA2-B308F4437716}.Release|Win32.Build.0 = Release|Win32
		{B3D80145-C3E7-4A87-9CA2-B308F4437716}.Release|x64.ActiveCfg = Release|x64
		{B3D80145-C3E7-4A87-9CA2-B308F4437716}.Release|x64.Build.0 = Release|x64
		{B3D80145-C3E7-4A87-9CA2-B308F4437716}.Template|ARM.ActiveCfg = Release|Win32
		{B3D80145-C3E7-4A87-9CA2-B308F4437716}.Template|Win32.ActiveCfg = Debug|Win32
		{B3D80145-C3E7-4A87-9CA2-B308F4437716}.Template|Win32.Build.0 = Debug|Win32
		{B3D80145-C3E7-4A87-9CA2-B308F4437716}.Template|x64.ActiveCfg = Release|Win32
		{9B3C42D2-B352-3866-7187-742C1B5DAAE9}.Debug|ARM.ActiveCfg = Debug|Win32
		{9B3C42D2-B352-3866-7187-742C1B5DAAE9}.Debug|Win32.ActiveCfg = Debug|Win32
		{9B3C42D2-B352-3866-7187-742C1B5DAAE9}.Debug|Win32.Build.0 = Debug|Win32
		{9B3C42D2-B352-3866-7187-742C1B5DAAE9}.Debug|x64.ActiveCfg = Debug|x64
		{9B3C42D2-B352-3866-7187-742C1B5DAAE9}.Debug|x64.Build.0 = Debug|x64
		{9B3C42D2-B352-3866-7187-742C1B5DAAE9}.Release|ARM.ActiveCfg = Release|Win32
		{9B3C42D2-B352-3866-7187-742C1B5DAAE9}.Release|Win32.ActiveCfg = Release|Win32
		{9B3C42D2-B352-3866-7187-742C1B5DAAE9}.Release|Win32.Build.0 = Release|Win32
		{9B3C42D2-B352-3866-7187-742C1B5DAAE9}.Release|x64.ActiveCfg = Release|x64
		{9B3C42D2-B352-3866-7187-742C1B5DAAE9}.Release|x64.Build.0 = Release|x64
		{9B3C42D2-B352-3866-7187-742C1B5DAAE9}.Template|ARM.ActiveCfg = Release|Win32
		{9B3C42D2-B352-3866-7187-742C1B5DAAE9}.Template|Win32.ActiveCfg = Debug|Win32
		{9B3C42D2-B352-3866-7187-742C1B5DAAE9}.Template|Win32.Build.0 = Debug|Win32
		{9B3C42D2-B352-3866-7187-742C1B5DAAE9}.Template|x64.ActiveCfg = Release|Win32
		{1F600DAB-F705-4DF5-A07C-96B1495D7102}.Debug|ARM.ActiveCfg = Debug|Win32
		{1F600DAB-F705-4DF5-A07C-96B1495D7102}.Debug|Win32.ActiveCfg = Debug|Win32
		{1F600DAB-F705-4DF5-A07C-96B1495D7102}.Debug|Win32.Build.0 = Debug|Win32
		{1F600DAB-F705-4DF5-A07C-96B1495D7102}.Debug|x64.ActiveCfg = Debug|x64
		{1F600DAB-F705-4DF5-A07C-96B1495D7102}.Debug|x64.Build.0 = Debug|x64
		{1F600DAB-F705-4DF5-A07C-96B1495D7102}.Release|ARM.ActiveCfg = Release|Win32
		{1F600DAB-F705-4DF5-A07C-96B1495D7102}.Release|Win32.ActiveCfg = Release|Win32
		{1F600DAB-F705-4DF5-A07C-96B1495D7102}.Release|Win32.Build.0 = Release|Win32
		{1F600DAB-F705-4DF5-A07C-96B1495D7102}.Release|x64.ActiveCfg = Release|x64
		{1F600DAB-F705-4DF5-A07C-96B1495D7102}.Release|x64.Build.0 = Release|x64
		{1F600DAB-F705-4DF5-A07C-96B1495D7102}.Template|ARM.ActiveCfg = Release|Win32
		{1F600DAB-F705-4DF5-A07C-96B1495D7102}.Template|Win32.ActiveCfg = Debug|Win32
		{1F600DAB-F705-4DF5-A07C-96B1495D7102}.Template|Win32.Build.0 = Debug|Win32
		{1F600DAB-F705-4DF5-A07C-96B1495D7102}.Template|x64.ActiveCfg = Release|Win32
		{051AA1B3-0E96-040D-01AE-BC780A84D0AA}.Debug|ARM.ActiveCfg = Debug|Win32
		{051AA1B3-0E96-040D-01AE-BC780A84D0AA}.Debug|Win32.ActiveCfg = Debug|Win32
		{051AA1B3-0E96-040D-01AE-BC780A84D0AA}.Debug|Win32.Build.0 = Debug|Win32
		{051AA1B3-0E96-040D-01AE-BC780A84D0AA}.Debug|x64.ActiveCfg = Debug|x64
		{051AA1B3-0E96-040D-01AE-BC780A84D0AA}.Debug|x64.Build.0 = Debug|x64
		{051AA1B3-0E96-040D-01AE-BC780A84D0AA}.Release|ARM.ActiveCfg = Release|Win32
		{051AA1B3-0E96-040D-01AE-BC780A84D0AA}.Release|Win32.ActiveCfg = Release|Win32
		{051AA1B3-0E96-040D-01AE-BC780A84D0AA}.Release|Win32.Build.0 = Release|Win32
		{051AA1B3-0E96-040D-01AE-BC780A84D0AA}.Release|x64.ActiveCfg = Release|x64
		{051AA1B3-0E96-040D-01AE-BC780A84D0AA}.Release|x64.Build.0 = Release|x64
		{051AA1B3-0E96-040D-01AE-BC780A84D0AA}.Template|ARM.ActiveCfg = Release|Win32
		{051AA1B3-0E96-040D-01AE-BC780A84D0AA}.Template|Win32.ActiveCfg = Debug|x64
		{051AA1B3-0E96-040D-01AE-BC780A84D0AA}.Template|x64.ActiveCfg = Release|x64
		{051AA1B3-0E96-040D-01AE-BC780A84D0AA}.Template|x64.Build.0 = Release|x64
		{D02F6A75-021F-46A1-9200-1C6EA80375E1}.Debug|ARM.ActiveCfg = Debug|Win32
		{D02F6A75-021F-46A1-9200-1C6EA80375E1}.Debug|Win32.ActiveCfg = Debug|Win32
		{D02F6A75-021F-46A1-9200-1C6EA80375E1}.Debug|Win32.Build.0 = Debug|Win32
		{D02F6A75-021F-46A1-9200-1C6EA80375E1}.Debug|x64.ActiveCfg = Debug|x64
		{D02F6A75-021F-46A1-9200-1C6EA80375E1}.Debug|x64.Build.0 = Debug|x64
		{D02F6A75-021F-46A1-9200-1C6EA80375E1}.Release|ARM.ActiveCfg = Release|Win32
		{D02F6A75-021F-46A1-9200-1C6EA80375E1}.Release|Win32.ActiveCfg = Release|Win32
		{D02F6A75-021F-46A1-9200-1C6EA80375E1}.Release|Win32.Build.0 = Release|Win32
		{D02F6A75-021F-46A1-9200-1C6EA80375E1}.Release|x64.ActiveCfg = Release|x64
		{D02F6A75-021F-46A1-9200-1C6EA80375E1}.Release|x64.Build.0 = Release|x64
		{D02F6A75-021F-46A1-9200-1C6EA80375E1}.Template|ARM.ActiveCfg = Release|Win32
		{D02F6A75-021F-46A1-9200-1C6EA80375E1}.Template|Win32.ActiveCfg = Debug|Win32
		{D02F6A75-021F-46A1-9200-1C6EA80375E1}.Template|Win32.Build.0 = Debug|Win32
		{D02F6A75-021F-46A1-9200-1C6EA80375E1}.Template|x64.ActiveCfg = Release|Win32
		{D98D0D14-382F-DF93-3056-700E1A09A728}.Debug|ARM.ActiveCfg = Debug|Win32
		{D98D0D14-382F-DF93-3056-700E1A09A728}.Debug|Win32.ActiveCfg = Debug|Win32
		{D98D0D14-382F-DF93-3056-700E1A09A728}.Debug|Win32.Build.0 = Debug|Win32
		{D98D0D14-382F-DF93-3056-700E1A09A728}.Debug|x64.ActiveCfg = Debug|x64
		{D98D0D14-382F-DF93-3056-700E1A09A728}.Debug|x64.Build.0 = Debug|x64
		{D98D0D14-382F-DF93-3056-700E1A09A728}.Release|ARM.ActiveCfg = Release|Win32
		{D98D0D14-382F-DF93-3056-700E1A09A728}.Release|Win32.ActiveCfg = Release|Win32
		{D98D0D14-382F-DF93-3056-700E1A09A728}.Release|Win32.Build.0 = Release|Win32
		{D98D0D14-382F-DF93-3056-700E1A09A728}.Release|x64.ActiveCfg = Release|x64
		{D98D0D14-382F-DF93-3056-700E1A09A728}.Release|x64.Build.0 = Release|x64
		{D98D0D14-382F-DF93-3056-700E1A09A728}.Template|ARM.ActiveCfg = Release|Win32
		{D98D0D14-382F-DF93-3056-700E1A09A728}.Template|Win32.ActiveCfg = Debug|Win32
		{D98D0D14-382F-DF93-3056-700E1A09A728}.Template|Win32.Build.0 = Debug|Win32
		{D98D0D14-382F-DF93-3056-700E1A09A728}.Template|x64.ActiveCfg = Release|Win32
		{20ADB0B9-B8C6-5FCA-8D92-D934D44C298E}.Debug|ARM.ActiveCfg = Debug|Win32
		{20ADB0B9-B8C6-5FCA-8D92-D934D44C298E}.Debug|Win32.ActiveCfg = Debug|Win32
		{20ADB0B9-B8C6-5FCA-8D92-D934D44C298E}.Debug|Win32.Build.0 = Debug|Win32
		{20ADB0B9-B8C6-5FCA-8D92-D934D44C298E}.Debug|x64.ActiveCfg = Debug|x64
		{20ADB0B9-B8C6-5FCA-8D92-D934D44C298E}.Debug|x64.Build.0 = Debug|x64
		{20ADB0B9-B8C6-5FCA-8D92-D934D44C298E}.Release|ARM.ActiveCfg = Release|Win32
		{20ADB0B9-B8C6-5FCA-8D92-D934D44C298E}.Release|Win32.ActiveCfg = Release|Win32
		{20ADB0B9-B8C6-5FCA-8D92-D934D44C298E}.Release|Win32.Build.0 = Release|Win32
		{20ADB0B9-B8C6-5FCA-8D92-D934D44C298E}.Release|x64.ActiveCfg = Release|x64
		{20ADB0B9-B8C6-5FCA-8D92-D934D44C298E}.Release|x64.Build.0 = Release|x64
		{20ADB0B9-B8C6-5FCA-8D92-D934D44C298E}.Template|ARM.ActiveCfg = Release|Win32
		{20ADB0B9-B8C6-5FCA-8D92-D934D44C298E}.Template|Win32.ActiveCfg = Debug|Win32
		{20ADB0B9-B8C6-5FCA-8D92-D934D44C298E}.Template|Win32.Build.0 = Debug|Win32
		{20ADB0B9-B8C6-5FCA-8D92-D934D44C298E}.Template|x64.ActiveCfg = Release|Win32
		{0B81E79F-41D9-4E90-8823-76F9F94FAE4F}.Debug|ARM.ActiveCfg = Debug|Win32
		{0B81E79F-41D9-4E90-8823-76F9F94FAE4F}.Debug|Win32.ActiveCfg = Debug|Win32
		{0B81E79F-41D9-4E90-8823-76F9F94FAE4F}.Debug|Win32.Build.0 = Debug|Win32
		{0B81E79F-41D9-4E90-8823-76F9F94FAE4F}.Debug|x64.ActiveCfg = Debug|x64
		{0B81E79F-41D9-4E90-8823-76F9F94FAE4F}.Debug|x64.Build.0 = Debug|x64
		{0B81E79F-41D9-4E90-8823-76F9F94FAE4F}.Release|ARM.ActiveCfg = Release|Win32
		{0B81E79F-41D9-4E90-8823-76F9F94FAE4F}.Release|Win32.ActiveCfg = Release|Win32
		{0B81E79F-41D9-4E90-8823-76F9F94FAE4F}.Release|Win32.Build.0 = Release|Win32
		{0B81E79F-41D9-4E90-8823-76F9F94FAE4F}.Release|x64.ActiveCfg = Release|x64
		{0B81E79F-41D9-4E90-8823-76F9F94FAE4F}.Release|x64.Build.0 = Release|x64
		{0B81E79F-41D9-4E90-8823-76F9F94FAE4F}.Template|ARM.ActiveCfg = Release|Win32
		{0B81E79F-41D9-4E90-8823-76F9F94FAE4F}.Template|Win32.ActiveCfg = Debug|Win32
		{0B81E79F-41D9-4E90-8823-76F9F94FAE4F}.Template|Win32.Build.0 = Debug|Win32
		{0B81E79F-41D9-4E90-8823-76F9F94FAE4F}.Template|x64.ActiveCfg = Release|Win32
		{F3F118D4-E5F1-4505-A1B1-53957BE30DD5}.Debug|ARM.ActiveCfg = Debug|Win32
		{F3F118D4-E5F1-4505-A1B1-53957BE30DD5}.Debug|Win32.ActiveCfg = Debug|Win32
		{F3F118D4-E5F1-4505-A1B1-53957BE30DD5}.Debug|Win32.Build.0 = Debug|Win32
		{F3F118D4-E5F1-4505-A1B1-53957BE30DD5}.Debug|x64.ActiveCfg = Debug|x64
		{F3F118D4-E5F1-4505-A1B1-53957BE30DD5}.Debug|x64.Build.0 = Debug|x64
		{F3F118D4-E5F1-4505-A1B1-53957BE30DD5}.Release|ARM.ActiveCfg = Release|Win32
		{F3F118D4-E5F1-4505-A1B1-53957BE30DD5}.Release|Win32.ActiveCfg = Release|Win32
		{F3F118D4-E5F1-4505-A1B1-53957BE30DD5}.Release|Win32.Build.0 = Release|Win32
		{F3F118D4-E5F1-4505-A1B1-53957BE30DD5}.Release|x64.ActiveCfg = Release|x64
		{F3F118D4-E5F1-4505-A1B1-53957BE30DD5}.Release|x64.Build.0 = Release|x64
		{F3F118D4-E5F1-4505-A1B1-53957BE30DD5}.Template|ARM.ActiveCfg = Release|Win32
		{F3F118D4-E5F1-4505-A1B1-53957BE30DD5}.Template|Win32.ActiveCfg = Release|Win32
		{F3F118D4-E5F1-4505-A1B1-53957BE30DD5}.Template|Win32.Build.0 = Release|Win32
		{F3F118D4-E5F1-4505-A1B1-53957BE30DD5}.Template|x64.ActiveCfg = Release|Win32
		{2149BEA8-E06D-48F6-8952-DF31B8FEFCEA}.Debug|ARM.ActiveCfg = Debug|ARM
		{2149BEA8-E06D-48F6-8952-DF31B8FEFCEA}.Debug|ARM.Build.0 = Debug|ARM
		{2149BEA8-E06D-48F6-8952-DF31B8FEFCEA}.Debug|Win32.ActiveCfg = Debug|Win32
		{2149BEA8-E06D-48F6-8952-DF31B8FEFCEA}.Debug|Win32.Build.0 = Debug|Win32
		{2149BEA8-E06D-48F6-8952-DF31B8FEFCEA}.Debug|x64.ActiveCfg = Debug|x64
		{2149BEA8-E06D-48F6-8952-DF31B8FEFCEA}.Debug|x64.Build.0 = Debug|x64
		{2149BEA8-E06D-48F6-8952-DF31B8FEFCEA}.Release|ARM.ActiveCfg = Release|ARM
		{2149BEA8-E06D-48F6-8952-DF31B8FEFCEA}.Release|ARM.Build.0 = Release|ARM
		{2149BEA8-E06D-48F6-8952-DF31B8FEFCEA}.Release|Win32.ActiveCfg = Release|Win32
		{2149BEA8-E06D-48F6-8952-DF31B8FEFCEA}.Release|Win32.Build.0 = Release|Win32
		{2149BEA8-E06D-48F6-8952-DF31B8FEFCEA}.Release|x64.ActiveCfg = Release|x64
		{2149BEA8-E06D-48F6-8952-DF31B8FEFCEA}.Release|x64.Build.0 = Release|x64
		{2149BEA8-E06D-48F6-8952-DF31B8FEFCEA}.Template|ARM.ActiveCfg = Release|ARM
		{2149BEA8-E06D-48F6-8952-DF31B8FEFCEA}.Template|ARM.Build.0 = Release|ARM
		{2149BEA8-E06D-48F6-8952-DF31B8FEFCEA}.Template|Win32.ActiveCfg = Release|Win32
		{2149BEA8-E06D-48F6-8952-DF31B8FEFCEA}.Template|Win32.Build.0 = Release|Win32
		{2149BEA8-E06D-48F6-8952-DF31B8FEFCEA}.Template|x64.ActiveCfg = Release|x64
		{2149BEA8-E06D-48F6-8952-DF31B8FEFCEA}.Template|x64.Build.0 = Release|x64
		{B9CD7757-37BD-4265-B7DB-187966B42712}.Debug|ARM.ActiveCfg = Debug|Win32
		{B9CD7757-37BD-4265-B7DB-187966B42712}.Debug|Win32.ActiveCfg = Debug|Win32
		{B9CD7757-37BD-4265-B7DB-187966B42712}.Debug|x64.ActiveCfg = Debug|x64
		{B9CD7757-37BD-4265-B7DB-187966B42712}.Release|ARM.ActiveCfg = Release|Win32
		{B9CD7757-37BD-4265-B7DB-187966B42712}.Release|Win32.ActiveCfg = Release|Win32
		{B9CD7757-37BD-4265-B7DB-187966B42712}.Release|x64.ActiveCfg = Release|x64
		{B9CD7757-37BD-4265-B7DB-187966B42712}.Template|ARM.ActiveCfg = Release|Win32
		{B9CD7757-37BD-4265-B7DB-187966B42712}.Template|Win32.ActiveCfg = Release|Win32
		{B9CD7757-37BD-4265-B7DB-187966B42712}.Template|Win32.Build.0 = Release|Win32
		{B9CD7757-37BD-4265-B7DB-187966B42712}.Template|x64.ActiveCfg = Release|x64
		{B9CD7757-37BD-4265-B7DB-187966B42712}.Template|x64.Build.0 = Release|x64
	EndGlobalSection
	GlobalSection(SolutionProperties) = preSolution
		HideSolutionNode = FALSE
	EndGlobalSection
EndGlobal
