
Microsoft Visual Studio Solution File, Format Version 11.00
# Visual Studio 2010
Project("{8BC9CEB8-8B4A-11D0-8D11-00A0C91BC942}") = "can232drv", "drivers\can232\win32\can232drv\can232drv.vcproj", "{DC0D875A-75B6-4A9D-8880-C91D1B394147}"
EndProject
Project("{8BC9CEB8-8B4A-11D0-8D11-00A0C91BC942}") = "can4vscpdrv", "drivers\can4vscp\win32\can4vscpdrv.vcproj", "{DBC4F0FB-34DB-43A1-A435-704DFCB06BC2}"
EndProject
Project("{8BC9CEB8-8B4A-11D0-8D11-00A0C91BC942}") = "canallogger", "drivers\logger\win32\canallogger.vcproj", "{A80883CE-CE9F-4F69-9F2F-D8EA3441A952}"
EndProject
Project("{8BC9CEB8-8B4A-11D0-8D11-00A0C91BC942}") = "lircdrv", "drivers\lirc\windows\lircdrv.vcproj", "{34F34E04-567B-4F08-9D7D-6F7D3ABB2580}"
EndProject
Project("{8BC9CEB8-8B4A-11D0-8D11-00A0C91BC942}") = "lirctest", "drivers\lirc\windows\test\lirctest.vcproj", "{5A27FBA8-1BA7-4713-B51A-172FD3B7D066}"
EndProject
Project("{8BC9CEB8-8B4A-11D0-8D11-00A0C91BC942}") = "mkpasswd", "mkpasswd\mkpasswd.vcxproj", "{32A21F8B-5C1A-A0A4-75CD-B398CCABC678}"
EndProject
Project("{8BC9CEB8-8B4A-11D0-8D11-00A0C91BC942}") = "peakdrv", "drivers\peak\win32\peakdrv.vcproj", "{2618751C-6726-4A85-ABD9-8276394DA5EB}"
EndProject
Project("{8BC9CEB8-8B4A-11D0-8D11-00A0C91BC942}") = "syslog", "drivers\syslogdrv\windows\syslogdrv.vcproj", "{B004B90E-C0CD-4177-A581-4F6E66CAB2AF}"
EndProject
Project("{8BC9CEB8-8B4A-11D0-8D11-00A0C91BC942}") = "syslogtest", "drivers\syslogdrv\windows\test\syslogtest.vcproj", "{094BB583-6A97-4407-BE9C-E5AE816D4AA2}"
EndProject
Project("{8BC9CEB8-8B4A-11D0-8D11-00A0C91BC942}") = "vscpcmd", "vscpcmd\vscpcmd.vcxproj", "{1134F57D-06DC-F122-32B2-A77171664580}"
EndProject
Project("{8BC9CEB8-8B4A-11D0-8D11-00A0C91BC942}") = "vscpd", "daemon\win32\vscpd.vcxproj", "{D19A0860-23ED-F693-E4D4-07DA258FB8C0}"
EndProject
Project("{8BC9CEB8-8B4A-11D0-8D11-00A0C91BC942}") = "vscpservice", "vscpservice\vscpservice.vcxproj", "{B2275DC0-8327-A8D4-9E03-B2E1CB43E5F2}"
EndProject
Project("{8BC9CEB8-8B4A-11D0-8D11-00A0C91BC942}") = "xapdrv", "drivers\xap\win32\xapdrv.vcproj", "{DEF84FF7-4930-46FE-BCB4-1241E492D684}"
EndProject
Project("{8BC9CEB8-8B4A-11D0-8D11-00A0C91BC942}") = "zanthicdrv", "drivers\zanthic\win32\zanthicdrv.vcproj", "{5BB6E4AE-010B-4C65-9286-7FE6ACCD3F9E}"
EndProject
Project("{8BC9CEB8-8B4A-11D0-8D11-00A0C91BC942}") = "vscpworks", "vscpworks\vscpworks.vcxproj", "{FAE29035-75E4-4F76-BF2D-B3537B0BF9CC}"
EndProject
Global
	GlobalSection(SolutionConfigurationPlatforms) = preSolution
		Debug DLL|Win32 = Debug DLL|Win32
		Debug Unicode DLL|Win32 = Debug Unicode DLL|Win32
		Debug Unicode|Win32 = Debug Unicode|Win32
		Debug|Win32 = Debug|Win32
		Release DLL|Win32 = Release DLL|Win32
		Release Unicode DLL|Win32 = Release Unicode DLL|Win32
		Release Unicode|Win32 = Release Unicode|Win32
		Release|Win32 = Release|Win32
	EndGlobalSection
	GlobalSection(ProjectConfigurationPlatforms) = postSolution
		{DC0D875A-75B6-4A9D-8880-C91D1B394147}.Debug DLL|Win32.ActiveCfg = Debug|Win32
		{DC0D875A-75B6-4A9D-8880-C91D1B394147}.Debug DLL|Win32.Build.0 = Debug|Win32
		{DC0D875A-75B6-4A9D-8880-C91D1B394147}.Debug Unicode DLL|Win32.ActiveCfg = Debug|Win32
		{DC0D875A-75B6-4A9D-8880-C91D1B394147}.Debug Unicode DLL|Win32.Build.0 = Debug|Win32
		{DC0D875A-75B6-4A9D-8880-C91D1B394147}.Debug Unicode|Win32.ActiveCfg = Debug|Win32
		{DC0D875A-75B6-4A9D-8880-C91D1B394147}.Debug Unicode|Win32.Build.0 = Debug|Win32
		{DC0D875A-75B6-4A9D-8880-C91D1B394147}.Debug|Win32.ActiveCfg = Debug|Win32
		{DC0D875A-75B6-4A9D-8880-C91D1B394147}.Debug|Win32.Build.0 = Debug|Win32
		{DC0D875A-75B6-4A9D-8880-C91D1B394147}.Release DLL|Win32.ActiveCfg = Release Unicode|Win32
		{DC0D875A-75B6-4A9D-8880-C91D1B394147}.Release DLL|Win32.Build.0 = Release Unicode|Win32
		{DC0D875A-75B6-4A9D-8880-C91D1B394147}.Release Unicode DLL|Win32.ActiveCfg = Release Unicode|Win32
		{DC0D875A-75B6-4A9D-8880-C91D1B394147}.Release Unicode DLL|Win32.Build.0 = Release Unicode|Win32
		{DC0D875A-75B6-4A9D-8880-C91D1B394147}.Release Unicode|Win32.ActiveCfg = Release Unicode|Win32
		{DC0D875A-75B6-4A9D-8880-C91D1B394147}.Release Unicode|Win32.Build.0 = Release Unicode|Win32
		{DC0D875A-75B6-4A9D-8880-C91D1B394147}.Release|Win32.ActiveCfg = Release|Win32
		{DC0D875A-75B6-4A9D-8880-C91D1B394147}.Release|Win32.Build.0 = Release|Win32
		{DBC4F0FB-34DB-43A1-A435-704DFCB06BC2}.Debug DLL|Win32.ActiveCfg = Debug|Win32
		{DBC4F0FB-34DB-43A1-A435-704DFCB06BC2}.Debug DLL|Win32.Build.0 = Debug|Win32
		{DBC4F0FB-34DB-43A1-A435-704DFCB06BC2}.Debug Unicode DLL|Win32.ActiveCfg = Debug|Win32
		{DBC4F0FB-34DB-43A1-A435-704DFCB06BC2}.Debug Unicode DLL|Win32.Build.0 = Debug|Win32
		{DBC4F0FB-34DB-43A1-A435-704DFCB06BC2}.Debug Unicode|Win32.ActiveCfg = Debug|Win32
		{DBC4F0FB-34DB-43A1-A435-704DFCB06BC2}.Debug Unicode|Win32.Build.0 = Debug|Win32
		{DBC4F0FB-34DB-43A1-A435-704DFCB06BC2}.Debug|Win32.ActiveCfg = Debug|Win32
		{DBC4F0FB-34DB-43A1-A435-704DFCB06BC2}.Debug|Win32.Build.0 = Debug|Win32
		{DBC4F0FB-34DB-43A1-A435-704DFCB06BC2}.Release DLL|Win32.ActiveCfg = Release Unicode|Win32
		{DBC4F0FB-34DB-43A1-A435-704DFCB06BC2}.Release DLL|Win32.Build.0 = Release Unicode|Win32
		{DBC4F0FB-34DB-43A1-A435-704DFCB06BC2}.Release Unicode DLL|Win32.ActiveCfg = Release Unicode|Win32
		{DBC4F0FB-34DB-43A1-A435-704DFCB06BC2}.Release Unicode DLL|Win32.Build.0 = Release Unicode|Win32
		{DBC4F0FB-34DB-43A1-A435-704DFCB06BC2}.Release Unicode|Win32.ActiveCfg = Release Unicode|Win32
		{DBC4F0FB-34DB-43A1-A435-704DFCB06BC2}.Release Unicode|Win32.Build.0 = Release Unicode|Win32
		{DBC4F0FB-34DB-43A1-A435-704DFCB06BC2}.Release|Win32.ActiveCfg = Release|Win32
		{DBC4F0FB-34DB-43A1-A435-704DFCB06BC2}.Release|Win32.Build.0 = Release|Win32
		{A80883CE-CE9F-4F69-9F2F-D8EA3441A952}.Debug DLL|Win32.ActiveCfg = Debug|Win32
		{A80883CE-CE9F-4F69-9F2F-D8EA3441A952}.Debug DLL|Win32.Build.0 = Debug|Win32
		{A80883CE-CE9F-4F69-9F2F-D8EA3441A952}.Debug Unicode DLL|Win32.ActiveCfg = Debug|Win32
		{A80883CE-CE9F-4F69-9F2F-D8EA3441A952}.Debug Unicode DLL|Win32.Build.0 = Debug|Win32
		{A80883CE-CE9F-4F69-9F2F-D8EA3441A952}.Debug Unicode|Win32.ActiveCfg = Debug|Win32
		{A80883CE-CE9F-4F69-9F2F-D8EA3441A952}.Debug Unicode|Win32.Build.0 = Debug|Win32
		{A80883CE-CE9F-4F69-9F2F-D8EA3441A952}.Debug|Win32.ActiveCfg = Debug|Win32
		{A80883CE-CE9F-4F69-9F2F-D8EA3441A952}.Debug|Win32.Build.0 = Debug|Win32
		{A80883CE-CE9F-4F69-9F2F-D8EA3441A952}.Release DLL|Win32.ActiveCfg = Release Unicode|Win32
		{A80883CE-CE9F-4F69-9F2F-D8EA3441A952}.Release DLL|Win32.Build.0 = Release Unicode|Win32
		{A80883CE-CE9F-4F69-9F2F-D8EA3441A952}.Release Unicode DLL|Win32.ActiveCfg = Release Unicode|Win32
		{A80883CE-CE9F-4F69-9F2F-D8EA3441A952}.Release Unicode DLL|Win32.Build.0 = Release Unicode|Win32
		{A80883CE-CE9F-4F69-9F2F-D8EA3441A952}.Release Unicode|Win32.ActiveCfg = Release Unicode|Win32
		{A80883CE-CE9F-4F69-9F2F-D8EA3441A952}.Release Unicode|Win32.Build.0 = Release Unicode|Win32
		{A80883CE-CE9F-4F69-9F2F-D8EA3441A952}.Release|Win32.ActiveCfg = Release|Win32
		{A80883CE-CE9F-4F69-9F2F-D8EA3441A952}.Release|Win32.Build.0 = Release|Win32
		{34F34E04-567B-4F08-9D7D-6F7D3ABB2580}.Debug DLL|Win32.ActiveCfg = Debug|Win32
		{34F34E04-567B-4F08-9D7D-6F7D3ABB2580}.Debug Unicode DLL|Win32.ActiveCfg = Debug|Win32
		{34F34E04-567B-4F08-9D7D-6F7D3ABB2580}.Debug Unicode DLL|Win32.Build.0 = Debug|Win32
		{34F34E04-567B-4F08-9D7D-6F7D3ABB2580}.Debug Unicode|Win32.ActiveCfg = Debug|Win32
		{34F34E04-567B-4F08-9D7D-6F7D3ABB2580}.Debug Unicode|Win32.Build.0 = Debug|Win32
		{34F34E04-567B-4F08-9D7D-6F7D3ABB2580}.Debug|Win32.ActiveCfg = Debug|Win32
		{34F34E04-567B-4F08-9D7D-6F7D3ABB2580}.Release DLL|Win32.ActiveCfg = Release Unicode|Win32
		{34F34E04-567B-4F08-9D7D-6F7D3ABB2580}.Release DLL|Win32.Build.0 = Release Unicode|Win32
		{34F34E04-567B-4F08-9D7D-6F7D3ABB2580}.Release Unicode DLL|Win32.ActiveCfg = Release Unicode|Win32
		{34F34E04-567B-4F08-9D7D-6F7D3ABB2580}.Release Unicode DLL|Win32.Build.0 = Release Unicode|Win32
		{34F34E04-567B-4F08-9D7D-6F7D3ABB2580}.Release Unicode|Win32.ActiveCfg = Release Unicode|Win32
		{34F34E04-567B-4F08-9D7D-6F7D3ABB2580}.Release Unicode|Win32.Build.0 = Release Unicode|Win32
		{34F34E04-567B-4F08-9D7D-6F7D3ABB2580}.Release|Win32.ActiveCfg = Release|Win32
		{5A27FBA8-1BA7-4713-B51A-172FD3B7D066}.Debug DLL|Win32.ActiveCfg = Debug DLL|Win32
		{5A27FBA8-1BA7-4713-B51A-172FD3B7D066}.Debug Unicode DLL|Win32.ActiveCfg = Debug DLL|Win32
		{5A27FBA8-1BA7-4713-B51A-172FD3B7D066}.Debug Unicode DLL|Win32.Build.0 = Debug DLL|Win32
		{5A27FBA8-1BA7-4713-B51A-172FD3B7D066}.Debug Unicode|Win32.ActiveCfg = Debug DLL|Win32
		{5A27FBA8-1BA7-4713-B51A-172FD3B7D066}.Debug Unicode|Win32.Build.0 = Debug DLL|Win32
		{5A27FBA8-1BA7-4713-B51A-172FD3B7D066}.Debug|Win32.ActiveCfg = Debug|Win32
		{5A27FBA8-1BA7-4713-B51A-172FD3B7D066}.Release DLL|Win32.ActiveCfg = Release DLL|Win32
		{5A27FBA8-1BA7-4713-B51A-172FD3B7D066}.Release DLL|Win32.Build.0 = Release DLL|Win32
		{5A27FBA8-1BA7-4713-B51A-172FD3B7D066}.Release Unicode DLL|Win32.ActiveCfg = Release Unicode|Win32
		{5A27FBA8-1BA7-4713-B51A-172FD3B7D066}.Release Unicode DLL|Win32.Build.0 = Release Unicode|Win32
		{5A27FBA8-1BA7-4713-B51A-172FD3B7D066}.Release Unicode|Win32.ActiveCfg = Release Unicode|Win32
		{5A27FBA8-1BA7-4713-B51A-172FD3B7D066}.Release Unicode|Win32.Build.0 = Release Unicode|Win32
		{5A27FBA8-1BA7-4713-B51A-172FD3B7D066}.Release|Win32.ActiveCfg = Release|Win32
		{32A21F8B-5C1A-A0A4-75CD-B398CCABC678}.Debug DLL|Win32.ActiveCfg = Debug DLL|Win32
		{32A21F8B-5C1A-A0A4-75CD-B398CCABC678}.Debug DLL|Win32.Build.0 = Debug DLL|Win32
		{32A21F8B-5C1A-A0A4-75CD-B398CCABC678}.Debug Unicode DLL|Win32.ActiveCfg = Debug Unicode DLL|Win32
		{32A21F8B-5C1A-A0A4-75CD-B398CCABC678}.Debug Unicode DLL|Win32.Build.0 = Debug Unicode DLL|Win32
		{32A21F8B-5C1A-A0A4-75CD-B398CCABC678}.Debug Unicode|Win32.ActiveCfg = Debug Unicode|Win32
		{32A21F8B-5C1A-A0A4-75CD-B398CCABC678}.Debug Unicode|Win32.Build.0 = Debug Unicode|Win32
		{32A21F8B-5C1A-A0A4-75CD-B398CCABC678}.Debug|Win32.ActiveCfg = Debug|Win32
		{32A21F8B-5C1A-A0A4-75CD-B398CCABC678}.Debug|Win32.Build.0 = Debug|Win32
		{32A21F8B-5C1A-A0A4-75CD-B398CCABC678}.Release DLL|Win32.ActiveCfg = Release DLL|Win32
		{32A21F8B-5C1A-A0A4-75CD-B398CCABC678}.Release DLL|Win32.Build.0 = Release DLL|Win32
		{32A21F8B-5C1A-A0A4-75CD-B398CCABC678}.Release Unicode DLL|Win32.ActiveCfg = Release Unicode DLL|Win32
		{32A21F8B-5C1A-A0A4-75CD-B398CCABC678}.Release Unicode DLL|Win32.Build.0 = Release Unicode DLL|Win32
		{32A21F8B-5C1A-A0A4-75CD-B398CCABC678}.Release Unicode|Win32.ActiveCfg = Release Unicode|Win32
		{32A21F8B-5C1A-A0A4-75CD-B398CCABC678}.Release Unicode|Win32.Build.0 = Release Unicode|Win32
		{32A21F8B-5C1A-A0A4-75CD-B398CCABC678}.Release|Win32.ActiveCfg = Release|Win32
		{32A21F8B-5C1A-A0A4-75CD-B398CCABC678}.Release|Win32.Build.0 = Release|Win32
		{2618751C-6726-4A85-ABD9-8276394DA5EB}.Debug DLL|Win32.ActiveCfg = Debug|Win32
		{2618751C-6726-4A85-ABD9-8276394DA5EB}.Debug DLL|Win32.Build.0 = Debug|Win32
		{2618751C-6726-4A85-ABD9-8276394DA5EB}.Debug Unicode DLL|Win32.ActiveCfg = Debug|Win32
		{2618751C-6726-4A85-ABD9-8276394DA5EB}.Debug Unicode DLL|Win32.Build.0 = Debug|Win32
		{2618751C-6726-4A85-ABD9-8276394DA5EB}.Debug Unicode|Win32.ActiveCfg = Debug|Win32
		{2618751C-6726-4A85-ABD9-8276394DA5EB}.Debug Unicode|Win32.Build.0 = Debug|Win32
		{2618751C-6726-4A85-ABD9-8276394DA5EB}.Debug|Win32.ActiveCfg = Debug|Win32
		{2618751C-6726-4A85-ABD9-8276394DA5EB}.Debug|Win32.Build.0 = Debug|Win32
		{2618751C-6726-4A85-ABD9-8276394DA5EB}.Release DLL|Win32.ActiveCfg = Release Unicode|Win32
		{2618751C-6726-4A85-ABD9-8276394DA5EB}.Release DLL|Win32.Build.0 = Release Unicode|Win32
		{2618751C-6726-4A85-ABD9-8276394DA5EB}.Release Unicode DLL|Win32.ActiveCfg = Release Unicode|Win32
		{2618751C-6726-4A85-ABD9-8276394DA5EB}.Release Unicode DLL|Win32.Build.0 = Release Unicode|Win32
		{2618751C-6726-4A85-ABD9-8276394DA5EB}.Release Unicode|Win32.ActiveCfg = Release Unicode|Win32
		{2618751C-6726-4A85-ABD9-8276394DA5EB}.Release Unicode|Win32.Build.0 = Release Unicode|Win32
		{2618751C-6726-4A85-ABD9-8276394DA5EB}.Release|Win32.ActiveCfg = Release|Win32
		{2618751C-6726-4A85-ABD9-8276394DA5EB}.Release|Win32.Build.0 = Release|Win32
		{B004B90E-C0CD-4177-A581-4F6E66CAB2AF}.Debug DLL|Win32.ActiveCfg = Debug|Win32
		{B004B90E-C0CD-4177-A581-4F6E66CAB2AF}.Debug DLL|Win32.Build.0 = Debug|Win32
		{B004B90E-C0CD-4177-A581-4F6E66CAB2AF}.Debug Unicode DLL|Win32.ActiveCfg = Debug|Win32
		{B004B90E-C0CD-4177-A581-4F6E66CAB2AF}.Debug Unicode DLL|Win32.Build.0 = Debug|Win32
		{B004B90E-C0CD-4177-A581-4F6E66CAB2AF}.Debug Unicode|Win32.ActiveCfg = Debug|Win32
		{B004B90E-C0CD-4177-A581-4F6E66CAB2AF}.Debug Unicode|Win32.Build.0 = Debug|Win32
		{B004B90E-C0CD-4177-A581-4F6E66CAB2AF}.Debug|Win32.ActiveCfg = Debug|Win32
		{B004B90E-C0CD-4177-A581-4F6E66CAB2AF}.Debug|Win32.Build.0 = Debug|Win32
		{B004B90E-C0CD-4177-A581-4F6E66CAB2AF}.Release DLL|Win32.ActiveCfg = Release Unicode|Win32
		{B004B90E-C0CD-4177-A581-4F6E66CAB2AF}.Release DLL|Win32.Build.0 = Release Unicode|Win32
		{B004B90E-C0CD-4177-A581-4F6E66CAB2AF}.Release Unicode DLL|Win32.ActiveCfg = Release Unicode|Win32
		{B004B90E-C0CD-4177-A581-4F6E66CAB2AF}.Release Unicode DLL|Win32.Build.0 = Release Unicode|Win32
		{B004B90E-C0CD-4177-A581-4F6E66CAB2AF}.Release Unicode|Win32.ActiveCfg = Release Unicode|Win32
		{B004B90E-C0CD-4177-A581-4F6E66CAB2AF}.Release Unicode|Win32.Build.0 = Release Unicode|Win32
		{B004B90E-C0CD-4177-A581-4F6E66CAB2AF}.Release|Win32.ActiveCfg = Release|Win32
		{B004B90E-C0CD-4177-A581-4F6E66CAB2AF}.Release|Win32.Build.0 = Release|Win32
		{094BB583-6A97-4407-BE9C-E5AE816D4AA2}.Debug DLL|Win32.ActiveCfg = Debug DLL|Win32
		{094BB583-6A97-4407-BE9C-E5AE816D4AA2}.Debug DLL|Win32.Build.0 = Debug DLL|Win32
		{094BB583-6A97-4407-BE9C-E5AE816D4AA2}.Debug Unicode DLL|Win32.ActiveCfg = Debug DLL|Win32
		{094BB583-6A97-4407-BE9C-E5AE816D4AA2}.Debug Unicode DLL|Win32.Build.0 = Debug DLL|Win32
		{094BB583-6A97-4407-BE9C-E5AE816D4AA2}.Debug Unicode|Win32.ActiveCfg = Debug Unicode|Win32
		{094BB583-6A97-4407-BE9C-E5AE816D4AA2}.Debug Unicode|Win32.Build.0 = Debug Unicode|Win32
		{094BB583-6A97-4407-BE9C-E5AE816D4AA2}.Debug|Win32.ActiveCfg = Debug Unicode|Win32
		{094BB583-6A97-4407-BE9C-E5AE816D4AA2}.Debug|Win32.Build.0 = Debug Unicode|Win32
		{094BB583-6A97-4407-BE9C-E5AE816D4AA2}.Release DLL|Win32.ActiveCfg = Release DLL|Win32
		{094BB583-6A97-4407-BE9C-E5AE816D4AA2}.Release DLL|Win32.Build.0 = Release DLL|Win32
		{094BB583-6A97-4407-BE9C-E5AE816D4AA2}.Release Unicode DLL|Win32.ActiveCfg = Release Unicode|Win32
		{094BB583-6A97-4407-BE9C-E5AE816D4AA2}.Release Unicode DLL|Win32.Build.0 = Release Unicode|Win32
		{094BB583-6A97-4407-BE9C-E5AE816D4AA2}.Release Unicode|Win32.ActiveCfg = Release Unicode|Win32
		{094BB583-6A97-4407-BE9C-E5AE816D4AA2}.Release Unicode|Win32.Build.0 = Release Unicode|Win32
		{094BB583-6A97-4407-BE9C-E5AE816D4AA2}.Release|Win32.ActiveCfg = Release|Win32
		{094BB583-6A97-4407-BE9C-E5AE816D4AA2}.Release|Win32.Build.0 = Release|Win32
		{1134F57D-06DC-F122-32B2-A77171664580}.Debug DLL|Win32.ActiveCfg = Debug DLL|Win32
		{1134F57D-06DC-F122-32B2-A77171664580}.Debug DLL|Win32.Build.0 = Debug DLL|Win32
		{1134F57D-06DC-F122-32B2-A77171664580}.Debug Unicode DLL|Win32.ActiveCfg = Debug Unicode DLL|Win32
		{1134F57D-06DC-F122-32B2-A77171664580}.Debug Unicode DLL|Win32.Build.0 = Debug Unicode DLL|Win32
		{1134F57D-06DC-F122-32B2-A77171664580}.Debug Unicode|Win32.ActiveCfg = Debug Unicode|Win32
		{1134F57D-06DC-F122-32B2-A77171664580}.Debug Unicode|Win32.Build.0 = Debug Unicode|Win32
		{1134F57D-06DC-F122-32B2-A77171664580}.Debug|Win32.ActiveCfg = Debug|Win32
		{1134F57D-06DC-F122-32B2-A77171664580}.Debug|Win32.Build.0 = Debug|Win32
		{1134F57D-06DC-F122-32B2-A77171664580}.Release DLL|Win32.ActiveCfg = Release DLL|Win32
		{1134F57D-06DC-F122-32B2-A77171664580}.Release DLL|Win32.Build.0 = Release DLL|Win32
		{1134F57D-06DC-F122-32B2-A77171664580}.Release Unicode DLL|Win32.ActiveCfg = Release Unicode DLL|Win32
		{1134F57D-06DC-F122-32B2-A77171664580}.Release Unicode DLL|Win32.Build.0 = Release Unicode DLL|Win32
		{1134F57D-06DC-F122-32B2-A77171664580}.Release Unicode|Win32.ActiveCfg = Release Unicode DLL|Win32
		{1134F57D-06DC-F122-32B2-A77171664580}.Release Unicode|Win32.Build.0 = Release Unicode DLL|Win32
		{1134F57D-06DC-F122-32B2-A77171664580}.Release|Win32.ActiveCfg = Release|Win32
		{1134F57D-06DC-F122-32B2-A77171664580}.Release|Win32.Build.0 = Release|Win32
		{D19A0860-23ED-F693-E4D4-07DA258FB8C0}.Debug DLL|Win32.ActiveCfg = Debug DLL|Win32
		{D19A0860-23ED-F693-E4D4-07DA258FB8C0}.Debug DLL|Win32.Build.0 = Debug DLL|Win32
		{D19A0860-23ED-F693-E4D4-07DA258FB8C0}.Debug Unicode DLL|Win32.ActiveCfg = Debug Unicode|Win32
		{D19A0860-23ED-F693-E4D4-07DA258FB8C0}.Debug Unicode DLL|Win32.Build.0 = Debug Unicode|Win32
		{D19A0860-23ED-F693-E4D4-07DA258FB8C0}.Debug Unicode|Win32.ActiveCfg = Debug Unicode|Win32
		{D19A0860-23ED-F693-E4D4-07DA258FB8C0}.Debug Unicode|Win32.Build.0 = Debug Unicode|Win32
		{D19A0860-23ED-F693-E4D4-07DA258FB8C0}.Debug|Win32.ActiveCfg = Debug|Win32
		{D19A0860-23ED-F693-E4D4-07DA258FB8C0}.Debug|Win32.Build.0 = Debug|Win32
		{D19A0860-23ED-F693-E4D4-07DA258FB8C0}.Release DLL|Win32.ActiveCfg = Release DLL|Win32
		{D19A0860-23ED-F693-E4D4-07DA258FB8C0}.Release DLL|Win32.Build.0 = Release DLL|Win32
		{D19A0860-23ED-F693-E4D4-07DA258FB8C0}.Release Unicode DLL|Win32.ActiveCfg = Release Unicode|Win32
		{D19A0860-23ED-F693-E4D4-07DA258FB8C0}.Release Unicode DLL|Win32.Build.0 = Release Unicode|Win32
		{D19A0860-23ED-F693-E4D4-07DA258FB8C0}.Release Unicode|Win32.ActiveCfg = Release Unicode|Win32
		{D19A0860-23ED-F693-E4D4-07DA258FB8C0}.Release Unicode|Win32.Build.0 = Release Unicode|Win32
		{D19A0860-23ED-F693-E4D4-07DA258FB8C0}.Release|Win32.ActiveCfg = Release|Win32
		{D19A0860-23ED-F693-E4D4-07DA258FB8C0}.Release|Win32.Build.0 = Release|Win32
		{B2275DC0-8327-A8D4-9E03-B2E1CB43E5F2}.Debug DLL|Win32.ActiveCfg = Debug|Win32
		{B2275DC0-8327-A8D4-9E03-B2E1CB43E5F2}.Debug DLL|Win32.Build.0 = Debug|Win32
		{B2275DC0-8327-A8D4-9E03-B2E1CB43E5F2}.Debug Unicode DLL|Win32.ActiveCfg = Debug|Win32
		{B2275DC0-8327-A8D4-9E03-B2E1CB43E5F2}.Debug Unicode DLL|Win32.Build.0 = Debug|Win32
		{B2275DC0-8327-A8D4-9E03-B2E1CB43E5F2}.Debug Unicode|Win32.ActiveCfg = Debug|Win32
		{B2275DC0-8327-A8D4-9E03-B2E1CB43E5F2}.Debug Unicode|Win32.Build.0 = Debug|Win32
		{B2275DC0-8327-A8D4-9E03-B2E1CB43E5F2}.Debug|Win32.ActiveCfg = Debug|Win32
		{B2275DC0-8327-A8D4-9E03-B2E1CB43E5F2}.Debug|Win32.Build.0 = Debug|Win32
		{B2275DC0-8327-A8D4-9E03-B2E1CB43E5F2}.Release DLL|Win32.ActiveCfg = Release Unicode|Win32
		{B2275DC0-8327-A8D4-9E03-B2E1CB43E5F2}.Release DLL|Win32.Build.0 = Release Unicode|Win32
		{B2275DC0-8327-A8D4-9E03-B2E1CB43E5F2}.Release Unicode DLL|Win32.ActiveCfg = Release Unicode|Win32
		{B2275DC0-8327-A8D4-9E03-B2E1CB43E5F2}.Release Unicode DLL|Win32.Build.0 = Release Unicode|Win32
		{B2275DC0-8327-A8D4-9E03-B2E1CB43E5F2}.Release Unicode|Win32.ActiveCfg = Release Unicode|Win32
		{B2275DC0-8327-A8D4-9E03-B2E1CB43E5F2}.Release Unicode|Win32.Build.0 = Release Unicode|Win32
		{B2275DC0-8327-A8D4-9E03-B2E1CB43E5F2}.Release|Win32.ActiveCfg = Release|Win32
		{B2275DC0-8327-A8D4-9E03-B2E1CB43E5F2}.Release|Win32.Build.0 = Release|Win32
		{DEF84FF7-4930-46FE-BCB4-1241E492D684}.Debug DLL|Win32.ActiveCfg = Debug|Win32
		{DEF84FF7-4930-46FE-BCB4-1241E492D684}.Debug DLL|Win32.Build.0 = Debug|Win32
		{DEF84FF7-4930-46FE-BCB4-1241E492D684}.Debug Unicode DLL|Win32.ActiveCfg = Debug|Win32
		{DEF84FF7-4930-46FE-BCB4-1241E492D684}.Debug Unicode DLL|Win32.Build.0 = Debug|Win32
		{DEF84FF7-4930-46FE-BCB4-1241E492D684}.Debug Unicode|Win32.ActiveCfg = Debug|Win32
		{DEF84FF7-4930-46FE-BCB4-1241E492D684}.Debug Unicode|Win32.Build.0 = Debug|Win32
		{DEF84FF7-4930-46FE-BCB4-1241E492D684}.Debug|Win32.ActiveCfg = Debug|Win32
		{DEF84FF7-4930-46FE-BCB4-1241E492D684}.Debug|Win32.Build.0 = Debug|Win32
		{DEF84FF7-4930-46FE-BCB4-1241E492D684}.Release DLL|Win32.ActiveCfg = Release Unicode|Win32
		{DEF84FF7-4930-46FE-BCB4-1241E492D684}.Release DLL|Win32.Build.0 = Release Unicode|Win32
		{DEF84FF7-4930-46FE-BCB4-1241E492D684}.Release Unicode DLL|Win32.ActiveCfg = Release Unicode|Win32
		{DEF84FF7-4930-46FE-BCB4-1241E492D684}.Release Unicode DLL|Win32.Build.0 = Release Unicode|Win32
		{DEF84FF7-4930-46FE-BCB4-1241E492D684}.Release Unicode|Win32.ActiveCfg = Release Unicode|Win32
		{DEF84FF7-4930-46FE-BCB4-1241E492D684}.Release Unicode|Win32.Build.0 = Release Unicode|Win32
		{DEF84FF7-4930-46FE-BCB4-1241E492D684}.Release|Win32.ActiveCfg = Release|Win32
		{DEF84FF7-4930-46FE-BCB4-1241E492D684}.Release|Win32.Build.0 = Release|Win32
		{5BB6E4AE-010B-4C65-9286-7FE6ACCD3F9E}.Debug DLL|Win32.ActiveCfg = Debug|Win32
		{5BB6E4AE-010B-4C65-9286-7FE6ACCD3F9E}.Debug DLL|Win32.Build.0 = Debug|Win32
		{5BB6E4AE-010B-4C65-9286-7FE6ACCD3F9E}.Debug Unicode DLL|Win32.ActiveCfg = Debug|Win32
		{5BB6E4AE-010B-4C65-9286-7FE6ACCD3F9E}.Debug Unicode DLL|Win32.Build.0 = Debug|Win32
		{5BB6E4AE-010B-4C65-9286-7FE6ACCD3F9E}.Debug Unicode|Win32.ActiveCfg = Debug|Win32
		{5BB6E4AE-010B-4C65-9286-7FE6ACCD3F9E}.Debug Unicode|Win32.Build.0 = Debug|Win32
		{5BB6E4AE-010B-4C65-9286-7FE6ACCD3F9E}.Debug|Win32.ActiveCfg = Debug|Win32
		{5BB6E4AE-010B-4C65-9286-7FE6ACCD3F9E}.Debug|Win32.Build.0 = Debug|Win32
		{5BB6E4AE-010B-4C65-9286-7FE6ACCD3F9E}.Release DLL|Win32.ActiveCfg = Release Unicode|Win32
		{5BB6E4AE-010B-4C65-9286-7FE6ACCD3F9E}.Release DLL|Win32.Build.0 = Release Unicode|Win32
		{5BB6E4AE-010B-4C65-9286-7FE6ACCD3F9E}.Release Unicode DLL|Win32.ActiveCfg = Release Unicode|Win32
		{5BB6E4AE-010B-4C65-9286-7FE6ACCD3F9E}.Release Unicode DLL|Win32.Build.0 = Release Unicode|Win32
		{5BB6E4AE-010B-4C65-9286-7FE6ACCD3F9E}.Release Unicode|Win32.ActiveCfg = Release Unicode|Win32
		{5BB6E4AE-010B-4C65-9286-7FE6ACCD3F9E}.Release Unicode|Win32.Build.0 = Release Unicode|Win32
		{5BB6E4AE-010B-4C65-9286-7FE6ACCD3F9E}.Release|Win32.ActiveCfg = Release|Win32
		{5BB6E4AE-010B-4C65-9286-7FE6ACCD3F9E}.Release|Win32.Build.0 = Release|Win32
		{FAE29035-75E4-4F76-BF2D-B3537B0BF9CC}.Debug DLL|Win32.ActiveCfg = Debug|Win32
		{FAE29035-75E4-4F76-BF2D-B3537B0BF9CC}.Debug DLL|Win32.Build.0 = Debug|Win32
		{FAE29035-75E4-4F76-BF2D-B3537B0BF9CC}.Debug Unicode DLL|Win32.ActiveCfg = Debug|Win32
		{FAE29035-75E4-4F76-BF2D-B3537B0BF9CC}.Debug Unicode DLL|Win32.Build.0 = Debug|Win32
		{FAE29035-75E4-4F76-BF2D-B3537B0BF9CC}.Debug Unicode|Win32.ActiveCfg = Debug|Win32
		{FAE29035-75E4-4F76-BF2D-B3537B0BF9CC}.Debug Unicode|Win32.Build.0 = Debug|Win32
		{FAE29035-75E4-4F76-BF2D-B3537B0BF9CC}.Debug|Win32.ActiveCfg = Debug|Win32
		{FAE29035-75E4-4F76-BF2D-B3537B0BF9CC}.Debug|Win32.Build.0 = Debug|Win32
		{FAE29035-75E4-4F76-BF2D-B3537B0BF9CC}.Release DLL|Win32.ActiveCfg = Debug|Win32
		{FAE29035-75E4-4F76-BF2D-B3537B0BF9CC}.Release DLL|Win32.Build.0 = Debug|Win32
		{FAE29035-75E4-4F76-BF2D-B3537B0BF9CC}.Release Unicode DLL|Win32.ActiveCfg = Debug|Win32
		{FAE29035-75E4-4F76-BF2D-B3537B0BF9CC}.Release Unicode DLL|Win32.Build.0 = Debug|Win32
		{FAE29035-75E4-4F76-BF2D-B3537B0BF9CC}.Release Unicode|Win32.ActiveCfg = Debug|Win32
		{FAE29035-75E4-4F76-BF2D-B3537B0BF9CC}.Release Unicode|Win32.Build.0 = Debug|Win32
		{FAE29035-75E4-4F76-BF2D-B3537B0BF9CC}.Release|Win32.ActiveCfg = Release|Win32
		{FAE29035-75E4-4F76-BF2D-B3537B0BF9CC}.Release|Win32.Build.0 = Release|Win32
	EndGlobalSection
	GlobalSection(SolutionProperties) = preSolution
		HideSolutionNode = FALSE
	EndGlobalSection
EndGlobal
